// !$*UTF8*$!
{
	archiveVersion = 1;
	classes = {
	};
	objectVersion = 46;
	objects = {
/* Begin PBXBuildFile section */
		00E356F31AD99517003FC87E /* JAYUTests.m in Sources */ = {isa = PBXBuildFile; fileRef = 00E356F21AD99517003FC87E /* JAYUTests.m */; };
		0CEBCA7C4132F7A242D0ECDB /* libPods-JAYUTests.a in Frameworks */ = {isa = PBXBuildFile; fileRef = 8DF50E52BC544C402F048DB9 /* libPods-JAYUTests.a */; };
		13B07FBC1A68108700A75B9A /* AppDelegate.m in Sources */ = {isa = PBXBuildFile; fileRef = 13B07FB01A68108700A75B9A /* AppDelegate.m */; };
		13B07FBD1A68108700A75B9A /* LaunchScreen.xib in Resources */ = {isa = PBXBuildFile; fileRef = 13B07FB11A68108700A75B9A /* LaunchScreen.xib */; };
		13B07FBF1A68108700A75B9A /* Images.xcassets in Resources */ = {isa = PBXBuildFile; fileRef = 13B07FB51A68108700A75B9A /* Images.xcassets */; };
		13B07FC11A68108700A75B9A /* main.m in Sources */ = {isa = PBXBuildFile; fileRef = 13B07FB71A68108700A75B9A /* main.m */; };
		2D02E4BC1E0B4A80006451C7 /* AppDelegate.m in Sources */ = {isa = PBXBuildFile; fileRef = 13B07FB01A68108700A75B9A /* AppDelegate.m */; };
		2D02E4BD1E0B4A84006451C7 /* Images.xcassets in Resources */ = {isa = PBXBuildFile; fileRef = 13B07FB51A68108700A75B9A /* Images.xcassets */; };
		2D02E4BF1E0B4AB3006451C7 /* main.m in Sources */ = {isa = PBXBuildFile; fileRef = 13B07FB71A68108700A75B9A /* main.m */; };
		2DBB064AC10B821CB655CAEB /* libPods-JAYU-tvOSTests.a in Frameworks */ = {isa = PBXBuildFile; fileRef = C3CE1809C0942E24C9FED49D /* libPods-JAYU-tvOSTests.a */; };
		2DCD954D1E0B4F2C00145EB5 /* JAYUTests.m in Sources */ = {isa = PBXBuildFile; fileRef = 00E356F21AD99517003FC87E /* JAYUTests.m */; };
		33A4B1B074AB55AE2AE0B988 /* libPods-JAYU-tvOS.a in Frameworks */ = {isa = PBXBuildFile; fileRef = 89BAEE533F27F534698C71D8 /* libPods-JAYU-tvOS.a */; };
		F90F50A0158D7C34AD16945E /* libPods-JAYU.a in Frameworks */ = {isa = PBXBuildFile; fileRef = AE958E1A826755EA5F54ECE6 /* libPods-JAYU.a */; };
		652ED1D236E24284BAF9D34A /* SF-Pro-Display-Semibold.otf in Resources */ = {isa = PBXBuildFile; fileRef = BA199040D20046DEA38F7DAF /* SF-Pro-Display-Semibold.otf */; };
		9F38BE198E684DCB9F46E2A2 /* SF-Compact-Rounded-Regular.otf in Resources */ = {isa = PBXBuildFile; fileRef = D7454A05CCB04C749D642176 /* SF-Compact-Rounded-Regular.otf */; };
		30397BC2F0BC41C6B5F41B43 /* SF-Pro-Text-Regular.otf in Resources */ = {isa = PBXBuildFile; fileRef = DA250F43660D4B1C80633AB0 /* SF-Pro-Text-Regular.otf */; };
		309F3D35D0EE4CC6B4D48373 /* SF-Compact-Display-Black.otf in Resources */ = {isa = PBXBuildFile; fileRef = 753178E04DB24C1FB4E7D7D0 /* SF-Compact-Display-Black.otf */; };
		1F1200F254784833827F599B /* SF-Compact-Display-Bold.otf in Resources */ = {isa = PBXBuildFile; fileRef = E82D0916460D4AAE802F43E3 /* SF-Compact-Display-Bold.otf */; };
		08D5ACF7F4CD48B7870839CC /* SF-Compact-Display-Heavy.otf in Resources */ = {isa = PBXBuildFile; fileRef = 987938EF4ECF47AD891F6E1A /* SF-Compact-Display-Heavy.otf */; };
		F7CD7E15DB3B423D9FB99F17 /* SF-Compact-Display-Light.otf in Resources */ = {isa = PBXBuildFile; fileRef = E11C951FF02F4D518D87F5C7 /* SF-Compact-Display-Light.otf */; };
		394BE370B924492FAFD839E6 /* SF-Compact-Display-Medium.otf in Resources */ = {isa = PBXBuildFile; fileRef = 5BB6C1F8361D4E92B18AC21C /* SF-Compact-Display-Medium.otf */; };
		B2A9360EAFDF4140A9E7490E /* SF-Compact-Display-Regular.otf in Resources */ = {isa = PBXBuildFile; fileRef = 1222863FE7C24113961438DF /* SF-Compact-Display-Regular.otf */; };
		84DF621129094650AA4168AD /* SF-Compact-Display-Semibold.otf in Resources */ = {isa = PBXBuildFile; fileRef = BA8873C1F59142E79F4D63DA /* SF-Compact-Display-Semibold.otf */; };
		74423D0F69194BF98885CCFE /* SF-Compact-Display-Thin.otf in Resources */ = {isa = PBXBuildFile; fileRef = 02416DB10D934450B324338E /* SF-Compact-Display-Thin.otf */; };
		B135733F14BC449E8BE50F49 /* SF-Compact-Display-Ultralight.otf in Resources */ = {isa = PBXBuildFile; fileRef = 7CCCA86C3CD44BCA88D7A3FC /* SF-Compact-Display-Ultralight.otf */; };
		118000EA343A4891A5B2D970 /* SF-Compact-Rounded-Black.otf in Resources */ = {isa = PBXBuildFile; fileRef = A22533792FD54E27BDD4BC6C /* SF-Compact-Rounded-Black.otf */; };
		EC093F5DCCBC4A47A6605024 /* SF-Compact-Rounded-Bold.otf in Resources */ = {isa = PBXBuildFile; fileRef = 69FB6D95F5684CFDBBDF66B3 /* SF-Compact-Rounded-Bold.otf */; };
		4FB0F60D5D6141A19D7D2847 /* SF-Compact-Rounded-Heavy.otf in Resources */ = {isa = PBXBuildFile; fileRef = ABEC43C02E4841F9ABA25059 /* SF-Compact-Rounded-Heavy.otf */; };
		EF9C979F3B4646279DC25FF3 /* SF-Compact-Rounded-Light.otf in Resources */ = {isa = PBXBuildFile; fileRef = 451D99F512E04B23B94A8EB3 /* SF-Compact-Rounded-Light.otf */; };
		1E5E6FF54B904411A54EDAB3 /* SF-Compact-Rounded-Medium.otf in Resources */ = {isa = PBXBuildFile; fileRef = 1024C1F6826441279C3B3CF3 /* SF-Compact-Rounded-Medium.otf */; };
		6006BDB041154CA58D7C32BB /* SF-Compact-Rounded-Semibold.otf in Resources */ = {isa = PBXBuildFile; fileRef = E4CE88BE86EF41A7845ACA30 /* SF-Compact-Rounded-Semibold.otf */; };
		DED1DB623155461C96BC7C59 /* SF-Compact-Rounded-Thin.otf in Resources */ = {isa = PBXBuildFile; fileRef = FC1F939A2DC7467194F5905E /* SF-Compact-Rounded-Thin.otf */; };
		0A35EEF3BB104DD4A1A3ACF3 /* SF-Compact-Rounded-Ultralight.otf in Resources */ = {isa = PBXBuildFile; fileRef = 727C061F061B417191BAAE71 /* SF-Compact-Rounded-Ultralight.otf */; };
		B23239DDCAA340CEB2E3D089 /* SF-Compact-Text-Black.otf in Resources */ = {isa = PBXBuildFile; fileRef = A01F9627B91F477EA637B20A /* SF-Compact-Text-Black.otf */; };
		2A0CDBABC8A349F5A16C6F47 /* SF-Compact-Text-BlackItalic.otf in Resources */ = {isa = PBXBuildFile; fileRef = F61EC439245448088A972C61 /* SF-Compact-Text-BlackItalic.otf */; };
		EE87579DA92844E481014124 /* SF-Compact-Text-Bold.otf in Resources */ = {isa = PBXBuildFile; fileRef = 64E0C04C797B4FCDB96ADEF9 /* SF-Compact-Text-Bold.otf */; };
		E6B005FEF39E4A2A99477B8E /* SF-Compact-Text-BoldItalic.otf in Resources */ = {isa = PBXBuildFile; fileRef = 401FDEB295524C52ADE28B4E /* SF-Compact-Text-BoldItalic.otf */; };
		01794ECE7E404803AECE185B /* SF-Compact-Text-Heavy.otf in Resources */ = {isa = PBXBuildFile; fileRef = E63D0ABC9B6045C1AEA807D2 /* SF-Compact-Text-Heavy.otf */; };
		13D692EED56148A59FB6304E /* SF-Compact-Text-HeavyItalic.otf in Resources */ = {isa = PBXBuildFile; fileRef = 6581B1CFBABF4E128ED02558 /* SF-Compact-Text-HeavyItalic.otf */; };
		396A097303AB47AA8864C3F2 /* SF-Compact-Text-Light.otf in Resources */ = {isa = PBXBuildFile; fileRef = 69DF7553E8004BC499DD01B7 /* SF-Compact-Text-Light.otf */; };
		7E3D1E382AA346B8B47D3EB2 /* SF-Compact-Text-LightItalic.otf in Resources */ = {isa = PBXBuildFile; fileRef = C937ACFAC70E4790A0D73D51 /* SF-Compact-Text-LightItalic.otf */; };
		06B393D4A2414567A1E16466 /* SF-Compact-Text-Medium.otf in Resources */ = {isa = PBXBuildFile; fileRef = 16A68E6EBF9A4DAA8AC1F887 /* SF-Compact-Text-Medium.otf */; };
		577D931B12AA498CA7B8E401 /* SF-Compact-Text-MediumItalic.otf in Resources */ = {isa = PBXBuildFile; fileRef = 67FBA4A20AE44199B489F77F /* SF-Compact-Text-MediumItalic.otf */; };
		0C320F1555D940C28BAD643D /* SF-Compact-Text-Regular.otf in Resources */ = {isa = PBXBuildFile; fileRef = 2A17B352504F47EDB0E06480 /* SF-Compact-Text-Regular.otf */; };
		44AC01654F11499BBEBD963B /* SF-Compact-Text-RegularItalic.otf in Resources */ = {isa = PBXBuildFile; fileRef = 21C1123F7E1E4D59A9D19710 /* SF-Compact-Text-RegularItalic.otf */; };
		CF3FEDE345E84550A7C01FFA /* SF-Compact-Text-Semibold.otf in Resources */ = {isa = PBXBuildFile; fileRef = 2D155F47124A444BA47897BB /* SF-Compact-Text-Semibold.otf */; };
		36CB9CDB8F984EA1877CC509 /* SF-Compact-Text-SemiboldItalic.otf in Resources */ = {isa = PBXBuildFile; fileRef = BBE912D7233B4022B563EBE5 /* SF-Compact-Text-SemiboldItalic.otf */; };
		211F887B44D243239AE50F5B /* SF-Compact-Text-Thin.otf in Resources */ = {isa = PBXBuildFile; fileRef = BD7D30FF684948EC85CC1A96 /* SF-Compact-Text-Thin.otf */; };
		33ECCB1B7E434180AC50E7F1 /* SF-Compact-Text-ThinItalic.otf in Resources */ = {isa = PBXBuildFile; fileRef = 7EB11D75F96C442FB422478B /* SF-Compact-Text-ThinItalic.otf */; };
		838F53EE0F48489AA34AFD15 /* SF-Compact-Text-Ultralight.otf in Resources */ = {isa = PBXBuildFile; fileRef = 0C0E971E500743498C7B9B04 /* SF-Compact-Text-Ultralight.otf */; };
		83F74B9316544326A717E7F8 /* SF-Compact-Text-UltralightItalic.otf in Resources */ = {isa = PBXBuildFile; fileRef = 591F17EB425743F8997B61D4 /* SF-Compact-Text-UltralightItalic.otf */; };
		EE1D4F75696C4DF0A34ECDA9 /* SF-Mono-Bold.otf in Resources */ = {isa = PBXBuildFile; fileRef = 7A1CD1AABDD349A3A299C46B /* SF-Mono-Bold.otf */; };
		625281D7F2BB4219AD856BC6 /* SF-Mono-BoldItalic.otf in Resources */ = {isa = PBXBuildFile; fileRef = 265B5A0D84914ADE8056D704 /* SF-Mono-BoldItalic.otf */; };
		88F1E1BF18804C1282C95238 /* SF-Mono-Heavy.otf in Resources */ = {isa = PBXBuildFile; fileRef = 518F518A5B7F4142AFC94824 /* SF-Mono-Heavy.otf */; };
		72CFF3A1E3484F4B95FE5028 /* SF-Mono-HeavyItalic.otf in Resources */ = {isa = PBXBuildFile; fileRef = 28F89B79A46641EE8199CB8D /* SF-Mono-HeavyItalic.otf */; };
		DF13E891D66A43FB993F1D1A /* SF-Mono-Light.otf in Resources */ = {isa = PBXBuildFile; fileRef = 3EF0E6AC7A714A2686F8EFF6 /* SF-Mono-Light.otf */; };
		3F843EAB1CC84D08BA9AC1AF /* SF-Mono-LightItalic.otf in Resources */ = {isa = PBXBuildFile; fileRef = A269831FA35E4C61AE56EC00 /* SF-Mono-LightItalic.otf */; };
		FB943E2CAFEB4CCBA141BC14 /* SF-Mono-Medium.otf in Resources */ = {isa = PBXBuildFile; fileRef = AD89B982CA8844B7BC686CA7 /* SF-Mono-Medium.otf */; };
		B5DC866629B04E949144BDBB /* SF-Mono-MediumItalic.otf in Resources */ = {isa = PBXBuildFile; fileRef = 8A31CA6D95834349B0C3E4A5 /* SF-Mono-MediumItalic.otf */; };
		42C730A65A0D4FC68F88259D /* SF-Mono-Regular.otf in Resources */ = {isa = PBXBuildFile; fileRef = 0C3B0CEFE4B44E64A47DFDB2 /* SF-Mono-Regular.otf */; };
		E3B807B75E1346A7AD4123E1 /* SF-Mono-RegularItalic.otf in Resources */ = {isa = PBXBuildFile; fileRef = 305BA6D3737A4BF881522FD5 /* SF-Mono-RegularItalic.otf */; };
		FDF12CFD67D543E992AC6C44 /* SF-Mono-Semibold.otf in Resources */ = {isa = PBXBuildFile; fileRef = FFAF927F060B427F8C1113E1 /* SF-Mono-Semibold.otf */; };
		5B5BE5FAFD6A4F30B1E89A8E /* SF-Mono-SemiboldItalic.otf in Resources */ = {isa = PBXBuildFile; fileRef = 08D95BF2839A4595ABFD1DDA /* SF-Mono-SemiboldItalic.otf */; };
		B76E492AF5F049898424135E /* SF-Pro-Display-Black.otf in Resources */ = {isa = PBXBuildFile; fileRef = A19C281E59C540D7A11C70FE /* SF-Pro-Display-Black.otf */; };
		E6571D4D3F86480285E414E9 /* SF-Pro-Display-BlackItalic.otf in Resources */ = {isa = PBXBuildFile; fileRef = DC17718038CD4F4ABB4A68F7 /* SF-Pro-Display-BlackItalic.otf */; };
		CD0C661FE9504BBB9E85F40D /* SF-Pro-Display-Bold.otf in Resources */ = {isa = PBXBuildFile; fileRef = 18372CEDBA3242C499DEA628 /* SF-Pro-Display-Bold.otf */; };
		80666542CF40406F940CBBFC /* SF-Pro-Display-BoldItalic.otf in Resources */ = {isa = PBXBuildFile; fileRef = F9C014FE24AB40EEA4CD04D2 /* SF-Pro-Display-BoldItalic.otf */; };
		A635A3ABC3094CE4B717E93B /* SF-Pro-Display-Heavy.otf in Resources */ = {isa = PBXBuildFile; fileRef = F62FABB97C834B9AAC244120 /* SF-Pro-Display-Heavy.otf */; };
		5DA347CF003040198489DA5F /* SF-Pro-Display-HeavyItalic.otf in Resources */ = {isa = PBXBuildFile; fileRef = 0C35A3DF0039461A8BA836DC /* SF-Pro-Display-HeavyItalic.otf */; };
		FFD330BB026D4845A5A81ED7 /* SF-Pro-Display-Light.otf in Resources */ = {isa = PBXBuildFile; fileRef = 4A688BB377FD41BA9CEC31ED /* SF-Pro-Display-Light.otf */; };
		6558563CB2CB46108766A093 /* SF-Pro-Display-LightItalic.otf in Resources */ = {isa = PBXBuildFile; fileRef = E26643D365B84C8B9424F843 /* SF-Pro-Display-LightItalic.otf */; };
		2CB7C99137074B86A6153389 /* SF-Pro-Display-Medium.otf in Resources */ = {isa = PBXBuildFile; fileRef = C301DC8852764952A40B4E41 /* SF-Pro-Display-Medium.otf */; };
		18F44B4723FB420CBFA26E3B /* SF-Pro-Display-MediumItalic.otf in Resources */ = {isa = PBXBuildFile; fileRef = 73540D9AB9B14175A671E1CF /* SF-Pro-Display-MediumItalic.otf */; };
		88434C0F675D4DCD8425B5BC /* SF-Pro-Display-Regular.otf in Resources */ = {isa = PBXBuildFile; fileRef = 093450FBBC404DA99EDF3BA2 /* SF-Pro-Display-Regular.otf */; };
		332C16FFC8944837900D6021 /* SF-Pro-Display-RegularItalic.otf in Resources */ = {isa = PBXBuildFile; fileRef = 32E1E372356649BF93A09FB2 /* SF-Pro-Display-RegularItalic.otf */; };
		0ECF0AAAEE874B4CAA26BF2F /* SF-Pro-Display-SemiboldItalic.otf in Resources */ = {isa = PBXBuildFile; fileRef = 3DF6D62E4A394FA1B5F9CD1A /* SF-Pro-Display-SemiboldItalic.otf */; };
		2672C4162F0B46BA99C751E2 /* SF-Pro-Display-Thin.otf in Resources */ = {isa = PBXBuildFile; fileRef = 1945CA90F7414F0C9B62A9FE /* SF-Pro-Display-Thin.otf */; };
		6CE43CC648534AD29D56256D /* SF-Pro-Display-ThinItalic.otf in Resources */ = {isa = PBXBuildFile; fileRef = 52C382CBFFBB43CAA8A69DBA /* SF-Pro-Display-ThinItalic.otf */; };
		D3CDA5D89BF24C92BA17866D /* SF-Pro-Display-Ultralight.otf in Resources */ = {isa = PBXBuildFile; fileRef = 95D867CBF33C4B29A5E9A689 /* SF-Pro-Display-Ultralight.otf */; };
		8F26F67B6B14437F8CC64A1C /* SF-Pro-Display-UltralightItalic.otf in Resources */ = {isa = PBXBuildFile; fileRef = AF08B0D48A2344A69C9D091F /* SF-Pro-Display-UltralightItalic.otf */; };
		0A35CF8333FE4E6395101F5B /* SF-Pro-Rounded-Black.otf in Resources */ = {isa = PBXBuildFile; fileRef = 3942B94E0585421E979EE199 /* SF-Pro-Rounded-Black.otf */; };
		84FD7412CC824D11A1F4E57B /* SF-Pro-Rounded-Bold.otf in Resources */ = {isa = PBXBuildFile; fileRef = 77AD1154DA2242938907527E /* SF-Pro-Rounded-Bold.otf */; };
		1E43A006C2E646E8980B2FC0 /* SF-Pro-Rounded-Heavy.otf in Resources */ = {isa = PBXBuildFile; fileRef = FA5305BBAC4F4A74A7B7CE46 /* SF-Pro-Rounded-Heavy.otf */; };
		5ECD25F6908D4EDE9C1613E2 /* SF-Pro-Rounded-Light.otf in Resources */ = {isa = PBXBuildFile; fileRef = F2AC4E52441244D4B0D39805 /* SF-Pro-Rounded-Light.otf */; };
		613D4668AF3F4CEDBA42C5CE /* SF-Pro-Rounded-Medium.otf in Resources */ = {isa = PBXBuildFile; fileRef = C8A4E43BC58C453BB4E828F0 /* SF-Pro-Rounded-Medium.otf */; };
		64843AC0448A4384B80A8B93 /* SF-Pro-Rounded-Regular.otf in Resources */ = {isa = PBXBuildFile; fileRef = 819AFE2599E24E718A73B86A /* SF-Pro-Rounded-Regular.otf */; };
		12F13BDA9D614249B76F3967 /* SF-Pro-Rounded-Semibold.otf in Resources */ = {isa = PBXBuildFile; fileRef = F6EE97ED0BBB428491F19899 /* SF-Pro-Rounded-Semibold.otf */; };
		06F5A501E4384E32941AC8C9 /* SF-Pro-Rounded-Thin.otf in Resources */ = {isa = PBXBuildFile; fileRef = 889F12429B224E39A166A433 /* SF-Pro-Rounded-Thin.otf */; };
		9C0D9C09A29948CDAA13C280 /* SF-Pro-Rounded-Ultralight.otf in Resources */ = {isa = PBXBuildFile; fileRef = 79C8CC00FDBF4DCFB028E62F /* SF-Pro-Rounded-Ultralight.otf */; };
		E59B843603F4498EBEB379DC /* SF-Pro-Text-Black.otf in Resources */ = {isa = PBXBuildFile; fileRef = E1378EBE6FBC406A80AB2475 /* SF-Pro-Text-Black.otf */; };
		144C0DD6C4DA4D9EAD767299 /* SF-Pro-Text-BlackItalic.otf in Resources */ = {isa = PBXBuildFile; fileRef = E8DE9A900C7E4AAAAD6C674E /* SF-Pro-Text-BlackItalic.otf */; };
		83B93019AAF24165A3EA7B35 /* SF-Pro-Text-Bold.otf in Resources */ = {isa = PBXBuildFile; fileRef = 5F8E2CDE99894CFC8DFCE62F /* SF-Pro-Text-Bold.otf */; };
		07D0C9BB119F4EBB9161F4F9 /* SF-Pro-Text-BoldItalic.otf in Resources */ = {isa = PBXBuildFile; fileRef = A7CDD55806FF4ECF9D1A2660 /* SF-Pro-Text-BoldItalic.otf */; };
		AAEEFD5CAA16416FBF4AFB35 /* SF-Pro-Text-Heavy.otf in Resources */ = {isa = PBXBuildFile; fileRef = F25049549DD4409A901CD4A2 /* SF-Pro-Text-Heavy.otf */; };
		43C0E7757FC0436EB33E5516 /* SF-Pro-Text-HeavyItalic.otf in Resources */ = {isa = PBXBuildFile; fileRef = 045B028CB6E84904930602B0 /* SF-Pro-Text-HeavyItalic.otf */; };
		C81ECBBD022F469EB3EDF75D /* SF-Pro-Text-Light.otf in Resources */ = {isa = PBXBuildFile; fileRef = 785523F2D97B4F73BD838D28 /* SF-Pro-Text-Light.otf */; };
		F22D866198364BEAA3251384 /* SF-Pro-Text-LightItalic.otf in Resources */ = {isa = PBXBuildFile; fileRef = 59931E74876549DE96027339 /* SF-Pro-Text-LightItalic.otf */; };
		7DEB82370BF04390986577D3 /* SF-Pro-Text-Medium.otf in Resources */ = {isa = PBXBuildFile; fileRef = DA19B11055B04A299FC69B27 /* SF-Pro-Text-Medium.otf */; };
		317CEC2A65D64504A4F83561 /* SF-Pro-Text-MediumItalic.otf in Resources */ = {isa = PBXBuildFile; fileRef = 7C8F52637E46490ABC372BEF /* SF-Pro-Text-MediumItalic.otf */; };
		4D42EC64D35144E59DC779E7 /* SF-Pro-Text-RegularItalic.otf in Resources */ = {isa = PBXBuildFile; fileRef = DD61A423BA4547808DF0AB6D /* SF-Pro-Text-RegularItalic.otf */; };
		5261550F8D6F4478868D57D4 /* SF-Pro-Text-Semibold.otf in Resources */ = {isa = PBXBuildFile; fileRef = 6ED9E39F32224A299C47DABB /* SF-Pro-Text-Semibold.otf */; };
		35A5466DFB8E41E7A75BB8B9 /* SF-Pro-Text-SemiboldItalic.otf in Resources */ = {isa = PBXBuildFile; fileRef = EF172D6291874BFAB5368763 /* SF-Pro-Text-SemiboldItalic.otf */; };
		14DC8674E224463A98007C60 /* SF-Pro-Text-Thin.otf in Resources */ = {isa = PBXBuildFile; fileRef = 08B0743E5EF146A89C2E69E5 /* SF-Pro-Text-Thin.otf */; };
		404F468F753845B5888D6DB3 /* SF-Pro-Text-ThinItalic.otf in Resources */ = {isa = PBXBuildFile; fileRef = 15C59B8DF2D14C8197BF8DDF /* SF-Pro-Text-ThinItalic.otf */; };
		318633BBFD334608816944D0 /* SF-Pro-Text-Ultralight.otf in Resources */ = {isa = PBXBuildFile; fileRef = E1A7DE2D166D42D0876990E5 /* SF-Pro-Text-Ultralight.otf */; };
		54C2E215A0994D9B80200DCD /* SF-Pro-Text-UltralightItalic.otf in Resources */ = {isa = PBXBuildFile; fileRef = EFFDF4CFECB340E19423A6E3 /* SF-Pro-Text-UltralightItalic.otf */; };
/* End PBXBuildFile section */

/* Begin PBXContainerItemProxy section */
		00E356F41AD99517003FC87E /* PBXContainerItemProxy */ = {
			isa = PBXContainerItemProxy;
			containerPortal = 83CBB9F71A601CBA00E9B192 /* Project object */;
			proxyType = 1;
			remoteGlobalIDString = 13B07F861A680F5B00A75B9A;
			remoteInfo = JAYU;
		};
		2D02E4911E0B4A5D006451C7 /* PBXContainerItemProxy */ = {
			isa = PBXContainerItemProxy;
			containerPortal = 83CBB9F71A601CBA00E9B192 /* Project object */;
			proxyType = 1;
			remoteGlobalIDString = 2D02E47A1E0B4A5D006451C7;
			remoteInfo = "JAYU-tvOS";
		};
/* End PBXContainerItemProxy section */

/* Begin PBXFileReference section */
		00862B5FEDE31C507D870626 /* Pods-JAYU-tvOS.debug.xcconfig */ = {isa = PBXFileReference; includeInIndex = 1; lastKnownFileType = text.xcconfig; name = "Pods-JAYU-tvOS.debug.xcconfig"; path = "Target Support Files/Pods-JAYU-tvOS/Pods-JAYU-tvOS.debug.xcconfig"; sourceTree = "<group>"; };
		008F07F21AC5B25A0029DE68 /* main.jsbundle */ = {isa = PBXFileReference; fileEncoding = 4; lastKnownFileType = text; path = main.jsbundle; sourceTree = "<group>"; };
		00E356EE1AD99517003FC87E /* JAYUTests.xctest */ = {isa = PBXFileReference; explicitFileType = wrapper.cfbundle; includeInIndex = 0; path = JAYUTests.xctest; sourceTree = BUILT_PRODUCTS_DIR; };
		00E356F11AD99517003FC87E /* Info.plist */ = {isa = PBXFileReference; lastKnownFileType = text.plist.xml; path = Info.plist; sourceTree = "<group>"; };
		00E356F21AD99517003FC87E /* JAYUTests.m */ = {isa = PBXFileReference; lastKnownFileType = sourcecode.c.objc; path = JAYUTests.m; sourceTree = "<group>"; };
		13B07F961A680F5B00A75B9A /* JAYU.app */ = {isa = PBXFileReference; explicitFileType = wrapper.application; includeInIndex = 0; path = JAYU.app; sourceTree = BUILT_PRODUCTS_DIR; };
		13B07FAF1A68108700A75B9A /* AppDelegate.h */ = {isa = PBXFileReference; fileEncoding = 4; lastKnownFileType = sourcecode.c.h; name = AppDelegate.h; path = JAYU/AppDelegate.h; sourceTree = "<group>"; };
		13B07FB01A68108700A75B9A /* AppDelegate.m */ = {isa = PBXFileReference; fileEncoding = 4; lastKnownFileType = sourcecode.c.objc; name = AppDelegate.m; path = JAYU/AppDelegate.m; sourceTree = "<group>"; };
		13B07FB21A68108700A75B9A /* Base */ = {isa = PBXFileReference; lastKnownFileType = file.xib; name = Base; path = Base.lproj/LaunchScreen.xib; sourceTree = "<group>"; };
		13B07FB51A68108700A75B9A /* Images.xcassets */ = {isa = PBXFileReference; lastKnownFileType = folder.assetcatalog; name = Images.xcassets; path = JAYU/Images.xcassets; sourceTree = "<group>"; };
		13B07FB61A68108700A75B9A /* Info.plist */ = {isa = PBXFileReference; fileEncoding = 4; lastKnownFileType = text.plist.xml; name = Info.plist; path = JAYU/Info.plist; sourceTree = "<group>"; };
		13B07FB71A68108700A75B9A /* main.m */ = {isa = PBXFileReference; fileEncoding = 4; lastKnownFileType = sourcecode.c.objc; name = main.m; path = JAYU/main.m; sourceTree = "<group>"; };
		16A9AC9CF15F4E6C87E27C1A /* Pods-JAYUTests.release.xcconfig */ = {isa = PBXFileReference; includeInIndex = 1; lastKnownFileType = text.xcconfig; name = "Pods-JAYUTests.release.xcconfig"; path = "Target Support Files/Pods-JAYUTests/Pods-JAYUTests.release.xcconfig"; sourceTree = "<group>"; };
		2D02E47B1E0B4A5D006451C7 /* JAYU-tvOS.app */ = {isa = PBXFileReference; explicitFileType = wrapper.application; includeInIndex = 0; path = "JAYU-tvOS.app"; sourceTree = BUILT_PRODUCTS_DIR; };
		2D02E4901E0B4A5D006451C7 /* JAYU-tvOSTests.xctest */ = {isa = PBXFileReference; explicitFileType = wrapper.cfbundle; includeInIndex = 0; path = "JAYU-tvOSTests.xctest"; sourceTree = BUILT_PRODUCTS_DIR; };
		3124F3CD68C5605A3A64CA00 /* Pods-JAYU.release.xcconfig */ = {isa = PBXFileReference; includeInIndex = 1; lastKnownFileType = text.xcconfig; name = "Pods-JAYU.release.xcconfig"; path = "Target Support Files/Pods-JAYU/Pods-JAYU.release.xcconfig"; sourceTree = "<group>"; };
		3D44226AC7E86F5918A6AC64 /* Pods-JAYU.debug.xcconfig */ = {isa = PBXFileReference; includeInIndex = 1; lastKnownFileType = text.xcconfig; name = "Pods-JAYU.debug.xcconfig"; path = "Target Support Files/Pods-JAYU/Pods-JAYU.debug.xcconfig"; sourceTree = "<group>"; };
		64C71165C271385C860A1210 /* Pods-JAYU-tvOSTests.release.xcconfig */ = {isa = PBXFileReference; includeInIndex = 1; lastKnownFileType = text.xcconfig; name = "Pods-JAYU-tvOSTests.release.xcconfig"; path = "Target Support Files/Pods-JAYU-tvOSTests/Pods-JAYU-tvOSTests.release.xcconfig"; sourceTree = "<group>"; };
		83148A1BB4B7AD80A71E3E32 /* Pods-JAYU-tvOSTests.debug.xcconfig */ = {isa = PBXFileReference; includeInIndex = 1; lastKnownFileType = text.xcconfig; name = "Pods-JAYU-tvOSTests.debug.xcconfig"; path = "Target Support Files/Pods-JAYU-tvOSTests/Pods-JAYU-tvOSTests.debug.xcconfig"; sourceTree = "<group>"; };
		89BAEE533F27F534698C71D8 /* libPods-JAYU-tvOS.a */ = {isa = PBXFileReference; explicitFileType = archive.ar; includeInIndex = 0; path = "libPods-JAYU-tvOS.a"; sourceTree = BUILT_PRODUCTS_DIR; };
		8DF50E52BC544C402F048DB9 /* libPods-JAYUTests.a */ = {isa = PBXFileReference; explicitFileType = archive.ar; includeInIndex = 0; path = "libPods-JAYUTests.a"; sourceTree = BUILT_PRODUCTS_DIR; };
		AE958E1A826755EA5F54ECE6 /* libPods-JAYU.a */ = {isa = PBXFileReference; explicitFileType = archive.ar; includeInIndex = 0; path = "libPods-JAYU.a"; sourceTree = BUILT_PRODUCTS_DIR; };
		B6BE03E389A887F2E20E0428 /* Pods-JAYU-tvOS.release.xcconfig */ = {isa = PBXFileReference; includeInIndex = 1; lastKnownFileType = text.xcconfig; name = "Pods-JAYU-tvOS.release.xcconfig"; path = "Target Support Files/Pods-JAYU-tvOS/Pods-JAYU-tvOS.release.xcconfig"; sourceTree = "<group>"; };
		C3CE1809C0942E24C9FED49D /* libPods-JAYU-tvOSTests.a */ = {isa = PBXFileReference; explicitFileType = archive.ar; includeInIndex = 0; path = "libPods-JAYU-tvOSTests.a"; sourceTree = BUILT_PRODUCTS_DIR; };
		E6855CD77390B93CD9BE8B50 /* Pods-JAYUTests.debug.xcconfig */ = {isa = PBXFileReference; includeInIndex = 1; lastKnownFileType = text.xcconfig; name = "Pods-JAYUTests.debug.xcconfig"; path = "Target Support Files/Pods-JAYUTests/Pods-JAYUTests.debug.xcconfig"; sourceTree = "<group>"; };
		ED297162215061F000B7C4FE /* JavaScriptCore.framework */ = {isa = PBXFileReference; lastKnownFileType = wrapper.framework; name = JavaScriptCore.framework; path = System/Library/Frameworks/JavaScriptCore.framework; sourceTree = SDKROOT; };
		ED2971642150620600B7C4FE /* JavaScriptCore.framework */ = {isa = PBXFileReference; lastKnownFileType = wrapper.framework; name = JavaScriptCore.framework; path = Platforms/AppleTVOS.platform/Developer/SDKs/AppleTVOS12.0.sdk/System/Library/Frameworks/JavaScriptCore.framework; sourceTree = DEVELOPER_DIR; };
		BA199040D20046DEA38F7DAF /* SF-Pro-Display-Semibold.otf */ = {isa = PBXFileReference; name = "SF-Pro-Display-Semibold.otf"; path = "../assets/fonts/SF-Pro-Display-Semibold.otf"; sourceTree = "<group>"; fileEncoding = undefined; lastKnownFileType = unknown; explicitFileType = undefined; includeInIndex = 0; };
		D7454A05CCB04C749D642176 /* SF-Compact-Rounded-Regular.otf */ = {isa = PBXFileReference; name = "SF-Compact-Rounded-Regular.otf"; path = "../assets/fonts/SF-Compact-Rounded-Regular.otf"; sourceTree = "<group>"; fileEncoding = undefined; lastKnownFileType = unknown; explicitFileType = undefined; includeInIndex = 0; };
		DA250F43660D4B1C80633AB0 /* SF-Pro-Text-Regular.otf */ = {isa = PBXFileReference; name = "SF-Pro-Text-Regular.otf"; path = "../assets/fonts/SF-Pro-Text-Regular.otf"; sourceTree = "<group>"; fileEncoding = undefined; lastKnownFileType = unknown; explicitFileType = undefined; includeInIndex = 0; };
		753178E04DB24C1FB4E7D7D0 /* SF-Compact-Display-Black.otf */ = {isa = PBXFileReference; name = "SF-Compact-Display-Black.otf"; path = "../assets/fonts/SF-Compact-Display-Black.otf"; sourceTree = "<group>"; fileEncoding = undefined; lastKnownFileType = unknown; explicitFileType = undefined; includeInIndex = 0; };
		E82D0916460D4AAE802F43E3 /* SF-Compact-Display-Bold.otf */ = {isa = PBXFileReference; name = "SF-Compact-Display-Bold.otf"; path = "../assets/fonts/SF-Compact-Display-Bold.otf"; sourceTree = "<group>"; fileEncoding = undefined; lastKnownFileType = unknown; explicitFileType = undefined; includeInIndex = 0; };
		987938EF4ECF47AD891F6E1A /* SF-Compact-Display-Heavy.otf */ = {isa = PBXFileReference; name = "SF-Compact-Display-Heavy.otf"; path = "../assets/fonts/SF-Compact-Display-Heavy.otf"; sourceTree = "<group>"; fileEncoding = undefined; lastKnownFileType = unknown; explicitFileType = undefined; includeInIndex = 0; };
		E11C951FF02F4D518D87F5C7 /* SF-Compact-Display-Light.otf */ = {isa = PBXFileReference; name = "SF-Compact-Display-Light.otf"; path = "../assets/fonts/SF-Compact-Display-Light.otf"; sourceTree = "<group>"; fileEncoding = undefined; lastKnownFileType = unknown; explicitFileType = undefined; includeInIndex = 0; };
		5BB6C1F8361D4E92B18AC21C /* SF-Compact-Display-Medium.otf */ = {isa = PBXFileReference; name = "SF-Compact-Display-Medium.otf"; path = "../assets/fonts/SF-Compact-Display-Medium.otf"; sourceTree = "<group>"; fileEncoding = undefined; lastKnownFileType = unknown; explicitFileType = undefined; includeInIndex = 0; };
		1222863FE7C24113961438DF /* SF-Compact-Display-Regular.otf */ = {isa = PBXFileReference; name = "SF-Compact-Display-Regular.otf"; path = "../assets/fonts/SF-Compact-Display-Regular.otf"; sourceTree = "<group>"; fileEncoding = undefined; lastKnownFileType = unknown; explicitFileType = undefined; includeInIndex = 0; };
		BA8873C1F59142E79F4D63DA /* SF-Compact-Display-Semibold.otf */ = {isa = PBXFileReference; name = "SF-Compact-Display-Semibold.otf"; path = "../assets/fonts/SF-Compact-Display-Semibold.otf"; sourceTree = "<group>"; fileEncoding = undefined; lastKnownFileType = unknown; explicitFileType = undefined; includeInIndex = 0; };
		02416DB10D934450B324338E /* SF-Compact-Display-Thin.otf */ = {isa = PBXFileReference; name = "SF-Compact-Display-Thin.otf"; path = "../assets/fonts/SF-Compact-Display-Thin.otf"; sourceTree = "<group>"; fileEncoding = undefined; lastKnownFileType = unknown; explicitFileType = undefined; includeInIndex = 0; };
		7CCCA86C3CD44BCA88D7A3FC /* SF-Compact-Display-Ultralight.otf */ = {isa = PBXFileReference; name = "SF-Compact-Display-Ultralight.otf"; path = "../assets/fonts/SF-Compact-Display-Ultralight.otf"; sourceTree = "<group>"; fileEncoding = undefined; lastKnownFileType = unknown; explicitFileType = undefined; includeInIndex = 0; };
		A22533792FD54E27BDD4BC6C /* SF-Compact-Rounded-Black.otf */ = {isa = PBXFileReference; name = "SF-Compact-Rounded-Black.otf"; path = "../assets/fonts/SF-Compact-Rounded-Black.otf"; sourceTree = "<group>"; fileEncoding = undefined; lastKnownFileType = unknown; explicitFileType = undefined; includeInIndex = 0; };
		69FB6D95F5684CFDBBDF66B3 /* SF-Compact-Rounded-Bold.otf */ = {isa = PBXFileReference; name = "SF-Compact-Rounded-Bold.otf"; path = "../assets/fonts/SF-Compact-Rounded-Bold.otf"; sourceTree = "<group>"; fileEncoding = undefined; lastKnownFileType = unknown; explicitFileType = undefined; includeInIndex = 0; };
		ABEC43C02E4841F9ABA25059 /* SF-Compact-Rounded-Heavy.otf */ = {isa = PBXFileReference; name = "SF-Compact-Rounded-Heavy.otf"; path = "../assets/fonts/SF-Compact-Rounded-Heavy.otf"; sourceTree = "<group>"; fileEncoding = undefined; lastKnownFileType = unknown; explicitFileType = undefined; includeInIndex = 0; };
		451D99F512E04B23B94A8EB3 /* SF-Compact-Rounded-Light.otf */ = {isa = PBXFileReference; name = "SF-Compact-Rounded-Light.otf"; path = "../assets/fonts/SF-Compact-Rounded-Light.otf"; sourceTree = "<group>"; fileEncoding = undefined; lastKnownFileType = unknown; explicitFileType = undefined; includeInIndex = 0; };
		1024C1F6826441279C3B3CF3 /* SF-Compact-Rounded-Medium.otf */ = {isa = PBXFileReference; name = "SF-Compact-Rounded-Medium.otf"; path = "../assets/fonts/SF-Compact-Rounded-Medium.otf"; sourceTree = "<group>"; fileEncoding = undefined; lastKnownFileType = unknown; explicitFileType = undefined; includeInIndex = 0; };
		E4CE88BE86EF41A7845ACA30 /* SF-Compact-Rounded-Semibold.otf */ = {isa = PBXFileReference; name = "SF-Compact-Rounded-Semibold.otf"; path = "../assets/fonts/SF-Compact-Rounded-Semibold.otf"; sourceTree = "<group>"; fileEncoding = undefined; lastKnownFileType = unknown; explicitFileType = undefined; includeInIndex = 0; };
		FC1F939A2DC7467194F5905E /* SF-Compact-Rounded-Thin.otf */ = {isa = PBXFileReference; name = "SF-Compact-Rounded-Thin.otf"; path = "../assets/fonts/SF-Compact-Rounded-Thin.otf"; sourceTree = "<group>"; fileEncoding = undefined; lastKnownFileType = unknown; explicitFileType = undefined; includeInIndex = 0; };
		727C061F061B417191BAAE71 /* SF-Compact-Rounded-Ultralight.otf */ = {isa = PBXFileReference; name = "SF-Compact-Rounded-Ultralight.otf"; path = "../assets/fonts/SF-Compact-Rounded-Ultralight.otf"; sourceTree = "<group>"; fileEncoding = undefined; lastKnownFileType = unknown; explicitFileType = undefined; includeInIndex = 0; };
		A01F9627B91F477EA637B20A /* SF-Compact-Text-Black.otf */ = {isa = PBXFileReference; name = "SF-Compact-Text-Black.otf"; path = "../assets/fonts/SF-Compact-Text-Black.otf"; sourceTree = "<group>"; fileEncoding = undefined; lastKnownFileType = unknown; explicitFileType = undefined; includeInIndex = 0; };
		F61EC439245448088A972C61 /* SF-Compact-Text-BlackItalic.otf */ = {isa = PBXFileReference; name = "SF-Compact-Text-BlackItalic.otf"; path = "../assets/fonts/SF-Compact-Text-BlackItalic.otf"; sourceTree = "<group>"; fileEncoding = undefined; lastKnownFileType = unknown; explicitFileType = undefined; includeInIndex = 0; };
		64E0C04C797B4FCDB96ADEF9 /* SF-Compact-Text-Bold.otf */ = {isa = PBXFileReference; name = "SF-Compact-Text-Bold.otf"; path = "../assets/fonts/SF-Compact-Text-Bold.otf"; sourceTree = "<group>"; fileEncoding = undefined; lastKnownFileType = unknown; explicitFileType = undefined; includeInIndex = 0; };
		401FDEB295524C52ADE28B4E /* SF-Compact-Text-BoldItalic.otf */ = {isa = PBXFileReference; name = "SF-Compact-Text-BoldItalic.otf"; path = "../assets/fonts/SF-Compact-Text-BoldItalic.otf"; sourceTree = "<group>"; fileEncoding = undefined; lastKnownFileType = unknown; explicitFileType = undefined; includeInIndex = 0; };
		E63D0ABC9B6045C1AEA807D2 /* SF-Compact-Text-Heavy.otf */ = {isa = PBXFileReference; name = "SF-Compact-Text-Heavy.otf"; path = "../assets/fonts/SF-Compact-Text-Heavy.otf"; sourceTree = "<group>"; fileEncoding = undefined; lastKnownFileType = unknown; explicitFileType = undefined; includeInIndex = 0; };
		6581B1CFBABF4E128ED02558 /* SF-Compact-Text-HeavyItalic.otf */ = {isa = PBXFileReference; name = "SF-Compact-Text-HeavyItalic.otf"; path = "../assets/fonts/SF-Compact-Text-HeavyItalic.otf"; sourceTree = "<group>"; fileEncoding = undefined; lastKnownFileType = unknown; explicitFileType = undefined; includeInIndex = 0; };
		69DF7553E8004BC499DD01B7 /* SF-Compact-Text-Light.otf */ = {isa = PBXFileReference; name = "SF-Compact-Text-Light.otf"; path = "../assets/fonts/SF-Compact-Text-Light.otf"; sourceTree = "<group>"; fileEncoding = undefined; lastKnownFileType = unknown; explicitFileType = undefined; includeInIndex = 0; };
		C937ACFAC70E4790A0D73D51 /* SF-Compact-Text-LightItalic.otf */ = {isa = PBXFileReference; name = "SF-Compact-Text-LightItalic.otf"; path = "../assets/fonts/SF-Compact-Text-LightItalic.otf"; sourceTree = "<group>"; fileEncoding = undefined; lastKnownFileType = unknown; explicitFileType = undefined; includeInIndex = 0; };
		16A68E6EBF9A4DAA8AC1F887 /* SF-Compact-Text-Medium.otf */ = {isa = PBXFileReference; name = "SF-Compact-Text-Medium.otf"; path = "../assets/fonts/SF-Compact-Text-Medium.otf"; sourceTree = "<group>"; fileEncoding = undefined; lastKnownFileType = unknown; explicitFileType = undefined; includeInIndex = 0; };
		67FBA4A20AE44199B489F77F /* SF-Compact-Text-MediumItalic.otf */ = {isa = PBXFileReference; name = "SF-Compact-Text-MediumItalic.otf"; path = "../assets/fonts/SF-Compact-Text-MediumItalic.otf"; sourceTree = "<group>"; fileEncoding = undefined; lastKnownFileType = unknown; explicitFileType = undefined; includeInIndex = 0; };
		2A17B352504F47EDB0E06480 /* SF-Compact-Text-Regular.otf */ = {isa = PBXFileReference; name = "SF-Compact-Text-Regular.otf"; path = "../assets/fonts/SF-Compact-Text-Regular.otf"; sourceTree = "<group>"; fileEncoding = undefined; lastKnownFileType = unknown; explicitFileType = undefined; includeInIndex = 0; };
		21C1123F7E1E4D59A9D19710 /* SF-Compact-Text-RegularItalic.otf */ = {isa = PBXFileReference; name = "SF-Compact-Text-RegularItalic.otf"; path = "../assets/fonts/SF-Compact-Text-RegularItalic.otf"; sourceTree = "<group>"; fileEncoding = undefined; lastKnownFileType = unknown; explicitFileType = undefined; includeInIndex = 0; };
		2D155F47124A444BA47897BB /* SF-Compact-Text-Semibold.otf */ = {isa = PBXFileReference; name = "SF-Compact-Text-Semibold.otf"; path = "../assets/fonts/SF-Compact-Text-Semibold.otf"; sourceTree = "<group>"; fileEncoding = undefined; lastKnownFileType = unknown; explicitFileType = undefined; includeInIndex = 0; };
		BBE912D7233B4022B563EBE5 /* SF-Compact-Text-SemiboldItalic.otf */ = {isa = PBXFileReference; name = "SF-Compact-Text-SemiboldItalic.otf"; path = "../assets/fonts/SF-Compact-Text-SemiboldItalic.otf"; sourceTree = "<group>"; fileEncoding = undefined; lastKnownFileType = unknown; explicitFileType = undefined; includeInIndex = 0; };
		BD7D30FF684948EC85CC1A96 /* SF-Compact-Text-Thin.otf */ = {isa = PBXFileReference; name = "SF-Compact-Text-Thin.otf"; path = "../assets/fonts/SF-Compact-Text-Thin.otf"; sourceTree = "<group>"; fileEncoding = undefined; lastKnownFileType = unknown; explicitFileType = undefined; includeInIndex = 0; };
		7EB11D75F96C442FB422478B /* SF-Compact-Text-ThinItalic.otf */ = {isa = PBXFileReference; name = "SF-Compact-Text-ThinItalic.otf"; path = "../assets/fonts/SF-Compact-Text-ThinItalic.otf"; sourceTree = "<group>"; fileEncoding = undefined; lastKnownFileType = unknown; explicitFileType = undefined; includeInIndex = 0; };
		0C0E971E500743498C7B9B04 /* SF-Compact-Text-Ultralight.otf */ = {isa = PBXFileReference; name = "SF-Compact-Text-Ultralight.otf"; path = "../assets/fonts/SF-Compact-Text-Ultralight.otf"; sourceTree = "<group>"; fileEncoding = undefined; lastKnownFileType = unknown; explicitFileType = undefined; includeInIndex = 0; };
		591F17EB425743F8997B61D4 /* SF-Compact-Text-UltralightItalic.otf */ = {isa = PBXFileReference; name = "SF-Compact-Text-UltralightItalic.otf"; path = "../assets/fonts/SF-Compact-Text-UltralightItalic.otf"; sourceTree = "<group>"; fileEncoding = undefined; lastKnownFileType = unknown; explicitFileType = undefined; includeInIndex = 0; };
		7A1CD1AABDD349A3A299C46B /* SF-Mono-Bold.otf */ = {isa = PBXFileReference; name = "SF-Mono-Bold.otf"; path = "../assets/fonts/SF-Mono-Bold.otf"; sourceTree = "<group>"; fileEncoding = undefined; lastKnownFileType = unknown; explicitFileType = undefined; includeInIndex = 0; };
		265B5A0D84914ADE8056D704 /* SF-Mono-BoldItalic.otf */ = {isa = PBXFileReference; name = "SF-Mono-BoldItalic.otf"; path = "../assets/fonts/SF-Mono-BoldItalic.otf"; sourceTree = "<group>"; fileEncoding = undefined; lastKnownFileType = unknown; explicitFileType = undefined; includeInIndex = 0; };
		518F518A5B7F4142AFC94824 /* SF-Mono-Heavy.otf */ = {isa = PBXFileReference; name = "SF-Mono-Heavy.otf"; path = "../assets/fonts/SF-Mono-Heavy.otf"; sourceTree = "<group>"; fileEncoding = undefined; lastKnownFileType = unknown; explicitFileType = undefined; includeInIndex = 0; };
		28F89B79A46641EE8199CB8D /* SF-Mono-HeavyItalic.otf */ = {isa = PBXFileReference; name = "SF-Mono-HeavyItalic.otf"; path = "../assets/fonts/SF-Mono-HeavyItalic.otf"; sourceTree = "<group>"; fileEncoding = undefined; lastKnownFileType = unknown; explicitFileType = undefined; includeInIndex = 0; };
		3EF0E6AC7A714A2686F8EFF6 /* SF-Mono-Light.otf */ = {isa = PBXFileReference; name = "SF-Mono-Light.otf"; path = "../assets/fonts/SF-Mono-Light.otf"; sourceTree = "<group>"; fileEncoding = undefined; lastKnownFileType = unknown; explicitFileType = undefined; includeInIndex = 0; };
		A269831FA35E4C61AE56EC00 /* SF-Mono-LightItalic.otf */ = {isa = PBXFileReference; name = "SF-Mono-LightItalic.otf"; path = "../assets/fonts/SF-Mono-LightItalic.otf"; sourceTree = "<group>"; fileEncoding = undefined; lastKnownFileType = unknown; explicitFileType = undefined; includeInIndex = 0; };
		AD89B982CA8844B7BC686CA7 /* SF-Mono-Medium.otf */ = {isa = PBXFileReference; name = "SF-Mono-Medium.otf"; path = "../assets/fonts/SF-Mono-Medium.otf"; sourceTree = "<group>"; fileEncoding = undefined; lastKnownFileType = unknown; explicitFileType = undefined; includeInIndex = 0; };
		8A31CA6D95834349B0C3E4A5 /* SF-Mono-MediumItalic.otf */ = {isa = PBXFileReference; name = "SF-Mono-MediumItalic.otf"; path = "../assets/fonts/SF-Mono-MediumItalic.otf"; sourceTree = "<group>"; fileEncoding = undefined; lastKnownFileType = unknown; explicitFileType = undefined; includeInIndex = 0; };
		0C3B0CEFE4B44E64A47DFDB2 /* SF-Mono-Regular.otf */ = {isa = PBXFileReference; name = "SF-Mono-Regular.otf"; path = "../assets/fonts/SF-Mono-Regular.otf"; sourceTree = "<group>"; fileEncoding = undefined; lastKnownFileType = unknown; explicitFileType = undefined; includeInIndex = 0; };
		305BA6D3737A4BF881522FD5 /* SF-Mono-RegularItalic.otf */ = {isa = PBXFileReference; name = "SF-Mono-RegularItalic.otf"; path = "../assets/fonts/SF-Mono-RegularItalic.otf"; sourceTree = "<group>"; fileEncoding = undefined; lastKnownFileType = unknown; explicitFileType = undefined; includeInIndex = 0; };
		FFAF927F060B427F8C1113E1 /* SF-Mono-Semibold.otf */ = {isa = PBXFileReference; name = "SF-Mono-Semibold.otf"; path = "../assets/fonts/SF-Mono-Semibold.otf"; sourceTree = "<group>"; fileEncoding = undefined; lastKnownFileType = unknown; explicitFileType = undefined; includeInIndex = 0; };
		08D95BF2839A4595ABFD1DDA /* SF-Mono-SemiboldItalic.otf */ = {isa = PBXFileReference; name = "SF-Mono-SemiboldItalic.otf"; path = "../assets/fonts/SF-Mono-SemiboldItalic.otf"; sourceTree = "<group>"; fileEncoding = undefined; lastKnownFileType = unknown; explicitFileType = undefined; includeInIndex = 0; };
		A19C281E59C540D7A11C70FE /* SF-Pro-Display-Black.otf */ = {isa = PBXFileReference; name = "SF-Pro-Display-Black.otf"; path = "../assets/fonts/SF-Pro-Display-Black.otf"; sourceTree = "<group>"; fileEncoding = undefined; lastKnownFileType = unknown; explicitFileType = undefined; includeInIndex = 0; };
		DC17718038CD4F4ABB4A68F7 /* SF-Pro-Display-BlackItalic.otf */ = {isa = PBXFileReference; name = "SF-Pro-Display-BlackItalic.otf"; path = "../assets/fonts/SF-Pro-Display-BlackItalic.otf"; sourceTree = "<group>"; fileEncoding = undefined; lastKnownFileType = unknown; explicitFileType = undefined; includeInIndex = 0; };
		18372CEDBA3242C499DEA628 /* SF-Pro-Display-Bold.otf */ = {isa = PBXFileReference; name = "SF-Pro-Display-Bold.otf"; path = "../assets/fonts/SF-Pro-Display-Bold.otf"; sourceTree = "<group>"; fileEncoding = undefined; lastKnownFileType = unknown; explicitFileType = undefined; includeInIndex = 0; };
		F9C014FE24AB40EEA4CD04D2 /* SF-Pro-Display-BoldItalic.otf */ = {isa = PBXFileReference; name = "SF-Pro-Display-BoldItalic.otf"; path = "../assets/fonts/SF-Pro-Display-BoldItalic.otf"; sourceTree = "<group>"; fileEncoding = undefined; lastKnownFileType = unknown; explicitFileType = undefined; includeInIndex = 0; };
		F62FABB97C834B9AAC244120 /* SF-Pro-Display-Heavy.otf */ = {isa = PBXFileReference; name = "SF-Pro-Display-Heavy.otf"; path = "../assets/fonts/SF-Pro-Display-Heavy.otf"; sourceTree = "<group>"; fileEncoding = undefined; lastKnownFileType = unknown; explicitFileType = undefined; includeInIndex = 0; };
		0C35A3DF0039461A8BA836DC /* SF-Pro-Display-HeavyItalic.otf */ = {isa = PBXFileReference; name = "SF-Pro-Display-HeavyItalic.otf"; path = "../assets/fonts/SF-Pro-Display-HeavyItalic.otf"; sourceTree = "<group>"; fileEncoding = undefined; lastKnownFileType = unknown; explicitFileType = undefined; includeInIndex = 0; };
		4A688BB377FD41BA9CEC31ED /* SF-Pro-Display-Light.otf */ = {isa = PBXFileReference; name = "SF-Pro-Display-Light.otf"; path = "../assets/fonts/SF-Pro-Display-Light.otf"; sourceTree = "<group>"; fileEncoding = undefined; lastKnownFileType = unknown; explicitFileType = undefined; includeInIndex = 0; };
		E26643D365B84C8B9424F843 /* SF-Pro-Display-LightItalic.otf */ = {isa = PBXFileReference; name = "SF-Pro-Display-LightItalic.otf"; path = "../assets/fonts/SF-Pro-Display-LightItalic.otf"; sourceTree = "<group>"; fileEncoding = undefined; lastKnownFileType = unknown; explicitFileType = undefined; includeInIndex = 0; };
		C301DC8852764952A40B4E41 /* SF-Pro-Display-Medium.otf */ = {isa = PBXFileReference; name = "SF-Pro-Display-Medium.otf"; path = "../assets/fonts/SF-Pro-Display-Medium.otf"; sourceTree = "<group>"; fileEncoding = undefined; lastKnownFileType = unknown; explicitFileType = undefined; includeInIndex = 0; };
		73540D9AB9B14175A671E1CF /* SF-Pro-Display-MediumItalic.otf */ = {isa = PBXFileReference; name = "SF-Pro-Display-MediumItalic.otf"; path = "../assets/fonts/SF-Pro-Display-MediumItalic.otf"; sourceTree = "<group>"; fileEncoding = undefined; lastKnownFileType = unknown; explicitFileType = undefined; includeInIndex = 0; };
		093450FBBC404DA99EDF3BA2 /* SF-Pro-Display-Regular.otf */ = {isa = PBXFileReference; name = "SF-Pro-Display-Regular.otf"; path = "../assets/fonts/SF-Pro-Display-Regular.otf"; sourceTree = "<group>"; fileEncoding = undefined; lastKnownFileType = unknown; explicitFileType = undefined; includeInIndex = 0; };
		32E1E372356649BF93A09FB2 /* SF-Pro-Display-RegularItalic.otf */ = {isa = PBXFileReference; name = "SF-Pro-Display-RegularItalic.otf"; path = "../assets/fonts/SF-Pro-Display-RegularItalic.otf"; sourceTree = "<group>"; fileEncoding = undefined; lastKnownFileType = unknown; explicitFileType = undefined; includeInIndex = 0; };
		3DF6D62E4A394FA1B5F9CD1A /* SF-Pro-Display-SemiboldItalic.otf */ = {isa = PBXFileReference; name = "SF-Pro-Display-SemiboldItalic.otf"; path = "../assets/fonts/SF-Pro-Display-SemiboldItalic.otf"; sourceTree = "<group>"; fileEncoding = undefined; lastKnownFileType = unknown; explicitFileType = undefined; includeInIndex = 0; };
		1945CA90F7414F0C9B62A9FE /* SF-Pro-Display-Thin.otf */ = {isa = PBXFileReference; name = "SF-Pro-Display-Thin.otf"; path = "../assets/fonts/SF-Pro-Display-Thin.otf"; sourceTree = "<group>"; fileEncoding = undefined; lastKnownFileType = unknown; explicitFileType = undefined; includeInIndex = 0; };
		52C382CBFFBB43CAA8A69DBA /* SF-Pro-Display-ThinItalic.otf */ = {isa = PBXFileReference; name = "SF-Pro-Display-ThinItalic.otf"; path = "../assets/fonts/SF-Pro-Display-ThinItalic.otf"; sourceTree = "<group>"; fileEncoding = undefined; lastKnownFileType = unknown; explicitFileType = undefined; includeInIndex = 0; };
		95D867CBF33C4B29A5E9A689 /* SF-Pro-Display-Ultralight.otf */ = {isa = PBXFileReference; name = "SF-Pro-Display-Ultralight.otf"; path = "../assets/fonts/SF-Pro-Display-Ultralight.otf"; sourceTree = "<group>"; fileEncoding = undefined; lastKnownFileType = unknown; explicitFileType = undefined; includeInIndex = 0; };
		AF08B0D48A2344A69C9D091F /* SF-Pro-Display-UltralightItalic.otf */ = {isa = PBXFileReference; name = "SF-Pro-Display-UltralightItalic.otf"; path = "../assets/fonts/SF-Pro-Display-UltralightItalic.otf"; sourceTree = "<group>"; fileEncoding = undefined; lastKnownFileType = unknown; explicitFileType = undefined; includeInIndex = 0; };
		3942B94E0585421E979EE199 /* SF-Pro-Rounded-Black.otf */ = {isa = PBXFileReference; name = "SF-Pro-Rounded-Black.otf"; path = "../assets/fonts/SF-Pro-Rounded-Black.otf"; sourceTree = "<group>"; fileEncoding = undefined; lastKnownFileType = unknown; explicitFileType = undefined; includeInIndex = 0; };
		77AD1154DA2242938907527E /* SF-Pro-Rounded-Bold.otf */ = {isa = PBXFileReference; name = "SF-Pro-Rounded-Bold.otf"; path = "../assets/fonts/SF-Pro-Rounded-Bold.otf"; sourceTree = "<group>"; fileEncoding = undefined; lastKnownFileType = unknown; explicitFileType = undefined; includeInIndex = 0; };
		FA5305BBAC4F4A74A7B7CE46 /* SF-Pro-Rounded-Heavy.otf */ = {isa = PBXFileReference; name = "SF-Pro-Rounded-Heavy.otf"; path = "../assets/fonts/SF-Pro-Rounded-Heavy.otf"; sourceTree = "<group>"; fileEncoding = undefined; lastKnownFileType = unknown; explicitFileType = undefined; includeInIndex = 0; };
		F2AC4E52441244D4B0D39805 /* SF-Pro-Rounded-Light.otf */ = {isa = PBXFileReference; name = "SF-Pro-Rounded-Light.otf"; path = "../assets/fonts/SF-Pro-Rounded-Light.otf"; sourceTree = "<group>"; fileEncoding = undefined; lastKnownFileType = unknown; explicitFileType = undefined; includeInIndex = 0; };
		C8A4E43BC58C453BB4E828F0 /* SF-Pro-Rounded-Medium.otf */ = {isa = PBXFileReference; name = "SF-Pro-Rounded-Medium.otf"; path = "../assets/fonts/SF-Pro-Rounded-Medium.otf"; sourceTree = "<group>"; fileEncoding = undefined; lastKnownFileType = unknown; explicitFileType = undefined; includeInIndex = 0; };
		819AFE2599E24E718A73B86A /* SF-Pro-Rounded-Regular.otf */ = {isa = PBXFileReference; name = "SF-Pro-Rounded-Regular.otf"; path = "../assets/fonts/SF-Pro-Rounded-Regular.otf"; sourceTree = "<group>"; fileEncoding = undefined; lastKnownFileType = unknown; explicitFileType = undefined; includeInIndex = 0; };
		F6EE97ED0BBB428491F19899 /* SF-Pro-Rounded-Semibold.otf */ = {isa = PBXFileReference; name = "SF-Pro-Rounded-Semibold.otf"; path = "../assets/fonts/SF-Pro-Rounded-Semibold.otf"; sourceTree = "<group>"; fileEncoding = undefined; lastKnownFileType = unknown; explicitFileType = undefined; includeInIndex = 0; };
		889F12429B224E39A166A433 /* SF-Pro-Rounded-Thin.otf */ = {isa = PBXFileReference; name = "SF-Pro-Rounded-Thin.otf"; path = "../assets/fonts/SF-Pro-Rounded-Thin.otf"; sourceTree = "<group>"; fileEncoding = undefined; lastKnownFileType = unknown; explicitFileType = undefined; includeInIndex = 0; };
		79C8CC00FDBF4DCFB028E62F /* SF-Pro-Rounded-Ultralight.otf */ = {isa = PBXFileReference; name = "SF-Pro-Rounded-Ultralight.otf"; path = "../assets/fonts/SF-Pro-Rounded-Ultralight.otf"; sourceTree = "<group>"; fileEncoding = undefined; lastKnownFileType = unknown; explicitFileType = undefined; includeInIndex = 0; };
		E1378EBE6FBC406A80AB2475 /* SF-Pro-Text-Black.otf */ = {isa = PBXFileReference; name = "SF-Pro-Text-Black.otf"; path = "../assets/fonts/SF-Pro-Text-Black.otf"; sourceTree = "<group>"; fileEncoding = undefined; lastKnownFileType = unknown; explicitFileType = undefined; includeInIndex = 0; };
		E8DE9A900C7E4AAAAD6C674E /* SF-Pro-Text-BlackItalic.otf */ = {isa = PBXFileReference; name = "SF-Pro-Text-BlackItalic.otf"; path = "../assets/fonts/SF-Pro-Text-BlackItalic.otf"; sourceTree = "<group>"; fileEncoding = undefined; lastKnownFileType = unknown; explicitFileType = undefined; includeInIndex = 0; };
		5F8E2CDE99894CFC8DFCE62F /* SF-Pro-Text-Bold.otf */ = {isa = PBXFileReference; name = "SF-Pro-Text-Bold.otf"; path = "../assets/fonts/SF-Pro-Text-Bold.otf"; sourceTree = "<group>"; fileEncoding = undefined; lastKnownFileType = unknown; explicitFileType = undefined; includeInIndex = 0; };
		A7CDD55806FF4ECF9D1A2660 /* SF-Pro-Text-BoldItalic.otf */ = {isa = PBXFileReference; name = "SF-Pro-Text-BoldItalic.otf"; path = "../assets/fonts/SF-Pro-Text-BoldItalic.otf"; sourceTree = "<group>"; fileEncoding = undefined; lastKnownFileType = unknown; explicitFileType = undefined; includeInIndex = 0; };
		F25049549DD4409A901CD4A2 /* SF-Pro-Text-Heavy.otf */ = {isa = PBXFileReference; name = "SF-Pro-Text-Heavy.otf"; path = "../assets/fonts/SF-Pro-Text-Heavy.otf"; sourceTree = "<group>"; fileEncoding = undefined; lastKnownFileType = unknown; explicitFileType = undefined; includeInIndex = 0; };
		045B028CB6E84904930602B0 /* SF-Pro-Text-HeavyItalic.otf */ = {isa = PBXFileReference; name = "SF-Pro-Text-HeavyItalic.otf"; path = "../assets/fonts/SF-Pro-Text-HeavyItalic.otf"; sourceTree = "<group>"; fileEncoding = undefined; lastKnownFileType = unknown; explicitFileType = undefined; includeInIndex = 0; };
		785523F2D97B4F73BD838D28 /* SF-Pro-Text-Light.otf */ = {isa = PBXFileReference; name = "SF-Pro-Text-Light.otf"; path = "../assets/fonts/SF-Pro-Text-Light.otf"; sourceTree = "<group>"; fileEncoding = undefined; lastKnownFileType = unknown; explicitFileType = undefined; includeInIndex = 0; };
		59931E74876549DE96027339 /* SF-Pro-Text-LightItalic.otf */ = {isa = PBXFileReference; name = "SF-Pro-Text-LightItalic.otf"; path = "../assets/fonts/SF-Pro-Text-LightItalic.otf"; sourceTree = "<group>"; fileEncoding = undefined; lastKnownFileType = unknown; explicitFileType = undefined; includeInIndex = 0; };
		DA19B11055B04A299FC69B27 /* SF-Pro-Text-Medium.otf */ = {isa = PBXFileReference; name = "SF-Pro-Text-Medium.otf"; path = "../assets/fonts/SF-Pro-Text-Medium.otf"; sourceTree = "<group>"; fileEncoding = undefined; lastKnownFileType = unknown; explicitFileType = undefined; includeInIndex = 0; };
		7C8F52637E46490ABC372BEF /* SF-Pro-Text-MediumItalic.otf */ = {isa = PBXFileReference; name = "SF-Pro-Text-MediumItalic.otf"; path = "../assets/fonts/SF-Pro-Text-MediumItalic.otf"; sourceTree = "<group>"; fileEncoding = undefined; lastKnownFileType = unknown; explicitFileType = undefined; includeInIndex = 0; };
		DD61A423BA4547808DF0AB6D /* SF-Pro-Text-RegularItalic.otf */ = {isa = PBXFileReference; name = "SF-Pro-Text-RegularItalic.otf"; path = "../assets/fonts/SF-Pro-Text-RegularItalic.otf"; sourceTree = "<group>"; fileEncoding = undefined; lastKnownFileType = unknown; explicitFileType = undefined; includeInIndex = 0; };
		6ED9E39F32224A299C47DABB /* SF-Pro-Text-Semibold.otf */ = {isa = PBXFileReference; name = "SF-Pro-Text-Semibold.otf"; path = "../assets/fonts/SF-Pro-Text-Semibold.otf"; sourceTree = "<group>"; fileEncoding = undefined; lastKnownFileType = unknown; explicitFileType = undefined; includeInIndex = 0; };
		EF172D6291874BFAB5368763 /* SF-Pro-Text-SemiboldItalic.otf */ = {isa = PBXFileReference; name = "SF-Pro-Text-SemiboldItalic.otf"; path = "../assets/fonts/SF-Pro-Text-SemiboldItalic.otf"; sourceTree = "<group>"; fileEncoding = undefined; lastKnownFileType = unknown; explicitFileType = undefined; includeInIndex = 0; };
		08B0743E5EF146A89C2E69E5 /* SF-Pro-Text-Thin.otf */ = {isa = PBXFileReference; name = "SF-Pro-Text-Thin.otf"; path = "../assets/fonts/SF-Pro-Text-Thin.otf"; sourceTree = "<group>"; fileEncoding = undefined; lastKnownFileType = unknown; explicitFileType = undefined; includeInIndex = 0; };
		15C59B8DF2D14C8197BF8DDF /* SF-Pro-Text-ThinItalic.otf */ = {isa = PBXFileReference; name = "SF-Pro-Text-ThinItalic.otf"; path = "../assets/fonts/SF-Pro-Text-ThinItalic.otf"; sourceTree = "<group>"; fileEncoding = undefined; lastKnownFileType = unknown; explicitFileType = undefined; includeInIndex = 0; };
		E1A7DE2D166D42D0876990E5 /* SF-Pro-Text-Ultralight.otf */ = {isa = PBXFileReference; name = "SF-Pro-Text-Ultralight.otf"; path = "../assets/fonts/SF-Pro-Text-Ultralight.otf"; sourceTree = "<group>"; fileEncoding = undefined; lastKnownFileType = unknown; explicitFileType = undefined; includeInIndex = 0; };
		EFFDF4CFECB340E19423A6E3 /* SF-Pro-Text-UltralightItalic.otf */ = {isa = PBXFileReference; name = "SF-Pro-Text-UltralightItalic.otf"; path = "../assets/fonts/SF-Pro-Text-UltralightItalic.otf"; sourceTree = "<group>"; fileEncoding = undefined; lastKnownFileType = unknown; explicitFileType = undefined; includeInIndex = 0; };
/* End PBXFileReference section */

/* Begin PBXFrameworksBuildPhase section */
		00E356EB1AD99517003FC87E /* Frameworks */ = {
			isa = PBXFrameworksBuildPhase;
			buildActionMask = 2147483647;
			files = (
				0CEBCA7C4132F7A242D0ECDB /* libPods-JAYUTests.a in Frameworks */,
			);
			runOnlyForDeploymentPostprocessing = 0;
		};
		13B07F8C1A680F5B00A75B9A /* Frameworks */ = {
			isa = PBXFrameworksBuildPhase;
			buildActionMask = 2147483647;
			files = (
				F90F50A0158D7C34AD16945E /* libPods-JAYU.a in Frameworks */,
			);
			runOnlyForDeploymentPostprocessing = 0;
		};
		2D02E4781E0B4A5D006451C7 /* Frameworks */ = {
			isa = PBXFrameworksBuildPhase;
			buildActionMask = 2147483647;
			files = (
				33A4B1B074AB55AE2AE0B988 /* libPods-JAYU-tvOS.a in Frameworks */,
			);
			runOnlyForDeploymentPostprocessing = 0;
		};
		2D02E48D1E0B4A5D006451C7 /* Frameworks */ = {
			isa = PBXFrameworksBuildPhase;
			buildActionMask = 2147483647;
			files = (
				2DBB064AC10B821CB655CAEB /* libPods-JAYU-tvOSTests.a in Frameworks */,
			);
			runOnlyForDeploymentPostprocessing = 0;
		};
/* End PBXFrameworksBuildPhase section */

/* Begin PBXGroup section */
		00E356EF1AD99517003FC87E /* JAYUTests */ = {
			isa = PBXGroup;
			children = (
				00E356F21AD99517003FC87E /* JAYUTests.m */,
				00E356F01AD99517003FC87E /* Supporting Files */,
			);
			path = JAYUTests;
			sourceTree = "<group>";
		};
		00E356F01AD99517003FC87E /* Supporting Files */ = {
			isa = PBXGroup;
			children = (
				00E356F11AD99517003FC87E /* Info.plist */,
			);
			name = "Supporting Files";
			sourceTree = "<group>";
		};
		13B07FAE1A68108700A75B9A /* JAYU */ = {
			isa = PBXGroup;
			children = (
				008F07F21AC5B25A0029DE68 /* main.jsbundle */,
				13B07FAF1A68108700A75B9A /* AppDelegate.h */,
				13B07FB01A68108700A75B9A /* AppDelegate.m */,
				13B07FB51A68108700A75B9A /* Images.xcassets */,
				13B07FB61A68108700A75B9A /* Info.plist */,
				13B07FB11A68108700A75B9A /* LaunchScreen.xib */,
				13B07FB71A68108700A75B9A /* main.m */,
			);
			name = JAYU;
			sourceTree = "<group>";
		};
		2D16E6871FA4F8E400B85C8A /* Frameworks */ = {
			isa = PBXGroup;
			children = (
				ED297162215061F000B7C4FE /* JavaScriptCore.framework */,
				ED2971642150620600B7C4FE /* JavaScriptCore.framework */,
				AE958E1A826755EA5F54ECE6 /* libPods-JAYU.a */,
				89BAEE533F27F534698C71D8 /* libPods-JAYU-tvOS.a */,
				C3CE1809C0942E24C9FED49D /* libPods-JAYU-tvOSTests.a */,
				8DF50E52BC544C402F048DB9 /* libPods-JAYUTests.a */,
			);
			name = Frameworks;
			sourceTree = "<group>";
		};
		832341AE1AAA6A7D00B99B32 /* Libraries */ = {
			isa = PBXGroup;
			children = (
			);
			name = Libraries;
			sourceTree = "<group>";
		};
		83CBB9F61A601CBA00E9B192 = {
			isa = PBXGroup;
			children = (
				13B07FAE1A68108700A75B9A /* JAYU */,
				832341AE1AAA6A7D00B99B32 /* Libraries */,
				00E356EF1AD99517003FC87E /* JAYUTests */,
				83CBBA001A601CBA00E9B192 /* Products */,
				2D16E6871FA4F8E400B85C8A /* Frameworks */,
				D81AFB137996593431DE3B95 /* Pods */,
				F9FA777762C545E48FBE33AE /* Resources */,
			);
			indentWidth = 2;
			sourceTree = "<group>";
			tabWidth = 2;
			usesTabs = 0;
		};
		83CBBA001A601CBA00E9B192 /* Products */ = {
			isa = PBXGroup;
			children = (
				13B07F961A680F5B00A75B9A /* JAYU.app */,
				00E356EE1AD99517003FC87E /* JAYUTests.xctest */,
				2D02E47B1E0B4A5D006451C7 /* JAYU-tvOS.app */,
				2D02E4901E0B4A5D006451C7 /* JAYU-tvOSTests.xctest */,
			);
			name = Products;
			sourceTree = "<group>";
		};
		D81AFB137996593431DE3B95 /* Pods */ = {
			isa = PBXGroup;
			children = (
				3D44226AC7E86F5918A6AC64 /* Pods-JAYU.debug.xcconfig */,
				3124F3CD68C5605A3A64CA00 /* Pods-JAYU.release.xcconfig */,
				00862B5FEDE31C507D870626 /* Pods-JAYU-tvOS.debug.xcconfig */,
				B6BE03E389A887F2E20E0428 /* Pods-JAYU-tvOS.release.xcconfig */,
				83148A1BB4B7AD80A71E3E32 /* Pods-JAYU-tvOSTests.debug.xcconfig */,
				64C71165C271385C860A1210 /* Pods-JAYU-tvOSTests.release.xcconfig */,
				E6855CD77390B93CD9BE8B50 /* Pods-JAYUTests.debug.xcconfig */,
				16A9AC9CF15F4E6C87E27C1A /* Pods-JAYUTests.release.xcconfig */,
			);
			name = Pods;
			path = Pods;
			sourceTree = "<group>";
		};
		F9FA777762C545E48FBE33AE /* Resources */ = {
			isa = "PBXGroup";
			children = (
				BA199040D20046DEA38F7DAF /* SF-Pro-Display-Semibold.otf */,
				D7454A05CCB04C749D642176 /* SF-Compact-Rounded-Regular.otf */,
				DA250F43660D4B1C80633AB0 /* SF-Pro-Text-Regular.otf */,
				753178E04DB24C1FB4E7D7D0 /* SF-Compact-Display-Black.otf */,
				E82D0916460D4AAE802F43E3 /* SF-Compact-Display-Bold.otf */,
				987938EF4ECF47AD891F6E1A /* SF-Compact-Display-Heavy.otf */,
				E11C951FF02F4D518D87F5C7 /* SF-Compact-Display-Light.otf */,
				5BB6C1F8361D4E92B18AC21C /* SF-Compact-Display-Medium.otf */,
				1222863FE7C24113961438DF /* SF-Compact-Display-Regular.otf */,
				BA8873C1F59142E79F4D63DA /* SF-Compact-Display-Semibold.otf */,
				02416DB10D934450B324338E /* SF-Compact-Display-Thin.otf */,
				7CCCA86C3CD44BCA88D7A3FC /* SF-Compact-Display-Ultralight.otf */,
				A22533792FD54E27BDD4BC6C /* SF-Compact-Rounded-Black.otf */,
				69FB6D95F5684CFDBBDF66B3 /* SF-Compact-Rounded-Bold.otf */,
				ABEC43C02E4841F9ABA25059 /* SF-Compact-Rounded-Heavy.otf */,
				451D99F512E04B23B94A8EB3 /* SF-Compact-Rounded-Light.otf */,
				1024C1F6826441279C3B3CF3 /* SF-Compact-Rounded-Medium.otf */,
				E4CE88BE86EF41A7845ACA30 /* SF-Compact-Rounded-Semibold.otf */,
				FC1F939A2DC7467194F5905E /* SF-Compact-Rounded-Thin.otf */,
				727C061F061B417191BAAE71 /* SF-Compact-Rounded-Ultralight.otf */,
				A01F9627B91F477EA637B20A /* SF-Compact-Text-Black.otf */,
				F61EC439245448088A972C61 /* SF-Compact-Text-BlackItalic.otf */,
				64E0C04C797B4FCDB96ADEF9 /* SF-Compact-Text-Bold.otf */,
				401FDEB295524C52ADE28B4E /* SF-Compact-Text-BoldItalic.otf */,
				E63D0ABC9B6045C1AEA807D2 /* SF-Compact-Text-Heavy.otf */,
				6581B1CFBABF4E128ED02558 /* SF-Compact-Text-HeavyItalic.otf */,
				69DF7553E8004BC499DD01B7 /* SF-Compact-Text-Light.otf */,
				C937ACFAC70E4790A0D73D51 /* SF-Compact-Text-LightItalic.otf */,
				16A68E6EBF9A4DAA8AC1F887 /* SF-Compact-Text-Medium.otf */,
				67FBA4A20AE44199B489F77F /* SF-Compact-Text-MediumItalic.otf */,
				2A17B352504F47EDB0E06480 /* SF-Compact-Text-Regular.otf */,
				21C1123F7E1E4D59A9D19710 /* SF-Compact-Text-RegularItalic.otf */,
				2D155F47124A444BA47897BB /* SF-Compact-Text-Semibold.otf */,
				BBE912D7233B4022B563EBE5 /* SF-Compact-Text-SemiboldItalic.otf */,
				BD7D30FF684948EC85CC1A96 /* SF-Compact-Text-Thin.otf */,
				7EB11D75F96C442FB422478B /* SF-Compact-Text-ThinItalic.otf */,
				0C0E971E500743498C7B9B04 /* SF-Compact-Text-Ultralight.otf */,
				591F17EB425743F8997B61D4 /* SF-Compact-Text-UltralightItalic.otf */,
				7A1CD1AABDD349A3A299C46B /* SF-Mono-Bold.otf */,
				265B5A0D84914ADE8056D704 /* SF-Mono-BoldItalic.otf */,
				518F518A5B7F4142AFC94824 /* SF-Mono-Heavy.otf */,
				28F89B79A46641EE8199CB8D /* SF-Mono-HeavyItalic.otf */,
				3EF0E6AC7A714A2686F8EFF6 /* SF-Mono-Light.otf */,
				A269831FA35E4C61AE56EC00 /* SF-Mono-LightItalic.otf */,
				AD89B982CA8844B7BC686CA7 /* SF-Mono-Medium.otf */,
				8A31CA6D95834349B0C3E4A5 /* SF-Mono-MediumItalic.otf */,
				0C3B0CEFE4B44E64A47DFDB2 /* SF-Mono-Regular.otf */,
				305BA6D3737A4BF881522FD5 /* SF-Mono-RegularItalic.otf */,
				FFAF927F060B427F8C1113E1 /* SF-Mono-Semibold.otf */,
				08D95BF2839A4595ABFD1DDA /* SF-Mono-SemiboldItalic.otf */,
				A19C281E59C540D7A11C70FE /* SF-Pro-Display-Black.otf */,
				DC17718038CD4F4ABB4A68F7 /* SF-Pro-Display-BlackItalic.otf */,
				18372CEDBA3242C499DEA628 /* SF-Pro-Display-Bold.otf */,
				F9C014FE24AB40EEA4CD04D2 /* SF-Pro-Display-BoldItalic.otf */,
				F62FABB97C834B9AAC244120 /* SF-Pro-Display-Heavy.otf */,
				0C35A3DF0039461A8BA836DC /* SF-Pro-Display-HeavyItalic.otf */,
				4A688BB377FD41BA9CEC31ED /* SF-Pro-Display-Light.otf */,
				E26643D365B84C8B9424F843 /* SF-Pro-Display-LightItalic.otf */,
				C301DC8852764952A40B4E41 /* SF-Pro-Display-Medium.otf */,
				73540D9AB9B14175A671E1CF /* SF-Pro-Display-MediumItalic.otf */,
				093450FBBC404DA99EDF3BA2 /* SF-Pro-Display-Regular.otf */,
				32E1E372356649BF93A09FB2 /* SF-Pro-Display-RegularItalic.otf */,
				3DF6D62E4A394FA1B5F9CD1A /* SF-Pro-Display-SemiboldItalic.otf */,
				1945CA90F7414F0C9B62A9FE /* SF-Pro-Display-Thin.otf */,
				52C382CBFFBB43CAA8A69DBA /* SF-Pro-Display-ThinItalic.otf */,
				95D867CBF33C4B29A5E9A689 /* SF-Pro-Display-Ultralight.otf */,
				AF08B0D48A2344A69C9D091F /* SF-Pro-Display-UltralightItalic.otf */,
				3942B94E0585421E979EE199 /* SF-Pro-Rounded-Black.otf */,
				77AD1154DA2242938907527E /* SF-Pro-Rounded-Bold.otf */,
				FA5305BBAC4F4A74A7B7CE46 /* SF-Pro-Rounded-Heavy.otf */,
				F2AC4E52441244D4B0D39805 /* SF-Pro-Rounded-Light.otf */,
				C8A4E43BC58C453BB4E828F0 /* SF-Pro-Rounded-Medium.otf */,
				819AFE2599E24E718A73B86A /* SF-Pro-Rounded-Regular.otf */,
				F6EE97ED0BBB428491F19899 /* SF-Pro-Rounded-Semibold.otf */,
				889F12429B224E39A166A433 /* SF-Pro-Rounded-Thin.otf */,
				79C8CC00FDBF4DCFB028E62F /* SF-Pro-Rounded-Ultralight.otf */,
				E1378EBE6FBC406A80AB2475 /* SF-Pro-Text-Black.otf */,
				E8DE9A900C7E4AAAAD6C674E /* SF-Pro-Text-BlackItalic.otf */,
				5F8E2CDE99894CFC8DFCE62F /* SF-Pro-Text-Bold.otf */,
				A7CDD55806FF4ECF9D1A2660 /* SF-Pro-Text-BoldItalic.otf */,
				F25049549DD4409A901CD4A2 /* SF-Pro-Text-Heavy.otf */,
				045B028CB6E84904930602B0 /* SF-Pro-Text-HeavyItalic.otf */,
				785523F2D97B4F73BD838D28 /* SF-Pro-Text-Light.otf */,
				59931E74876549DE96027339 /* SF-Pro-Text-LightItalic.otf */,
				DA19B11055B04A299FC69B27 /* SF-Pro-Text-Medium.otf */,
				7C8F52637E46490ABC372BEF /* SF-Pro-Text-MediumItalic.otf */,
				DD61A423BA4547808DF0AB6D /* SF-Pro-Text-RegularItalic.otf */,
				6ED9E39F32224A299C47DABB /* SF-Pro-Text-Semibold.otf */,
				EF172D6291874BFAB5368763 /* SF-Pro-Text-SemiboldItalic.otf */,
				08B0743E5EF146A89C2E69E5 /* SF-Pro-Text-Thin.otf */,
				15C59B8DF2D14C8197BF8DDF /* SF-Pro-Text-ThinItalic.otf */,
				E1A7DE2D166D42D0876990E5 /* SF-Pro-Text-Ultralight.otf */,
				EFFDF4CFECB340E19423A6E3 /* SF-Pro-Text-UltralightItalic.otf */,
			);
			name = Resources;
			sourceTree = "<group>";
			path = "";
		};
/* End PBXGroup section */

/* Begin PBXNativeTarget section */
		00E356ED1AD99517003FC87E /* JAYUTests */ = {
			isa = PBXNativeTarget;
			buildConfigurationList = 00E357021AD99517003FC87E /* Build configuration list for PBXNativeTarget "JAYUTests" */;
			buildPhases = (
				DC1E9944BE71E1D4532B259A /* [CP] Check Pods Manifest.lock */,
				00E356EA1AD99517003FC87E /* Sources */,
				00E356EB1AD99517003FC87E /* Frameworks */,
				00E356EC1AD99517003FC87E /* Resources */,
			);
			buildRules = (
			);
			dependencies = (
				00E356F51AD99517003FC87E /* PBXTargetDependency */,
			);
			name = JAYUTests;
			productName = JAYUTests;
			productReference = 00E356EE1AD99517003FC87E /* JAYUTests.xctest */;
			productType = "com.apple.product-type.bundle.unit-test";
		};
		13B07F861A680F5B00A75B9A /* JAYU */ = {
			isa = PBXNativeTarget;
			buildConfigurationList = 13B07F931A680F5B00A75B9A /* Build configuration list for PBXNativeTarget "JAYU" */;
			buildPhases = (
				E8C2F46E4800B256FE54CB08 /* [CP] Check Pods Manifest.lock */,
				FD10A7F022414F080027D42C /* Start Packager */,
				13B07F871A680F5B00A75B9A /* Sources */,
				13B07F8C1A680F5B00A75B9A /* Frameworks */,
				13B07F8E1A680F5B00A75B9A /* Resources */,
				00DD1BFF1BD5951E006B06BC /* Bundle React Native code and images */,
			);
			buildRules = (
			);
			dependencies = (
			);
			name = JAYU;
			productName = JAYU;
			productReference = 13B07F961A680F5B00A75B9A /* JAYU.app */;
			productType = "com.apple.product-type.application";
		};
		2D02E47A1E0B4A5D006451C7 /* JAYU-tvOS */ = {
			isa = PBXNativeTarget;
			buildConfigurationList = 2D02E4BA1E0B4A5E006451C7 /* Build configuration list for PBXNativeTarget "JAYU-tvOS" */;
			buildPhases = (
				6E4F215DDE7E7DD242BD5445 /* [CP] Check Pods Manifest.lock */,
				FD10A7F122414F3F0027D42C /* Start Packager */,
				2D02E4771E0B4A5D006451C7 /* Sources */,
				2D02E4781E0B4A5D006451C7 /* Frameworks */,
				2D02E4791E0B4A5D006451C7 /* Resources */,
				2D02E4CB1E0B4B27006451C7 /* Bundle React Native Code And Images */,
			);
			buildRules = (
			);
			dependencies = (
			);
			name = "JAYU-tvOS";
			productName = "JAYU-tvOS";
			productReference = 2D02E47B1E0B4A5D006451C7 /* JAYU-tvOS.app */;
			productType = "com.apple.product-type.application";
		};
		2D02E48F1E0B4A5D006451C7 /* JAYU-tvOSTests */ = {
			isa = PBXNativeTarget;
			buildConfigurationList = 2D02E4BB1E0B4A5E006451C7 /* Build configuration list for PBXNativeTarget "JAYU-tvOSTests" */;
			buildPhases = (
				7EAB41365A11EAA5CDB38330 /* [CP] Check Pods Manifest.lock */,
				2D02E48C1E0B4A5D006451C7 /* Sources */,
				2D02E48D1E0B4A5D006451C7 /* Frameworks */,
				2D02E48E1E0B4A5D006451C7 /* Resources */,
			);
			buildRules = (
			);
			dependencies = (
				2D02E4921E0B4A5D006451C7 /* PBXTargetDependency */,
			);
			name = "JAYU-tvOSTests";
			productName = "JAYU-tvOSTests";
			productReference = 2D02E4901E0B4A5D006451C7 /* JAYU-tvOSTests.xctest */;
			productType = "com.apple.product-type.bundle.unit-test";
		};
/* End PBXNativeTarget section */

/* Begin PBXProject section */
		83CBB9F71A601CBA00E9B192 /* Project object */ = {
			isa = PBXProject;
			attributes = {
				LastUpgradeCheck = 940;
				ORGANIZATIONNAME = Facebook;
				TargetAttributes = {
					00E356ED1AD99517003FC87E = {
						CreatedOnToolsVersion = 6.2;
						TestTargetID = 13B07F861A680F5B00A75B9A;
					};
					2D02E47A1E0B4A5D006451C7 = {
						CreatedOnToolsVersion = 8.2.1;
						ProvisioningStyle = Automatic;
					};
					2D02E48F1E0B4A5D006451C7 = {
						CreatedOnToolsVersion = 8.2.1;
						ProvisioningStyle = Automatic;
						TestTargetID = 2D02E47A1E0B4A5D006451C7;
					};
				};
			};
			buildConfigurationList = 83CBB9FA1A601CBA00E9B192 /* Build configuration list for PBXProject "JAYU" */;
			compatibilityVersion = "Xcode 3.2";
			developmentRegion = English;
			hasScannedForEncodings = 0;
			knownRegions = (
				en,
				Base,
			);
			mainGroup = 83CBB9F61A601CBA00E9B192;
			productRefGroup = 83CBBA001A601CBA00E9B192 /* Products */;
			projectDirPath = "";
			projectRoot = "";
			targets = (
				13B07F861A680F5B00A75B9A /* JAYU */,
				00E356ED1AD99517003FC87E /* JAYUTests */,
				2D02E47A1E0B4A5D006451C7 /* JAYU-tvOS */,
				2D02E48F1E0B4A5D006451C7 /* JAYU-tvOSTests */,
			);
		};
/* End PBXProject section */

/* Begin PBXResourcesBuildPhase section */
		00E356EC1AD99517003FC87E /* Resources */ = {
			isa = PBXResourcesBuildPhase;
			buildActionMask = 2147483647;
			files = (
			);
			runOnlyForDeploymentPostprocessing = 0;
		};
		13B07F8E1A680F5B00A75B9A /* Resources */ = {
			isa = PBXResourcesBuildPhase;
			buildActionMask = 2147483647;
			files = (
				13B07FBF1A68108700A75B9A /* Images.xcassets in Resources */,
				13B07FBD1A68108700A75B9A /* LaunchScreen.xib in Resources */,
				652ED1D236E24284BAF9D34A /* SF-Pro-Display-Semibold.otf in Resources */,
				9F38BE198E684DCB9F46E2A2 /* SF-Compact-Rounded-Regular.otf in Resources */,
				30397BC2F0BC41C6B5F41B43 /* SF-Pro-Text-Regular.otf in Resources */,
				309F3D35D0EE4CC6B4D48373 /* SF-Compact-Display-Black.otf in Resources */,
				1F1200F254784833827F599B /* SF-Compact-Display-Bold.otf in Resources */,
				08D5ACF7F4CD48B7870839CC /* SF-Compact-Display-Heavy.otf in Resources */,
				F7CD7E15DB3B423D9FB99F17 /* SF-Compact-Display-Light.otf in Resources */,
				394BE370B924492FAFD839E6 /* SF-Compact-Display-Medium.otf in Resources */,
				B2A9360EAFDF4140A9E7490E /* SF-Compact-Display-Regular.otf in Resources */,
				84DF621129094650AA4168AD /* SF-Compact-Display-Semibold.otf in Resources */,
				74423D0F69194BF98885CCFE /* SF-Compact-Display-Thin.otf in Resources */,
				B135733F14BC449E8BE50F49 /* SF-Compact-Display-Ultralight.otf in Resources */,
				118000EA343A4891A5B2D970 /* SF-Compact-Rounded-Black.otf in Resources */,
				EC093F5DCCBC4A47A6605024 /* SF-Compact-Rounded-Bold.otf in Resources */,
				4FB0F60D5D6141A19D7D2847 /* SF-Compact-Rounded-Heavy.otf in Resources */,
				EF9C979F3B4646279DC25FF3 /* SF-Compact-Rounded-Light.otf in Resources */,
				1E5E6FF54B904411A54EDAB3 /* SF-Compact-Rounded-Medium.otf in Resources */,
				6006BDB041154CA58D7C32BB /* SF-Compact-Rounded-Semibold.otf in Resources */,
				DED1DB623155461C96BC7C59 /* SF-Compact-Rounded-Thin.otf in Resources */,
				0A35EEF3BB104DD4A1A3ACF3 /* SF-Compact-Rounded-Ultralight.otf in Resources */,
				B23239DDCAA340CEB2E3D089 /* SF-Compact-Text-Black.otf in Resources */,
				2A0CDBABC8A349F5A16C6F47 /* SF-Compact-Text-BlackItalic.otf in Resources */,
				EE87579DA92844E481014124 /* SF-Compact-Text-Bold.otf in Resources */,
				E6B005FEF39E4A2A99477B8E /* SF-Compact-Text-BoldItalic.otf in Resources */,
				01794ECE7E404803AECE185B /* SF-Compact-Text-Heavy.otf in Resources */,
				13D692EED56148A59FB6304E /* SF-Compact-Text-HeavyItalic.otf in Resources */,
				396A097303AB47AA8864C3F2 /* SF-Compact-Text-Light.otf in Resources */,
				7E3D1E382AA346B8B47D3EB2 /* SF-Compact-Text-LightItalic.otf in Resources */,
				06B393D4A2414567A1E16466 /* SF-Compact-Text-Medium.otf in Resources */,
				577D931B12AA498CA7B8E401 /* SF-Compact-Text-MediumItalic.otf in Resources */,
				0C320F1555D940C28BAD643D /* SF-Compact-Text-Regular.otf in Resources */,
				44AC01654F11499BBEBD963B /* SF-Compact-Text-RegularItalic.otf in Resources */,
				CF3FEDE345E84550A7C01FFA /* SF-Compact-Text-Semibold.otf in Resources */,
				36CB9CDB8F984EA1877CC509 /* SF-Compact-Text-SemiboldItalic.otf in Resources */,
				211F887B44D243239AE50F5B /* SF-Compact-Text-Thin.otf in Resources */,
				33ECCB1B7E434180AC50E7F1 /* SF-Compact-Text-ThinItalic.otf in Resources */,
				838F53EE0F48489AA34AFD15 /* SF-Compact-Text-Ultralight.otf in Resources */,
				83F74B9316544326A717E7F8 /* SF-Compact-Text-UltralightItalic.otf in Resources */,
				EE1D4F75696C4DF0A34ECDA9 /* SF-Mono-Bold.otf in Resources */,
				625281D7F2BB4219AD856BC6 /* SF-Mono-BoldItalic.otf in Resources */,
				88F1E1BF18804C1282C95238 /* SF-Mono-Heavy.otf in Resources */,
				72CFF3A1E3484F4B95FE5028 /* SF-Mono-HeavyItalic.otf in Resources */,
				DF13E891D66A43FB993F1D1A /* SF-Mono-Light.otf in Resources */,
				3F843EAB1CC84D08BA9AC1AF /* SF-Mono-LightItalic.otf in Resources */,
				FB943E2CAFEB4CCBA141BC14 /* SF-Mono-Medium.otf in Resources */,
				B5DC866629B04E949144BDBB /* SF-Mono-MediumItalic.otf in Resources */,
				42C730A65A0D4FC68F88259D /* SF-Mono-Regular.otf in Resources */,
				E3B807B75E1346A7AD4123E1 /* SF-Mono-RegularItalic.otf in Resources */,
				FDF12CFD67D543E992AC6C44 /* SF-Mono-Semibold.otf in Resources */,
				5B5BE5FAFD6A4F30B1E89A8E /* SF-Mono-SemiboldItalic.otf in Resources */,
				B76E492AF5F049898424135E /* SF-Pro-Display-Black.otf in Resources */,
				E6571D4D3F86480285E414E9 /* SF-Pro-Display-BlackItalic.otf in Resources */,
				CD0C661FE9504BBB9E85F40D /* SF-Pro-Display-Bold.otf in Resources */,
				80666542CF40406F940CBBFC /* SF-Pro-Display-BoldItalic.otf in Resources */,
				A635A3ABC3094CE4B717E93B /* SF-Pro-Display-Heavy.otf in Resources */,
				5DA347CF003040198489DA5F /* SF-Pro-Display-HeavyItalic.otf in Resources */,
				FFD330BB026D4845A5A81ED7 /* SF-Pro-Display-Light.otf in Resources */,
				6558563CB2CB46108766A093 /* SF-Pro-Display-LightItalic.otf in Resources */,
				2CB7C99137074B86A6153389 /* SF-Pro-Display-Medium.otf in Resources */,
				18F44B4723FB420CBFA26E3B /* SF-Pro-Display-MediumItalic.otf in Resources */,
				88434C0F675D4DCD8425B5BC /* SF-Pro-Display-Regular.otf in Resources */,
				332C16FFC8944837900D6021 /* SF-Pro-Display-RegularItalic.otf in Resources */,
				0ECF0AAAEE874B4CAA26BF2F /* SF-Pro-Display-SemiboldItalic.otf in Resources */,
				2672C4162F0B46BA99C751E2 /* SF-Pro-Display-Thin.otf in Resources */,
				6CE43CC648534AD29D56256D /* SF-Pro-Display-ThinItalic.otf in Resources */,
				D3CDA5D89BF24C92BA17866D /* SF-Pro-Display-Ultralight.otf in Resources */,
				8F26F67B6B14437F8CC64A1C /* SF-Pro-Display-UltralightItalic.otf in Resources */,
				0A35CF8333FE4E6395101F5B /* SF-Pro-Rounded-Black.otf in Resources */,
				84FD7412CC824D11A1F4E57B /* SF-Pro-Rounded-Bold.otf in Resources */,
				1E43A006C2E646E8980B2FC0 /* SF-Pro-Rounded-Heavy.otf in Resources */,
				5ECD25F6908D4EDE9C1613E2 /* SF-Pro-Rounded-Light.otf in Resources */,
				613D4668AF3F4CEDBA42C5CE /* SF-Pro-Rounded-Medium.otf in Resources */,
				64843AC0448A4384B80A8B93 /* SF-Pro-Rounded-Regular.otf in Resources */,
				12F13BDA9D614249B76F3967 /* SF-Pro-Rounded-Semibold.otf in Resources */,
				06F5A501E4384E32941AC8C9 /* SF-Pro-Rounded-Thin.otf in Resources */,
				9C0D9C09A29948CDAA13C280 /* SF-Pro-Rounded-Ultralight.otf in Resources */,
				E59B843603F4498EBEB379DC /* SF-Pro-Text-Black.otf in Resources */,
				144C0DD6C4DA4D9EAD767299 /* SF-Pro-Text-BlackItalic.otf in Resources */,
				83B93019AAF24165A3EA7B35 /* SF-Pro-Text-Bold.otf in Resources */,
				07D0C9BB119F4EBB9161F4F9 /* SF-Pro-Text-BoldItalic.otf in Resources */,
				AAEEFD5CAA16416FBF4AFB35 /* SF-Pro-Text-Heavy.otf in Resources */,
				43C0E7757FC0436EB33E5516 /* SF-Pro-Text-HeavyItalic.otf in Resources */,
				C81ECBBD022F469EB3EDF75D /* SF-Pro-Text-Light.otf in Resources */,
				F22D866198364BEAA3251384 /* SF-Pro-Text-LightItalic.otf in Resources */,
				7DEB82370BF04390986577D3 /* SF-Pro-Text-Medium.otf in Resources */,
				317CEC2A65D64504A4F83561 /* SF-Pro-Text-MediumItalic.otf in Resources */,
				4D42EC64D35144E59DC779E7 /* SF-Pro-Text-RegularItalic.otf in Resources */,
				5261550F8D6F4478868D57D4 /* SF-Pro-Text-Semibold.otf in Resources */,
				35A5466DFB8E41E7A75BB8B9 /* SF-Pro-Text-SemiboldItalic.otf in Resources */,
				14DC8674E224463A98007C60 /* SF-Pro-Text-Thin.otf in Resources */,
				404F468F753845B5888D6DB3 /* SF-Pro-Text-ThinItalic.otf in Resources */,
				318633BBFD334608816944D0 /* SF-Pro-Text-Ultralight.otf in Resources */,
				54C2E215A0994D9B80200DCD /* SF-Pro-Text-UltralightItalic.otf in Resources */,
			);
			runOnlyForDeploymentPostprocessing = 0;
		};
		2D02E4791E0B4A5D006451C7 /* Resources */ = {
			isa = PBXResourcesBuildPhase;
			buildActionMask = 2147483647;
			files = (
				2D02E4BD1E0B4A84006451C7 /* Images.xcassets in Resources */,
			);
			runOnlyForDeploymentPostprocessing = 0;
		};
		2D02E48E1E0B4A5D006451C7 /* Resources */ = {
			isa = PBXResourcesBuildPhase;
			buildActionMask = 2147483647;
			files = (
			);
			runOnlyForDeploymentPostprocessing = 0;
		};
/* End PBXResourcesBuildPhase section */

/* Begin PBXShellScriptBuildPhase section */
		00DD1BFF1BD5951E006B06BC /* Bundle React Native code and images */ = {
			isa = PBXShellScriptBuildPhase;
			buildActionMask = 2147483647;
			files = (
			);
			inputPaths = (
			);
			name = "Bundle React Native code and images";
			outputPaths = (
			);
			runOnlyForDeploymentPostprocessing = 0;
			shellPath = /bin/sh;
			shellScript = "export NODE_BINARY=node\n../node_modules/react-native/scripts/react-native-xcode.sh";
		};
		2D02E4CB1E0B4B27006451C7 /* Bundle React Native Code And Images */ = {
			isa = PBXShellScriptBuildPhase;
			buildActionMask = 2147483647;
			files = (
			);
			inputPaths = (
			);
			name = "Bundle React Native Code And Images";
			outputPaths = (
			);
			runOnlyForDeploymentPostprocessing = 0;
			shellPath = /bin/sh;
			shellScript = "export NODE_BINARY=node\n../node_modules/react-native/scripts/react-native-xcode.sh";
		};
		6E4F215DDE7E7DD242BD5445 /* [CP] Check Pods Manifest.lock */ = {
			isa = PBXShellScriptBuildPhase;
			buildActionMask = 2147483647;
			files = (
			);
			inputFileListPaths = (
			);
			inputPaths = (
				"${PODS_PODFILE_DIR_PATH}/Podfile.lock",
				"${PODS_ROOT}/Manifest.lock",
			);
			name = "[CP] Check Pods Manifest.lock";
			outputFileListPaths = (
			);
			outputPaths = (
				"$(DERIVED_FILE_DIR)/Pods-JAYU-tvOS-checkManifestLockResult.txt",
			);
			runOnlyForDeploymentPostprocessing = 0;
			shellPath = /bin/sh;
			shellScript = "diff \"${PODS_PODFILE_DIR_PATH}/Podfile.lock\" \"${PODS_ROOT}/Manifest.lock\" > /dev/null\nif [ $? != 0 ] ; then\n    # print error to STDERR\n    echo \"error: The sandbox is not in sync with the Podfile.lock. Run 'pod install' or update your CocoaPods installation.\" >&2\n    exit 1\nfi\n# This output is used by Xcode 'outputs' to avoid re-running this script phase.\necho \"SUCCESS\" > \"${SCRIPT_OUTPUT_FILE_0}\"\n";
			showEnvVarsInLog = 0;
		};
		7EAB41365A11EAA5CDB38330 /* [CP] Check Pods Manifest.lock */ = {
			isa = PBXShellScriptBuildPhase;
			buildActionMask = 2147483647;
			files = (
			);
			inputFileListPaths = (
			);
			inputPaths = (
				"${PODS_PODFILE_DIR_PATH}/Podfile.lock",
				"${PODS_ROOT}/Manifest.lock",
			);
			name = "[CP] Check Pods Manifest.lock";
			outputFileListPaths = (
			);
			outputPaths = (
				"$(DERIVED_FILE_DIR)/Pods-JAYU-tvOSTests-checkManifestLockResult.txt",
			);
			runOnlyForDeploymentPostprocessing = 0;
			shellPath = /bin/sh;
			shellScript = "diff \"${PODS_PODFILE_DIR_PATH}/Podfile.lock\" \"${PODS_ROOT}/Manifest.lock\" > /dev/null\nif [ $? != 0 ] ; then\n    # print error to STDERR\n    echo \"error: The sandbox is not in sync with the Podfile.lock. Run 'pod install' or update your CocoaPods installation.\" >&2\n    exit 1\nfi\n# This output is used by Xcode 'outputs' to avoid re-running this script phase.\necho \"SUCCESS\" > \"${SCRIPT_OUTPUT_FILE_0}\"\n";
			showEnvVarsInLog = 0;
		};
		DC1E9944BE71E1D4532B259A /* [CP] Check Pods Manifest.lock */ = {
			isa = PBXShellScriptBuildPhase;
			buildActionMask = 2147483647;
			files = (
			);
			inputFileListPaths = (
			);
			inputPaths = (
				"${PODS_PODFILE_DIR_PATH}/Podfile.lock",
				"${PODS_ROOT}/Manifest.lock",
			);
			name = "[CP] Check Pods Manifest.lock";
			outputFileListPaths = (
			);
			outputPaths = (
				"$(DERIVED_FILE_DIR)/Pods-JAYUTests-checkManifestLockResult.txt",
			);
			runOnlyForDeploymentPostprocessing = 0;
			shellPath = /bin/sh;
			shellScript = "diff \"${PODS_PODFILE_DIR_PATH}/Podfile.lock\" \"${PODS_ROOT}/Manifest.lock\" > /dev/null\nif [ $? != 0 ] ; then\n    # print error to STDERR\n    echo \"error: The sandbox is not in sync with the Podfile.lock. Run 'pod install' or update your CocoaPods installation.\" >&2\n    exit 1\nfi\n# This output is used by Xcode 'outputs' to avoid re-running this script phase.\necho \"SUCCESS\" > \"${SCRIPT_OUTPUT_FILE_0}\"\n";
			showEnvVarsInLog = 0;
		};
		E8C2F46E4800B256FE54CB08 /* [CP] Check Pods Manifest.lock */ = {
			isa = PBXShellScriptBuildPhase;
			buildActionMask = 2147483647;
			files = (
			);
			inputFileListPaths = (
			);
			inputPaths = (
				"${PODS_PODFILE_DIR_PATH}/Podfile.lock",
				"${PODS_ROOT}/Manifest.lock",
			);
			name = "[CP] Check Pods Manifest.lock";
			outputFileListPaths = (
			);
			outputPaths = (
				"$(DERIVED_FILE_DIR)/Pods-JAYU-checkManifestLockResult.txt",
			);
			runOnlyForDeploymentPostprocessing = 0;
			shellPath = /bin/sh;
			shellScript = "diff \"${PODS_PODFILE_DIR_PATH}/Podfile.lock\" \"${PODS_ROOT}/Manifest.lock\" > /dev/null\nif [ $? != 0 ] ; then\n    # print error to STDERR\n    echo \"error: The sandbox is not in sync with the Podfile.lock. Run 'pod install' or update your CocoaPods installation.\" >&2\n    exit 1\nfi\n# This output is used by Xcode 'outputs' to avoid re-running this script phase.\necho \"SUCCESS\" > \"${SCRIPT_OUTPUT_FILE_0}\"\n";
			showEnvVarsInLog = 0;
		};
		FD10A7F022414F080027D42C /* Start Packager */ = {
			isa = PBXShellScriptBuildPhase;
			buildActionMask = 2147483647;
			files = (
			);
			inputFileListPaths = (
			);
			inputPaths = (
			);
			name = "Start Packager";
			outputFileListPaths = (
			);
			outputPaths = (
			);
			runOnlyForDeploymentPostprocessing = 0;
			shellPath = /bin/sh;
			shellScript = "export RCT_METRO_PORT=\"${RCT_METRO_PORT:=8081}\"\necho \"export RCT_METRO_PORT=${RCT_METRO_PORT}\" > \"${SRCROOT}/../node_modules/react-native/scripts/.packager.env\"\nif [ -z \"${RCT_NO_LAUNCH_PACKAGER+xxx}\" ] ; then\n  if nc -w 5 -z localhost ${RCT_METRO_PORT} ; then\n    if ! curl -s \"http://localhost:${RCT_METRO_PORT}/status\" | grep -q \"packager-status:running\" ; then\n      echo \"Port ${RCT_METRO_PORT} already in use, packager is either not running or not running correctly\"\n      exit 2\n    fi\n  else\n    open \"$SRCROOT/../node_modules/react-native/scripts/launchPackager.command\" || echo \"Can't start packager automatically\"\n  fi\nfi\n";
			showEnvVarsInLog = 0;
		};
		FD10A7F122414F3F0027D42C /* Start Packager */ = {
			isa = PBXShellScriptBuildPhase;
			buildActionMask = 2147483647;
			files = (
			);
			inputFileListPaths = (
			);
			inputPaths = (
			);
			name = "Start Packager";
			outputFileListPaths = (
			);
			outputPaths = (
			);
			runOnlyForDeploymentPostprocessing = 0;
			shellPath = /bin/sh;
			shellScript = "export RCT_METRO_PORT=\"${RCT_METRO_PORT:=8081}\"\necho \"export RCT_METRO_PORT=${RCT_METRO_PORT}\" > \"${SRCROOT}/../node_modules/react-native/scripts/.packager.env\"\nif [ -z \"${RCT_NO_LAUNCH_PACKAGER+xxx}\" ] ; then\n  if nc -w 5 -z localhost ${RCT_METRO_PORT} ; then\n    if ! curl -s \"http://localhost:${RCT_METRO_PORT}/status\" | grep -q \"packager-status:running\" ; then\n      echo \"Port ${RCT_METRO_PORT} already in use, packager is either not running or not running correctly\"\n      exit 2\n    fi\n  else\n    open \"$SRCROOT/../node_modules/react-native/scripts/launchPackager.command\" || echo \"Can't start packager automatically\"\n  fi\nfi\n";
			showEnvVarsInLog = 0;
		};
/* End PBXShellScriptBuildPhase section */

/* Begin PBXSourcesBuildPhase section */
		00E356EA1AD99517003FC87E /* Sources */ = {
			isa = PBXSourcesBuildPhase;
			buildActionMask = 2147483647;
			files = (
				00E356F31AD99517003FC87E /* JAYUTests.m in Sources */,
			);
			runOnlyForDeploymentPostprocessing = 0;
		};
		13B07F871A680F5B00A75B9A /* Sources */ = {
			isa = PBXSourcesBuildPhase;
			buildActionMask = 2147483647;
			files = (
				13B07FBC1A68108700A75B9A /* AppDelegate.m in Sources */,
				13B07FC11A68108700A75B9A /* main.m in Sources */,
			);
			runOnlyForDeploymentPostprocessing = 0;
		};
		2D02E4771E0B4A5D006451C7 /* Sources */ = {
			isa = PBXSourcesBuildPhase;
			buildActionMask = 2147483647;
			files = (
				2D02E4BF1E0B4AB3006451C7 /* main.m in Sources */,
				2D02E4BC1E0B4A80006451C7 /* AppDelegate.m in Sources */,
			);
			runOnlyForDeploymentPostprocessing = 0;
		};
		2D02E48C1E0B4A5D006451C7 /* Sources */ = {
			isa = PBXSourcesBuildPhase;
			buildActionMask = 2147483647;
			files = (
				2DCD954D1E0B4F2C00145EB5 /* JAYUTests.m in Sources */,
			);
			runOnlyForDeploymentPostprocessing = 0;
		};
/* End PBXSourcesBuildPhase section */

/* Begin PBXTargetDependency section */
		00E356F51AD99517003FC87E /* PBXTargetDependency */ = {
			isa = PBXTargetDependency;
			target = 13B07F861A680F5B00A75B9A /* JAYU */;
			targetProxy = 00E356F41AD99517003FC87E /* PBXContainerItemProxy */;
		};
		2D02E4921E0B4A5D006451C7 /* PBXTargetDependency */ = {
			isa = PBXTargetDependency;
			target = 2D02E47A1E0B4A5D006451C7 /* JAYU-tvOS */;
			targetProxy = 2D02E4911E0B4A5D006451C7 /* PBXContainerItemProxy */;
		};
/* End PBXTargetDependency section */

/* Begin PBXVariantGroup section */
		13B07FB11A68108700A75B9A /* LaunchScreen.xib */ = {
			isa = PBXVariantGroup;
			children = (
				13B07FB21A68108700A75B9A /* Base */,
			);
			name = LaunchScreen.xib;
			path = JAYU;
			sourceTree = "<group>";
		};
/* End PBXVariantGroup section */

/* Begin XCBuildConfiguration section */
		00E356F61AD99517003FC87E /* Debug */ = {
			isa = XCBuildConfiguration;
			baseConfigurationReference = E6855CD77390B93CD9BE8B50 /* Pods-JAYUTests.debug.xcconfig */;
			buildSettings = {
				BUNDLE_LOADER = "$(TEST_HOST)";
				GCC_PREPROCESSOR_DEFINITIONS = (
					"DEBUG=1",
					"$(inherited)",
				);
				INFOPLIST_FILE = JAYUTests/Info.plist;
				IPHONEOS_DEPLOYMENT_TARGET = 9.0;
				LD_RUNPATH_SEARCH_PATHS = "$(inherited) @executable_path/Frameworks @loader_path/Frameworks";
				OTHER_LDFLAGS = (
					"-ObjC",
					"-lc++",
					"$(inherited)",
				);
				PRODUCT_BUNDLE_IDENTIFIER = "org.reactjs.native.example.$(PRODUCT_NAME:rfc1034identifier)";
				PRODUCT_NAME = "$(TARGET_NAME)";
				TEST_HOST = "$(BUILT_PRODUCTS_DIR)/JAYU.app/JAYU";
			};
			name = Debug;
		};
		00E356F71AD99517003FC87E /* Release */ = {
			isa = XCBuildConfiguration;
			baseConfigurationReference = 16A9AC9CF15F4E6C87E27C1A /* Pods-JAYUTests.release.xcconfig */;
			buildSettings = {
				BUNDLE_LOADER = "$(TEST_HOST)";
				COPY_PHASE_STRIP = NO;
				INFOPLIST_FILE = JAYUTests/Info.plist;
				IPHONEOS_DEPLOYMENT_TARGET = 9.0;
				LD_RUNPATH_SEARCH_PATHS = "$(inherited) @executable_path/Frameworks @loader_path/Frameworks";
				OTHER_LDFLAGS = (
					"-ObjC",
					"-lc++",
					"$(inherited)",
				);
				PRODUCT_BUNDLE_IDENTIFIER = "org.reactjs.native.example.$(PRODUCT_NAME:rfc1034identifier)";
				PRODUCT_NAME = "$(TARGET_NAME)";
				TEST_HOST = "$(BUILT_PRODUCTS_DIR)/JAYU.app/JAYU";
			};
			name = Release;
		};
		13B07F941A680F5B00A75B9A /* Debug */ = {
			isa = XCBuildConfiguration;
			baseConfigurationReference = 3D44226AC7E86F5918A6AC64 /* Pods-JAYU.debug.xcconfig */;
			buildSettings = {
				ASSETCATALOG_COMPILER_APPICON_NAME = AppIcon;
				CURRENT_PROJECT_VERSION = 1;
				DEAD_CODE_STRIPPING = NO;
				INFOPLIST_FILE = JAYU/Info.plist;
				LD_RUNPATH_SEARCH_PATHS = "$(inherited) @executable_path/Frameworks";
				OTHER_LDFLAGS = (
					"$(inherited)",
					"-ObjC",
					"-lc++",
				);
				PRODUCT_BUNDLE_IDENTIFIER = "org.reactjs.native.example.$(PRODUCT_NAME:rfc1034identifier)";
				PRODUCT_NAME = JAYU;
				VERSIONING_SYSTEM = "apple-generic";
			};
			name = Debug;
		};
		13B07F951A680F5B00A75B9A /* Release */ = {
			isa = XCBuildConfiguration;
			baseConfigurationReference = 3124F3CD68C5605A3A64CA00 /* Pods-JAYU.release.xcconfig */;
			buildSettings = {
				ASSETCATALOG_COMPILER_APPICON_NAME = AppIcon;
				CURRENT_PROJECT_VERSION = 1;
				INFOPLIST_FILE = JAYU/Info.plist;
				LD_RUNPATH_SEARCH_PATHS = "$(inherited) @executable_path/Frameworks";
				OTHER_LDFLAGS = (
					"$(inherited)",
					"-ObjC",
					"-lc++",
				);
				PRODUCT_BUNDLE_IDENTIFIER = "org.reactjs.native.example.$(PRODUCT_NAME:rfc1034identifier)";
				PRODUCT_NAME = JAYU;
				VERSIONING_SYSTEM = "apple-generic";
			};
			name = Release;
		};
		2D02E4971E0B4A5E006451C7 /* Debug */ = {
			isa = XCBuildConfiguration;
			baseConfigurationReference = 00862B5FEDE31C507D870626 /* Pods-JAYU-tvOS.debug.xcconfig */;
			buildSettings = {
				ASSETCATALOG_COMPILER_APPICON_NAME = "App Icon & Top Shelf Image";
				ASSETCATALOG_COMPILER_LAUNCHIMAGE_NAME = LaunchImage;
				CLANG_ANALYZER_NONNULL = YES;
				CLANG_WARN_DOCUMENTATION_COMMENTS = YES;
				CLANG_WARN_INFINITE_RECURSION = YES;
				CLANG_WARN_SUSPICIOUS_MOVE = YES;
				DEBUG_INFORMATION_FORMAT = dwarf;
				ENABLE_TESTABILITY = YES;
				GCC_NO_COMMON_BLOCKS = YES;
				INFOPLIST_FILE = "JAYU-tvOS/Info.plist";
				LD_RUNPATH_SEARCH_PATHS = "$(inherited) @executable_path/Frameworks";
				OTHER_LDFLAGS = (
					"$(inherited)",
					"-ObjC",
					"-lc++",
				);
				PRODUCT_BUNDLE_IDENTIFIER = "com.facebook.REACT.JAYU-tvOS";
				PRODUCT_NAME = "$(TARGET_NAME)";
				SDKROOT = appletvos;
				TARGETED_DEVICE_FAMILY = 3;
				TVOS_DEPLOYMENT_TARGET = 9.2;
			};
			name = Debug;
		};
		2D02E4981E0B4A5E006451C7 /* Release */ = {
			isa = XCBuildConfiguration;
			baseConfigurationReference = B6BE03E389A887F2E20E0428 /* Pods-JAYU-tvOS.release.xcconfig */;
			buildSettings = {
				ASSETCATALOG_COMPILER_APPICON_NAME = "App Icon & Top Shelf Image";
				ASSETCATALOG_COMPILER_LAUNCHIMAGE_NAME = LaunchImage;
				CLANG_ANALYZER_NONNULL = YES;
				CLANG_WARN_DOCUMENTATION_COMMENTS = YES;
				CLANG_WARN_INFINITE_RECURSION = YES;
				CLANG_WARN_SUSPICIOUS_MOVE = YES;
				COPY_PHASE_STRIP = NO;
				DEBUG_INFORMATION_FORMAT = "dwarf-with-dsym";
				GCC_NO_COMMON_BLOCKS = YES;
				INFOPLIST_FILE = "JAYU-tvOS/Info.plist";
				LD_RUNPATH_SEARCH_PATHS = "$(inherited) @executable_path/Frameworks";
				OTHER_LDFLAGS = (
					"$(inherited)",
					"-ObjC",
					"-lc++",
				);
				PRODUCT_BUNDLE_IDENTIFIER = "com.facebook.REACT.JAYU-tvOS";
				PRODUCT_NAME = "$(TARGET_NAME)";
				SDKROOT = appletvos;
				TARGETED_DEVICE_FAMILY = 3;
				TVOS_DEPLOYMENT_TARGET = 9.2;
			};
			name = Release;
		};
		2D02E4991E0B4A5E006451C7 /* Debug */ = {
			isa = XCBuildConfiguration;
			baseConfigurationReference = 83148A1BB4B7AD80A71E3E32 /* Pods-JAYU-tvOSTests.debug.xcconfig */;
			buildSettings = {
				BUNDLE_LOADER = "$(TEST_HOST)";
				CLANG_ANALYZER_NONNULL = YES;
				CLANG_WARN_DOCUMENTATION_COMMENTS = YES;
				CLANG_WARN_INFINITE_RECURSION = YES;
				CLANG_WARN_SUSPICIOUS_MOVE = YES;
				DEBUG_INFORMATION_FORMAT = dwarf;
				ENABLE_TESTABILITY = YES;
				GCC_NO_COMMON_BLOCKS = YES;
				INFOPLIST_FILE = "JAYU-tvOSTests/Info.plist";
				LD_RUNPATH_SEARCH_PATHS = "$(inherited) @executable_path/Frameworks @loader_path/Frameworks";
				OTHER_LDFLAGS = (
					"$(inherited)",
					"-ObjC",
					"-lc++",
				);
				PRODUCT_BUNDLE_IDENTIFIER = "com.facebook.REACT.JAYU-tvOSTests";
				PRODUCT_NAME = "$(TARGET_NAME)";
				SDKROOT = appletvos;
				TEST_HOST = "$(BUILT_PRODUCTS_DIR)/JAYU-tvOS.app/JAYU-tvOS";
				TVOS_DEPLOYMENT_TARGET = 10.1;
			};
			name = Debug;
		};
		2D02E49A1E0B4A5E006451C7 /* Release */ = {
			isa = XCBuildConfiguration;
			baseConfigurationReference = 64C71165C271385C860A1210 /* Pods-JAYU-tvOSTests.release.xcconfig */;
			buildSettings = {
				BUNDLE_LOADER = "$(TEST_HOST)";
				CLANG_ANALYZER_NONNULL = YES;
				CLANG_WARN_DOCUMENTATION_COMMENTS = YES;
				CLANG_WARN_INFINITE_RECURSION = YES;
				CLANG_WARN_SUSPICIOUS_MOVE = YES;
				COPY_PHASE_STRIP = NO;
				DEBUG_INFORMATION_FORMAT = "dwarf-with-dsym";
				GCC_NO_COMMON_BLOCKS = YES;
				INFOPLIST_FILE = "JAYU-tvOSTests/Info.plist";
				LD_RUNPATH_SEARCH_PATHS = "$(inherited) @executable_path/Frameworks @loader_path/Frameworks";
				OTHER_LDFLAGS = (
					"$(inherited)",
					"-ObjC",
					"-lc++",
				);
				PRODUCT_BUNDLE_IDENTIFIER = "com.facebook.REACT.JAYU-tvOSTests";
				PRODUCT_NAME = "$(TARGET_NAME)";
				SDKROOT = appletvos;
				TEST_HOST = "$(BUILT_PRODUCTS_DIR)/JAYU-tvOS.app/JAYU-tvOS";
				TVOS_DEPLOYMENT_TARGET = 10.1;
			};
			name = Release;
		};
		83CBBA201A601CBA00E9B192 /* Debug */ = {
			isa = XCBuildConfiguration;
			buildSettings = {
				ALWAYS_SEARCH_USER_PATHS = NO;
				CLANG_CXX_LANGUAGE_STANDARD = "gnu++0x";
				CLANG_CXX_LIBRARY = "libc++";
				CLANG_ENABLE_MODULES = YES;
				CLANG_ENABLE_OBJC_ARC = YES;
				CLANG_WARN_BLOCK_CAPTURE_AUTORELEASING = YES;
				CLANG_WARN_BOOL_CONVERSION = YES;
				CLANG_WARN_COMMA = YES;
				CLANG_WARN_CONSTANT_CONVERSION = YES;
				CLANG_WARN_DEPRECATED_OBJC_IMPLEMENTATIONS = YES;
				CLANG_WARN_DIRECT_OBJC_ISA_USAGE = YES_ERROR;
				CLANG_WARN_EMPTY_BODY = YES;
				CLANG_WARN_ENUM_CONVERSION = YES;
				CLANG_WARN_INFINITE_RECURSION = YES;
				CLANG_WARN_INT_CONVERSION = YES;
				CLANG_WARN_NON_LITERAL_NULL_CONVERSION = YES;
				CLANG_WARN_OBJC_IMPLICIT_RETAIN_SELF = YES;
				CLANG_WARN_OBJC_LITERAL_CONVERSION = YES;
				CLANG_WARN_OBJC_ROOT_CLASS = YES_ERROR;
				CLANG_WARN_RANGE_LOOP_ANALYSIS = YES;
				CLANG_WARN_STRICT_PROTOTYPES = YES;
				CLANG_WARN_SUSPICIOUS_MOVE = YES;
				CLANG_WARN_UNREACHABLE_CODE = YES;
				CLANG_WARN__DUPLICATE_METHOD_MATCH = YES;
				"CODE_SIGN_IDENTITY[sdk=iphoneos*]" = "iPhone Developer";
				COPY_PHASE_STRIP = NO;
				ENABLE_STRICT_OBJC_MSGSEND = YES;
				ENABLE_TESTABILITY = YES;
				GCC_C_LANGUAGE_STANDARD = gnu99;
				GCC_DYNAMIC_NO_PIC = NO;
				GCC_NO_COMMON_BLOCKS = YES;
				GCC_OPTIMIZATION_LEVEL = 0;
				GCC_PREPROCESSOR_DEFINITIONS = (
					"DEBUG=1",
					"$(inherited)",
				);
				GCC_SYMBOLS_PRIVATE_EXTERN = NO;
				GCC_WARN_64_TO_32_BIT_CONVERSION = YES;
				GCC_WARN_ABOUT_RETURN_TYPE = YES_ERROR;
				GCC_WARN_UNDECLARED_SELECTOR = YES;
				GCC_WARN_UNINITIALIZED_AUTOS = YES_AGGRESSIVE;
				GCC_WARN_UNUSED_FUNCTION = YES;
				GCC_WARN_UNUSED_VARIABLE = YES;
				IPHONEOS_DEPLOYMENT_TARGET = 9.0;
				MTL_ENABLE_DEBUG_INFO = YES;
				ONLY_ACTIVE_ARCH = YES;
				SDKROOT = iphoneos;
			};
			name = Debug;
		};
		83CBBA211A601CBA00E9B192 /* Release */ = {
			isa = XCBuildConfiguration;
			buildSettings = {
				ALWAYS_SEARCH_USER_PATHS = NO;
				CLANG_CXX_LANGUAGE_STANDARD = "gnu++0x";
				CLANG_CXX_LIBRARY = "libc++";
				CLANG_ENABLE_MODULES = YES;
				CLANG_ENABLE_OBJC_ARC = YES;
				CLANG_WARN_BLOCK_CAPTURE_AUTORELEASING = YES;
				CLANG_WARN_BOOL_CONVERSION = YES;
				CLANG_WARN_COMMA = YES;
				CLANG_WARN_CONSTANT_CONVERSION = YES;
				CLANG_WARN_DEPRECATED_OBJC_IMPLEMENTATIONS = YES;
				CLANG_WARN_DIRECT_OBJC_ISA_USAGE = YES_ERROR;
				CLANG_WARN_EMPTY_BODY = YES;
				CLANG_WARN_ENUM_CONVERSION = YES;
				CLANG_WARN_INFINITE_RECURSION = YES;
				CLANG_WARN_INT_CONVERSION = YES;
				CLANG_WARN_NON_LITERAL_NULL_CONVERSION = YES;
				CLANG_WARN_OBJC_IMPLICIT_RETAIN_SELF = YES;
				CLANG_WARN_OBJC_LITERAL_CONVERSION = YES;
				CLANG_WARN_OBJC_ROOT_CLASS = YES_ERROR;
				CLANG_WARN_RANGE_LOOP_ANALYSIS = YES;
				CLANG_WARN_STRICT_PROTOTYPES = YES;
				CLANG_WARN_SUSPICIOUS_MOVE = YES;
				CLANG_WARN_UNREACHABLE_CODE = YES;
				CLANG_WARN__DUPLICATE_METHOD_MATCH = YES;
				"CODE_SIGN_IDENTITY[sdk=iphoneos*]" = "iPhone Developer";
				COPY_PHASE_STRIP = YES;
				ENABLE_NS_ASSERTIONS = NO;
				ENABLE_STRICT_OBJC_MSGSEND = YES;
				GCC_C_LANGUAGE_STANDARD = gnu99;
				GCC_NO_COMMON_BLOCKS = YES;
				GCC_WARN_64_TO_32_BIT_CONVERSION = YES;
				GCC_WARN_ABOUT_RETURN_TYPE = YES_ERROR;
				GCC_WARN_UNDECLARED_SELECTOR = YES;
				GCC_WARN_UNINITIALIZED_AUTOS = YES_AGGRESSIVE;
				GCC_WARN_UNUSED_FUNCTION = YES;
				GCC_WARN_UNUSED_VARIABLE = YES;
				IPHONEOS_DEPLOYMENT_TARGET = 9.0;
				MTL_ENABLE_DEBUG_INFO = NO;
				SDKROOT = iphoneos;
				VALIDATE_PRODUCT = YES;
			};
			name = Release;
		};
/* End XCBuildConfiguration section */

/* Begin XCConfigurationList section */
		00E357021AD99517003FC87E /* Build configuration list for PBXNativeTarget "JAYUTests" */ = {
			isa = XCConfigurationList;
			buildConfigurations = (
				00E356F61AD99517003FC87E /* Debug */,
				00E356F71AD99517003FC87E /* Release */,
			);
			defaultConfigurationIsVisible = 0;
			defaultConfigurationName = Release;
		};
		13B07F931A680F5B00A75B9A /* Build configuration list for PBXNativeTarget "JAYU" */ = {
			isa = XCConfigurationList;
			buildConfigurations = (
				13B07F941A680F5B00A75B9A /* Debug */,
				13B07F951A680F5B00A75B9A /* Release */,
			);
			defaultConfigurationIsVisible = 0;
			defaultConfigurationName = Release;
		};
		2D02E4BA1E0B4A5E006451C7 /* Build configuration list for PBXNativeTarget "JAYU-tvOS" */ = {
			isa = XCConfigurationList;
			buildConfigurations = (
				2D02E4971E0B4A5E006451C7 /* Debug */,
				2D02E4981E0B4A5E006451C7 /* Release */,
			);
			defaultConfigurationIsVisible = 0;
			defaultConfigurationName = Release;
		};
		2D02E4BB1E0B4A5E006451C7 /* Build configuration list for PBXNativeTarget "JAYU-tvOSTests" */ = {
			isa = XCConfigurationList;
			buildConfigurations = (
				2D02E4991E0B4A5E006451C7 /* Debug */,
				2D02E49A1E0B4A5E006451C7 /* Release */,
			);
			defaultConfigurationIsVisible = 0;
			defaultConfigurationName = Release;
		};
		83CBB9FA1A601CBA00E9B192 /* Build configuration list for PBXProject "JAYU" */ = {
			isa = XCConfigurationList;
			buildConfigurations = (
				83CBBA201A601CBA00E9B192 /* Debug */,
				83CBBA211A601CBA00E9B192 /* Release */,
			);
			defaultConfigurationIsVisible = 0;
			defaultConfigurationName = Release;
		};
/* End XCConfigurationList section */
	};
	rootObject = 83CBB9F71A601CBA00E9B192 /* Project object */;
}
