// !$*UTF8*$!
{
	archiveVersion = 1;
	classes = {
	};
	objectVersion = 46;
	objects = {
/* Begin PBXBuildFile section */
		00E356F31AD99517003FC87E /* JAYUTests.m in Sources */ = {isa = PBXBuildFile; fileRef = 00E356F21AD99517003FC87E /* JAYUTests.m */; };
		0853FF64945330DFD24CBDFF /* libPods-JAYU.a in Frameworks */ = {isa = PBXBuildFile; fileRef = 893C89A3C3DC911BD0E2DADD /* libPods-JAYU.a */; };
		13B07FBC1A68108700A75B9A /* AppDelegate.m in Sources */ = {isa = PBXBuildFile; fileRef = 13B07FB01A68108700A75B9A /* AppDelegate.m */; };
		13B07FBD1A68108700A75B9A /* LaunchScreen.xib in Resources */ = {isa = PBXBuildFile; fileRef = 13B07FB11A68108700A75B9A /* LaunchScreen.xib */; };
		13B07FBF1A68108700A75B9A /* Images.xcassets in Resources */ = {isa = PBXBuildFile; fileRef = 13B07FB51A68108700A75B9A /* Images.xcassets */; };
		13B07FC11A68108700A75B9A /* main.m in Sources */ = {isa = PBXBuildFile; fileRef = 13B07FB71A68108700A75B9A /* main.m */; };
		2D02E4BC1E0B4A80006451C7 /* AppDelegate.m in Sources */ = {isa = PBXBuildFile; fileRef = 13B07FB01A68108700A75B9A /* AppDelegate.m */; };
		2D02E4BD1E0B4A84006451C7 /* Images.xcassets in Resources */ = {isa = PBXBuildFile; fileRef = 13B07FB51A68108700A75B9A /* Images.xcassets */; };
		2D02E4BF1E0B4AB3006451C7 /* main.m in Sources */ = {isa = PBXBuildFile; fileRef = 13B07FB71A68108700A75B9A /* main.m */; };
		2DCD954D1E0B4F2C00145EB5 /* JAYUTests.m in Sources */ = {isa = PBXBuildFile; fileRef = 00E356F21AD99517003FC87E /* JAYUTests.m */; };
		36D81E0301B0F7CF662E25A5 /* libPods-JAYU-tvOS.a in Frameworks */ = {isa = PBXBuildFile; fileRef = E2ECA5F74FBF137F6476BCFE /* libPods-JAYU-tvOS.a */; };
		B160D07DD9ABFDBAD211A540 /* libPods-JAYU-tvOSTests.a in Frameworks */ = {isa = PBXBuildFile; fileRef = 2DE709DFEE24401A894888E5 /* libPods-JAYU-tvOSTests.a */; };
		F031C5B325918DE18D5A9A8B /* libPods-JAYUTests.a in Frameworks */ = {isa = PBXBuildFile; fileRef = 2600C2B015B1A3A34BEF496D /* libPods-JAYUTests.a */; };
		65040C510E0046F78BAEE18A /* SF-Compact-Display-Black.otf in Resources */ = {isa = PBXBuildFile; fileRef = 65C53A2974D34C0DB93985E3 /* SF-Compact-Display-Black.otf */; };
		7D0B712CB7A5457B98FA007C /* SF-Compact-Display-Bold.otf in Resources */ = {isa = PBXBuildFile; fileRef = 18652E4CC91D4CAA8EC768ED /* SF-Compact-Display-Bold.otf */; };
		FB917487E7CD4B3B94C64CFE /* SF-Compact-Display-Heavy.otf in Resources */ = {isa = PBXBuildFile; fileRef = 77E5FC36A9E4427B8A037005 /* SF-Compact-Display-Heavy.otf */; };
		5C7E2E9E19624434A065AFA1 /* SF-Compact-Display-Light.otf in Resources */ = {isa = PBXBuildFile; fileRef = 0A8AE30A650E4163B92FE6D9 /* SF-Compact-Display-Light.otf */; };
		CEA6373D10034BE98EB4C777 /* SF-Compact-Display-Medium.otf in Resources */ = {isa = PBXBuildFile; fileRef = 8FEC812E8E624793BDC2DBA7 /* SF-Compact-Display-Medium.otf */; };
		0F009AEEC35A49558542076C /* SF-Compact-Display-Regular.otf in Resources */ = {isa = PBXBuildFile; fileRef = F856576F9D4748478EBF41F9 /* SF-Compact-Display-Regular.otf */; };
		A516FCB6E7914F89BF5F9BF8 /* SF-Compact-Display-Semibold.otf in Resources */ = {isa = PBXBuildFile; fileRef = 74FF077E103C42BF8265719B /* SF-Compact-Display-Semibold.otf */; };
		E4DC75681DCD4872BBDC6D6F /* SF-Compact-Display-Thin.otf in Resources */ = {isa = PBXBuildFile; fileRef = 2E7366636C8D44DB95324ED3 /* SF-Compact-Display-Thin.otf */; };
		C013E9658AEB4A349DC042FA /* SF-Compact-Display-Ultralight.otf in Resources */ = {isa = PBXBuildFile; fileRef = 7C66C949FD8F4E4182CC32FB /* SF-Compact-Display-Ultralight.otf */; };
		3DBB2B54245449098AD49C24 /* SF-Compact-Rounded-Black.otf in Resources */ = {isa = PBXBuildFile; fileRef = D1C77F2B5BC4454A89FA556B /* SF-Compact-Rounded-Black.otf */; };
		AF6F8C3573524C87981AB211 /* SF-Compact-Rounded-Bold.otf in Resources */ = {isa = PBXBuildFile; fileRef = 9A0D5C50B3A74387898EDE9B /* SF-Compact-Rounded-Bold.otf */; };
		5F11333C0F0C4790A714CFD8 /* SF-Compact-Rounded-Heavy.otf in Resources */ = {isa = PBXBuildFile; fileRef = AFA544EF002842849F6E9A11 /* SF-Compact-Rounded-Heavy.otf */; };
		BACC3FA7A0E34125A5400F72 /* SF-Compact-Rounded-Light.otf in Resources */ = {isa = PBXBuildFile; fileRef = A259FD5FCF94409B8ACE4AEA /* SF-Compact-Rounded-Light.otf */; };
		C50B8B47B18C4A52A602E2FD /* SF-Compact-Rounded-Medium.otf in Resources */ = {isa = PBXBuildFile; fileRef = 3E671648FBBB43619926E7DA /* SF-Compact-Rounded-Medium.otf */; };
		426B46B60AF845FAB62A299F /* SF-Compact-Rounded-Regular.otf in Resources */ = {isa = PBXBuildFile; fileRef = 2C68E5844E324134B1DEFB64 /* SF-Compact-Rounded-Regular.otf */; };
		A7664DCE06A142E3841F51C0 /* SF-Compact-Rounded-Semibold.otf in Resources */ = {isa = PBXBuildFile; fileRef = 2CC2718FA9D04FFAB6D5451C /* SF-Compact-Rounded-Semibold.otf */; };
		B77C870AC949455BBF91AD0F /* SF-Compact-Rounded-Thin.otf in Resources */ = {isa = PBXBuildFile; fileRef = F3DF4A48E5D549C2BB6FBB71 /* SF-Compact-Rounded-Thin.otf */; };
		8EE257ED5EEF4CD7A733C788 /* SF-Compact-Rounded-Ultralight.otf in Resources */ = {isa = PBXBuildFile; fileRef = 7DD77B86E8874D09869B072C /* SF-Compact-Rounded-Ultralight.otf */; };
		74B9CCDA07424107B662E5FE /* SF-Compact-Text-Black.otf in Resources */ = {isa = PBXBuildFile; fileRef = 29F0A64E0E444F12955BFF17 /* SF-Compact-Text-Black.otf */; };
		7D616545F1AB48DC93B23794 /* SF-Compact-Text-BlackItalic.otf in Resources */ = {isa = PBXBuildFile; fileRef = 120DA7DB3E7043B68EBFE898 /* SF-Compact-Text-BlackItalic.otf */; };
		5F58004631204DAD9D91A324 /* SF-Compact-Text-Bold.otf in Resources */ = {isa = PBXBuildFile; fileRef = E9DB20EB91DE446F8756EB26 /* SF-Compact-Text-Bold.otf */; };
		821622392D814713AE99DAD2 /* SF-Compact-Text-BoldItalic.otf in Resources */ = {isa = PBXBuildFile; fileRef = F064403837C14B0989DFA9A2 /* SF-Compact-Text-BoldItalic.otf */; };
		EF5DC5D3BB4B4E33B6FD3568 /* SF-Compact-Text-Heavy.otf in Resources */ = {isa = PBXBuildFile; fileRef = E064DD1C217945CA993B9F02 /* SF-Compact-Text-Heavy.otf */; };
		0D10C94E3FB34AE9AA0B01E4 /* SF-Compact-Text-HeavyItalic.otf in Resources */ = {isa = PBXBuildFile; fileRef = 7EB1C7FBFAE5447C94AC0991 /* SF-Compact-Text-HeavyItalic.otf */; };
		B39176DDB0874F44BB0343EE /* SF-Compact-Text-Light.otf in Resources */ = {isa = PBXBuildFile; fileRef = B9EE1232252944749F1EDFE6 /* SF-Compact-Text-Light.otf */; };
		3EAD129CF2434210877E20A5 /* SF-Compact-Text-LightItalic.otf in Resources */ = {isa = PBXBuildFile; fileRef = D86BAF64621643358E0CCCF7 /* SF-Compact-Text-LightItalic.otf */; };
		E9DEE494F1564F8980926755 /* SF-Compact-Text-Medium.otf in Resources */ = {isa = PBXBuildFile; fileRef = E6964C464DB14F5C9F4250CE /* SF-Compact-Text-Medium.otf */; };
		A3E4AC39D8D34EF4BD37A898 /* SF-Compact-Text-MediumItalic.otf in Resources */ = {isa = PBXBuildFile; fileRef = 2A3E26769EB54123BA43FA85 /* SF-Compact-Text-MediumItalic.otf */; };
		0A4AC375461544CBB5D9250D /* SF-Compact-Text-Regular.otf in Resources */ = {isa = PBXBuildFile; fileRef = DE04481B3A7F4BD5A01714F4 /* SF-Compact-Text-Regular.otf */; };
		107BC0E198E444A99112117D /* SF-Compact-Text-RegularItalic.otf in Resources */ = {isa = PBXBuildFile; fileRef = B2653CC4128B444CBFB08C25 /* SF-Compact-Text-RegularItalic.otf */; };
		2CDD404720B546C1AF41DFC2 /* SF-Compact-Text-Semibold.otf in Resources */ = {isa = PBXBuildFile; fileRef = 2EE2FC1C7976405C8A7D3021 /* SF-Compact-Text-Semibold.otf */; };
		B80C6A21EF0E4651A91DDC9A /* SF-Compact-Text-SemiboldItalic.otf in Resources */ = {isa = PBXBuildFile; fileRef = 7FDB1D2CDC8C4DD4ACEEAD72 /* SF-Compact-Text-SemiboldItalic.otf */; };
		D88DBB4149B442BAABC22BF4 /* SF-Compact-Text-Thin.otf in Resources */ = {isa = PBXBuildFile; fileRef = 7EF49DD21C394D08B5765342 /* SF-Compact-Text-Thin.otf */; };
		467DCD61A54A4E7590DA8289 /* SF-Compact-Text-ThinItalic.otf in Resources */ = {isa = PBXBuildFile; fileRef = 87109AA263CC40469876EDEC /* SF-Compact-Text-ThinItalic.otf */; };
		845D6D1A6CD6490C8949BF1E /* SF-Compact-Text-Ultralight.otf in Resources */ = {isa = PBXBuildFile; fileRef = AC6F51BDAF3F4F60939C4503 /* SF-Compact-Text-Ultralight.otf */; };
		231A7A0CE863491FBD43FEF5 /* SF-Compact-Text-UltralightItalic.otf in Resources */ = {isa = PBXBuildFile; fileRef = FF1D46A9B59F4845BC793EE9 /* SF-Compact-Text-UltralightItalic.otf */; };
		0550C75CBABF4B38B1534103 /* SF-Mono-Bold.otf in Resources */ = {isa = PBXBuildFile; fileRef = 175AE2653E304AC7A62FDA25 /* SF-Mono-Bold.otf */; };
		B7FDC80F62C04E429B2F0AAF /* SF-Mono-BoldItalic.otf in Resources */ = {isa = PBXBuildFile; fileRef = 04B20A387FAB408EAABD8B6B /* SF-Mono-BoldItalic.otf */; };
		4CEF32816B96484E82A78C61 /* SF-Mono-Heavy.otf in Resources */ = {isa = PBXBuildFile; fileRef = 127CC7D413B84C2BBAD985A4 /* SF-Mono-Heavy.otf */; };
		DC8BFB4CDC784F4AA37365C7 /* SF-Mono-HeavyItalic.otf in Resources */ = {isa = PBXBuildFile; fileRef = 06A210EDDC0B4DAA82D874D7 /* SF-Mono-HeavyItalic.otf */; };
		80F3116B073A435DAFD5BACA /* SF-Mono-Light.otf in Resources */ = {isa = PBXBuildFile; fileRef = C26587867B644D71A9E40C4D /* SF-Mono-Light.otf */; };
		506A28FDD0174DD687A8D86F /* SF-Mono-LightItalic.otf in Resources */ = {isa = PBXBuildFile; fileRef = 99ED76AC96C646C1BF352689 /* SF-Mono-LightItalic.otf */; };
		4A1B502FF6CB421AA8FC2EF0 /* SF-Mono-Medium.otf in Resources */ = {isa = PBXBuildFile; fileRef = 797F617F20C74609882B5475 /* SF-Mono-Medium.otf */; };
		297770C5072347DFBD9322BE /* SF-Mono-MediumItalic.otf in Resources */ = {isa = PBXBuildFile; fileRef = A4E2F20F2EC34EDF9EB91586 /* SF-Mono-MediumItalic.otf */; };
		102FC933D08C406B938BEB8E /* SF-Mono-Regular.otf in Resources */ = {isa = PBXBuildFile; fileRef = 4750351E6973481DB48A0D69 /* SF-Mono-Regular.otf */; };
		90B66ACC78A34C26B6E81BE9 /* SF-Mono-RegularItalic.otf in Resources */ = {isa = PBXBuildFile; fileRef = C9E42504C5204300820EE586 /* SF-Mono-RegularItalic.otf */; };
		05686819CA1E4221B4E2F404 /* SF-Mono-Semibold.otf in Resources */ = {isa = PBXBuildFile; fileRef = 17A60F4CF423432A9BC15ED3 /* SF-Mono-Semibold.otf */; };
		E45BB3BDFF97443D8F967A8F /* SF-Mono-SemiboldItalic.otf in Resources */ = {isa = PBXBuildFile; fileRef = 6E8D8A9B15AA4A96A00B318D /* SF-Mono-SemiboldItalic.otf */; };
		5A372AFC3B724C6688E2983D /* SF-Pro-Display-Black.otf in Resources */ = {isa = PBXBuildFile; fileRef = 957816C56671492984CFBAF3 /* SF-Pro-Display-Black.otf */; };
		049A71FC86CA4377BE5DBFAB /* SF-Pro-Display-BlackItalic.otf in Resources */ = {isa = PBXBuildFile; fileRef = 9D0EDBF4AF6244218CD9EF01 /* SF-Pro-Display-BlackItalic.otf */; };
		C032AE51EEA54203A965EC8B /* SF-Pro-Display-Bold.otf in Resources */ = {isa = PBXBuildFile; fileRef = AA39962834D74777A80F3881 /* SF-Pro-Display-Bold.otf */; };
		358846D18591485A979A3F95 /* SF-Pro-Display-BoldItalic.otf in Resources */ = {isa = PBXBuildFile; fileRef = 2DB10038853541828D535FAC /* SF-Pro-Display-BoldItalic.otf */; };
		E15234F4531B4190A918C546 /* SF-Pro-Display-Heavy.otf in Resources */ = {isa = PBXBuildFile; fileRef = 05A83E128109453896AEBFA3 /* SF-Pro-Display-Heavy.otf */; };
		42EEEFB41A794E4595A3335A /* SF-Pro-Display-HeavyItalic.otf in Resources */ = {isa = PBXBuildFile; fileRef = 491EDEFF079D4C5E8A63DDDE /* SF-Pro-Display-HeavyItalic.otf */; };
		83C06BDD872346E8B2C33F20 /* SF-Pro-Display-Light.otf in Resources */ = {isa = PBXBuildFile; fileRef = 537775B8E964464AAFF6E444 /* SF-Pro-Display-Light.otf */; };
		4EE0F5EF4DD04010A2698A7F /* SF-Pro-Display-LightItalic.otf in Resources */ = {isa = PBXBuildFile; fileRef = F5F638FB3449402BB92FC768 /* SF-Pro-Display-LightItalic.otf */; };
		1CB50E2099CC46E08A50FE6C /* SF-Pro-Display-Medium.otf in Resources */ = {isa = PBXBuildFile; fileRef = 23A2452A2FF84F3682D4B83F /* SF-Pro-Display-Medium.otf */; };
		80C759707FC349E5A1ED90F9 /* SF-Pro-Display-MediumItalic.otf in Resources */ = {isa = PBXBuildFile; fileRef = E6E778994FC1446DA50D579C /* SF-Pro-Display-MediumItalic.otf */; };
		77E1B81896A44718A1DFE8F8 /* SF-Pro-Display-Regular.otf in Resources */ = {isa = PBXBuildFile; fileRef = 4E9BAB19A4BE4609B6AC3B57 /* SF-Pro-Display-Regular.otf */; };
		8EF98177173748A496194EC5 /* SF-Pro-Display-RegularItalic.otf in Resources */ = {isa = PBXBuildFile; fileRef = 97A3858D6C20438486A56DE9 /* SF-Pro-Display-RegularItalic.otf */; };
		022024ABB1C64E569D35DA9B /* SF-Pro-Display-Semibold.otf in Resources */ = {isa = PBXBuildFile; fileRef = E7560875684A49FD83F49184 /* SF-Pro-Display-Semibold.otf */; };
		65F7FA10ACA24BA7A19E1F39 /* SF-Pro-Display-SemiboldItalic.otf in Resources */ = {isa = PBXBuildFile; fileRef = BF8AF62C56A4451C84A02E75 /* SF-Pro-Display-SemiboldItalic.otf */; };
		5829F49099AF4F88900A16FB /* SF-Pro-Display-Thin.otf in Resources */ = {isa = PBXBuildFile; fileRef = C25CBA386A07421794157D93 /* SF-Pro-Display-Thin.otf */; };
		600021AC81404861A17FC969 /* SF-Pro-Display-ThinItalic.otf in Resources */ = {isa = PBXBuildFile; fileRef = 88066C561E764B66BE01C75B /* SF-Pro-Display-ThinItalic.otf */; };
		832B47E149D74666A1BAC507 /* SF-Pro-Display-Ultralight.otf in Resources */ = {isa = PBXBuildFile; fileRef = 16B0F77C3AB44BC4A0029819 /* SF-Pro-Display-Ultralight.otf */; };
		28B0C20FCDED44C5805CE0CA /* SF-Pro-Display-UltralightItalic.otf in Resources */ = {isa = PBXBuildFile; fileRef = 15AA4B47318F47F79C088220 /* SF-Pro-Display-UltralightItalic.otf */; };
		F252E35941274CEDBCA50908 /* SF-Pro-Rounded-Black.otf in Resources */ = {isa = PBXBuildFile; fileRef = 4C0D0B407C404AB1A01DC296 /* SF-Pro-Rounded-Black.otf */; };
		E4E6CC96714F4D808F830CD7 /* SF-Pro-Rounded-Bold.otf in Resources */ = {isa = PBXBuildFile; fileRef = 7069EBDD3FE1495AAF24BA9D /* SF-Pro-Rounded-Bold.otf */; };
		41198046B14C419D914DC074 /* SF-Pro-Rounded-Heavy.otf in Resources */ = {isa = PBXBuildFile; fileRef = 30137268CF6644968B03C247 /* SF-Pro-Rounded-Heavy.otf */; };
		2FFA3890CA734D4DA602875B /* SF-Pro-Rounded-Light.otf in Resources */ = {isa = PBXBuildFile; fileRef = E8D5060F8795493BBDA10C60 /* SF-Pro-Rounded-Light.otf */; };
		67F696429B4A44C7A247371A /* SF-Pro-Rounded-Medium.otf in Resources */ = {isa = PBXBuildFile; fileRef = A2EBC87C3A9843ED86217B62 /* SF-Pro-Rounded-Medium.otf */; };
		97F32A2511E742B98C56054A /* SF-Pro-Rounded-Regular.otf in Resources */ = {isa = PBXBuildFile; fileRef = 4B886C513EA1493A9473153A /* SF-Pro-Rounded-Regular.otf */; };
		06718D52A4C3426289CBE8A4 /* SF-Pro-Rounded-Semibold.otf in Resources */ = {isa = PBXBuildFile; fileRef = DD4BCFC120AE4F04A011E9BA /* SF-Pro-Rounded-Semibold.otf */; };
		F4322EBCD1E94BCCBA62A90E /* SF-Pro-Rounded-Thin.otf in Resources */ = {isa = PBXBuildFile; fileRef = 7921C1E9E21348B282524DE0 /* SF-Pro-Rounded-Thin.otf */; };
		425DAE7E890749CCA6C9BBA7 /* SF-Pro-Rounded-Ultralight.otf in Resources */ = {isa = PBXBuildFile; fileRef = AC6287F3232146D7A92A43CB /* SF-Pro-Rounded-Ultralight.otf */; };
		E4AAF6EA42CB4223AA4521D5 /* SF-Pro-Text-Black.otf in Resources */ = {isa = PBXBuildFile; fileRef = 835D5737260C450BAE864495 /* SF-Pro-Text-Black.otf */; };
		E565765C199D464582F8BCA3 /* SF-Pro-Text-BlackItalic.otf in Resources */ = {isa = PBXBuildFile; fileRef = 6E3E635BB263456D8F548677 /* SF-Pro-Text-BlackItalic.otf */; };
		460FA1BF582E4DCA84C22182 /* SF-Pro-Text-Bold.otf in Resources */ = {isa = PBXBuildFile; fileRef = 50C320EE8D2F4CB183810AAF /* SF-Pro-Text-Bold.otf */; };
		1930E37930474AC297909D86 /* SF-Pro-Text-BoldItalic.otf in Resources */ = {isa = PBXBuildFile; fileRef = 1588DEBDFCE749F5BC5D3951 /* SF-Pro-Text-BoldItalic.otf */; };
		8E7C49DBBB2E470E99C8F425 /* SF-Pro-Text-Heavy.otf in Resources */ = {isa = PBXBuildFile; fileRef = 0F85C16534BF4D8DAFE2E534 /* SF-Pro-Text-Heavy.otf */; };
		0FB22113ABB144F3B8EFD7C6 /* SF-Pro-Text-HeavyItalic.otf in Resources */ = {isa = PBXBuildFile; fileRef = 891E933749DB4E1DA6E8EA37 /* SF-Pro-Text-HeavyItalic.otf */; };
		4143EF7C71F64746A9C3DCD3 /* SF-Pro-Text-Light.otf in Resources */ = {isa = PBXBuildFile; fileRef = 03D57031504C48A2B67C6713 /* SF-Pro-Text-Light.otf */; };
		7CB9C79CF0BE44EDAA3D530B /* SF-Pro-Text-LightItalic.otf in Resources */ = {isa = PBXBuildFile; fileRef = C8731FF841464695949C15EA /* SF-Pro-Text-LightItalic.otf */; };
		87D1856B60034611AAE09B83 /* SF-Pro-Text-Medium.otf in Resources */ = {isa = PBXBuildFile; fileRef = 9BE5AF75B769462C86DD38E5 /* SF-Pro-Text-Medium.otf */; };
		66AAB6A6F7324D738DB88800 /* SF-Pro-Text-MediumItalic.otf in Resources */ = {isa = PBXBuildFile; fileRef = 2CBAE966ED794D36A6AABDC0 /* SF-Pro-Text-MediumItalic.otf */; };
		38B1C35BFC3B433CB9BA1664 /* SF-Pro-Text-Regular.otf in Resources */ = {isa = PBXBuildFile; fileRef = 3DE26232C9D74F5F9E0EEA42 /* SF-Pro-Text-Regular.otf */; };
		320CFD86C163476585B6C053 /* SF-Pro-Text-RegularItalic.otf in Resources */ = {isa = PBXBuildFile; fileRef = 498433204F4C4CF28BF99668 /* SF-Pro-Text-RegularItalic.otf */; };
		4CA4CA7936E1404BBB632F48 /* SF-Pro-Text-Semibold.otf in Resources */ = {isa = PBXBuildFile; fileRef = 0DAB326E958F4BEE86CB5F46 /* SF-Pro-Text-Semibold.otf */; };
		8312918686C04800BA2D035D /* SF-Pro-Text-SemiboldItalic.otf in Resources */ = {isa = PBXBuildFile; fileRef = 528EA2AA28C749C59BC11D9A /* SF-Pro-Text-SemiboldItalic.otf */; };
		AF0D237CFD7241BA920F9BD3 /* SF-Pro-Text-Thin.otf in Resources */ = {isa = PBXBuildFile; fileRef = F81E8E6588CF4F5AADDB2FEC /* SF-Pro-Text-Thin.otf */; };
		2B18DC11826D4583ADD9A333 /* SF-Pro-Text-ThinItalic.otf in Resources */ = {isa = PBXBuildFile; fileRef = A21EE276453848A38A0DD1D0 /* SF-Pro-Text-ThinItalic.otf */; };
		3092C303BFA448FD941022D3 /* SF-Pro-Text-Ultralight.otf in Resources */ = {isa = PBXBuildFile; fileRef = 2222F9420468478088F889FF /* SF-Pro-Text-Ultralight.otf */; };
		65D9970E8CBA45FFA2C65149 /* SF-Pro-Text-UltralightItalic.otf in Resources */ = {isa = PBXBuildFile; fileRef = A609AE535FF14962B87164D2 /* SF-Pro-Text-UltralightItalic.otf */; };
/* End PBXBuildFile section */

/* Begin PBXContainerItemProxy section */
		00E356F41AD99517003FC87E /* PBXContainerItemProxy */ = {
			isa = PBXContainerItemProxy;
			containerPortal = 83CBB9F71A601CBA00E9B192 /* Project object */;
			proxyType = 1;
			remoteGlobalIDString = 13B07F861A680F5B00A75B9A;
			remoteInfo = JAYU;
		};
		2D02E4911E0B4A5D006451C7 /* PBXContainerItemProxy */ = {
			isa = PBXContainerItemProxy;
			containerPortal = 83CBB9F71A601CBA00E9B192 /* Project object */;
			proxyType = 1;
			remoteGlobalIDString = 2D02E47A1E0B4A5D006451C7;
			remoteInfo = "JAYU-tvOS";
		};
/* End PBXContainerItemProxy section */

/* Begin PBXFileReference section */
		008F07F21AC5B25A0029DE68 /* main.jsbundle */ = {isa = PBXFileReference; fileEncoding = 4; lastKnownFileType = text; path = main.jsbundle; sourceTree = "<group>"; };
		00E356EE1AD99517003FC87E /* JAYUTests.xctest */ = {isa = PBXFileReference; explicitFileType = wrapper.cfbundle; includeInIndex = 0; path = JAYUTests.xctest; sourceTree = BUILT_PRODUCTS_DIR; };
		00E356F11AD99517003FC87E /* Info.plist */ = {isa = PBXFileReference; lastKnownFileType = text.plist.xml; path = Info.plist; sourceTree = "<group>"; };
		00E356F21AD99517003FC87E /* JAYUTests.m */ = {isa = PBXFileReference; lastKnownFileType = sourcecode.c.objc; path = JAYUTests.m; sourceTree = "<group>"; };
		05B855154DABDBE5DDA4296B /* Pods-JAYUTests.debug.xcconfig */ = {isa = PBXFileReference; includeInIndex = 1; lastKnownFileType = text.xcconfig; name = "Pods-JAYUTests.debug.xcconfig"; path = "Target Support Files/Pods-JAYUTests/Pods-JAYUTests.debug.xcconfig"; sourceTree = "<group>"; };
		06503A50F5630D0B180A3422 /* Pods-JAYU-tvOS.debug.xcconfig */ = {isa = PBXFileReference; includeInIndex = 1; lastKnownFileType = text.xcconfig; name = "Pods-JAYU-tvOS.debug.xcconfig"; path = "Target Support Files/Pods-JAYU-tvOS/Pods-JAYU-tvOS.debug.xcconfig"; sourceTree = "<group>"; };
		13B07F961A680F5B00A75B9A /* JAYU.app */ = {isa = PBXFileReference; explicitFileType = wrapper.application; includeInIndex = 0; path = JAYU.app; sourceTree = BUILT_PRODUCTS_DIR; };
		13B07FAF1A68108700A75B9A /* AppDelegate.h */ = {isa = PBXFileReference; fileEncoding = 4; lastKnownFileType = sourcecode.c.h; name = AppDelegate.h; path = JAYU/AppDelegate.h; sourceTree = "<group>"; };
		13B07FB01A68108700A75B9A /* AppDelegate.m */ = {isa = PBXFileReference; fileEncoding = 4; lastKnownFileType = sourcecode.c.objc; name = AppDelegate.m; path = JAYU/AppDelegate.m; sourceTree = "<group>"; };
		13B07FB21A68108700A75B9A /* Base */ = {isa = PBXFileReference; lastKnownFileType = file.xib; name = Base; path = Base.lproj/LaunchScreen.xib; sourceTree = "<group>"; };
		13B07FB51A68108700A75B9A /* Images.xcassets */ = {isa = PBXFileReference; lastKnownFileType = folder.assetcatalog; name = Images.xcassets; path = JAYU/Images.xcassets; sourceTree = "<group>"; };
		13B07FB61A68108700A75B9A /* Info.plist */ = {isa = PBXFileReference; fileEncoding = 4; lastKnownFileType = text.plist.xml; name = Info.plist; path = JAYU/Info.plist; sourceTree = "<group>"; };
		13B07FB71A68108700A75B9A /* main.m */ = {isa = PBXFileReference; fileEncoding = 4; lastKnownFileType = sourcecode.c.objc; name = main.m; path = JAYU/main.m; sourceTree = "<group>"; };
		1FC93A7DA56EE76AC27A99F8 /* Pods-JAYU-tvOSTests.release.xcconfig */ = {isa = PBXFileReference; includeInIndex = 1; lastKnownFileType = text.xcconfig; name = "Pods-JAYU-tvOSTests.release.xcconfig"; path = "Target Support Files/Pods-JAYU-tvOSTests/Pods-JAYU-tvOSTests.release.xcconfig"; sourceTree = "<group>"; };
		2600C2B015B1A3A34BEF496D /* libPods-JAYUTests.a */ = {isa = PBXFileReference; explicitFileType = archive.ar; includeInIndex = 0; path = "libPods-JAYUTests.a"; sourceTree = BUILT_PRODUCTS_DIR; };
		2D02E47B1E0B4A5D006451C7 /* JAYU-tvOS.app */ = {isa = PBXFileReference; explicitFileType = wrapper.application; includeInIndex = 0; path = "JAYU-tvOS.app"; sourceTree = BUILT_PRODUCTS_DIR; };
		2D02E4901E0B4A5D006451C7 /* JAYU-tvOSTests.xctest */ = {isa = PBXFileReference; explicitFileType = wrapper.cfbundle; includeInIndex = 0; path = "JAYU-tvOSTests.xctest"; sourceTree = BUILT_PRODUCTS_DIR; };
		2DE709DFEE24401A894888E5 /* libPods-JAYU-tvOSTests.a */ = {isa = PBXFileReference; explicitFileType = archive.ar; includeInIndex = 0; path = "libPods-JAYU-tvOSTests.a"; sourceTree = BUILT_PRODUCTS_DIR; };
		34B88233AD3989579E36628C /* Pods-JAYU-tvOSTests.debug.xcconfig */ = {isa = PBXFileReference; includeInIndex = 1; lastKnownFileType = text.xcconfig; name = "Pods-JAYU-tvOSTests.debug.xcconfig"; path = "Target Support Files/Pods-JAYU-tvOSTests/Pods-JAYU-tvOSTests.debug.xcconfig"; sourceTree = "<group>"; };
		37E62084B53BFBD279B09ED1 /* Pods-JAYU.debug.xcconfig */ = {isa = PBXFileReference; includeInIndex = 1; lastKnownFileType = text.xcconfig; name = "Pods-JAYU.debug.xcconfig"; path = "Target Support Files/Pods-JAYU/Pods-JAYU.debug.xcconfig"; sourceTree = "<group>"; };
		5B21594C3150A3653B0D4EF6 /* Pods-JAYU.release.xcconfig */ = {isa = PBXFileReference; includeInIndex = 1; lastKnownFileType = text.xcconfig; name = "Pods-JAYU.release.xcconfig"; path = "Target Support Files/Pods-JAYU/Pods-JAYU.release.xcconfig"; sourceTree = "<group>"; };
		86B00C4D8612609770600B98 /* Pods-JAYUTests.release.xcconfig */ = {isa = PBXFileReference; includeInIndex = 1; lastKnownFileType = text.xcconfig; name = "Pods-JAYUTests.release.xcconfig"; path = "Target Support Files/Pods-JAYUTests/Pods-JAYUTests.release.xcconfig"; sourceTree = "<group>"; };
		893C89A3C3DC911BD0E2DADD /* libPods-JAYU.a */ = {isa = PBXFileReference; explicitFileType = archive.ar; includeInIndex = 0; path = "libPods-JAYU.a"; sourceTree = BUILT_PRODUCTS_DIR; };
		B8F9763232BAB183FB506E8B /* Pods-JAYU-tvOS.release.xcconfig */ = {isa = PBXFileReference; includeInIndex = 1; lastKnownFileType = text.xcconfig; name = "Pods-JAYU-tvOS.release.xcconfig"; path = "Target Support Files/Pods-JAYU-tvOS/Pods-JAYU-tvOS.release.xcconfig"; sourceTree = "<group>"; };
		E2ECA5F74FBF137F6476BCFE /* libPods-JAYU-tvOS.a */ = {isa = PBXFileReference; explicitFileType = archive.ar; includeInIndex = 0; path = "libPods-JAYU-tvOS.a"; sourceTree = BUILT_PRODUCTS_DIR; };
		ED297162215061F000B7C4FE /* JavaScriptCore.framework */ = {isa = PBXFileReference; lastKnownFileType = wrapper.framework; name = JavaScriptCore.framework; path = System/Library/Frameworks/JavaScriptCore.framework; sourceTree = SDKROOT; };
		ED2971642150620600B7C4FE /* JavaScriptCore.framework */ = {isa = PBXFileReference; lastKnownFileType = wrapper.framework; name = JavaScriptCore.framework; path = Platforms/AppleTVOS.platform/Developer/SDKs/AppleTVOS12.0.sdk/System/Library/Frameworks/JavaScriptCore.framework; sourceTree = DEVELOPER_DIR; };
		65C53A2974D34C0DB93985E3 /* SF-Compact-Display-Black.otf */ = {isa = PBXFileReference; name = "SF-Compact-Display-Black.otf"; path = "../assets/fonts/SF-Compact-Display-Black.otf"; sourceTree = "<group>"; fileEncoding = undefined; lastKnownFileType = unknown; explicitFileType = undefined; includeInIndex = 0; };
		18652E4CC91D4CAA8EC768ED /* SF-Compact-Display-Bold.otf */ = {isa = PBXFileReference; name = "SF-Compact-Display-Bold.otf"; path = "../assets/fonts/SF-Compact-Display-Bold.otf"; sourceTree = "<group>"; fileEncoding = undefined; lastKnownFileType = unknown; explicitFileType = undefined; includeInIndex = 0; };
		77E5FC36A9E4427B8A037005 /* SF-Compact-Display-Heavy.otf */ = {isa = PBXFileReference; name = "SF-Compact-Display-Heavy.otf"; path = "../assets/fonts/SF-Compact-Display-Heavy.otf"; sourceTree = "<group>"; fileEncoding = undefined; lastKnownFileType = unknown; explicitFileType = undefined; includeInIndex = 0; };
		0A8AE30A650E4163B92FE6D9 /* SF-Compact-Display-Light.otf */ = {isa = PBXFileReference; name = "SF-Compact-Display-Light.otf"; path = "../assets/fonts/SF-Compact-Display-Light.otf"; sourceTree = "<group>"; fileEncoding = undefined; lastKnownFileType = unknown; explicitFileType = undefined; includeInIndex = 0; };
		8FEC812E8E624793BDC2DBA7 /* SF-Compact-Display-Medium.otf */ = {isa = PBXFileReference; name = "SF-Compact-Display-Medium.otf"; path = "../assets/fonts/SF-Compact-Display-Medium.otf"; sourceTree = "<group>"; fileEncoding = undefined; lastKnownFileType = unknown; explicitFileType = undefined; includeInIndex = 0; };
		F856576F9D4748478EBF41F9 /* SF-Compact-Display-Regular.otf */ = {isa = PBXFileReference; name = "SF-Compact-Display-Regular.otf"; path = "../assets/fonts/SF-Compact-Display-Regular.otf"; sourceTree = "<group>"; fileEncoding = undefined; lastKnownFileType = unknown; explicitFileType = undefined; includeInIndex = 0; };
		74FF077E103C42BF8265719B /* SF-Compact-Display-Semibold.otf */ = {isa = PBXFileReference; name = "SF-Compact-Display-Semibold.otf"; path = "../assets/fonts/SF-Compact-Display-Semibold.otf"; sourceTree = "<group>"; fileEncoding = undefined; lastKnownFileType = unknown; explicitFileType = undefined; includeInIndex = 0; };
		2E7366636C8D44DB95324ED3 /* SF-Compact-Display-Thin.otf */ = {isa = PBXFileReference; name = "SF-Compact-Display-Thin.otf"; path = "../assets/fonts/SF-Compact-Display-Thin.otf"; sourceTree = "<group>"; fileEncoding = undefined; lastKnownFileType = unknown; explicitFileType = undefined; includeInIndex = 0; };
		7C66C949FD8F4E4182CC32FB /* SF-Compact-Display-Ultralight.otf */ = {isa = PBXFileReference; name = "SF-Compact-Display-Ultralight.otf"; path = "../assets/fonts/SF-Compact-Display-Ultralight.otf"; sourceTree = "<group>"; fileEncoding = undefined; lastKnownFileType = unknown; explicitFileType = undefined; includeInIndex = 0; };
		D1C77F2B5BC4454A89FA556B /* SF-Compact-Rounded-Black.otf */ = {isa = PBXFileReference; name = "SF-Compact-Rounded-Black.otf"; path = "../assets/fonts/SF-Compact-Rounded-Black.otf"; sourceTree = "<group>"; fileEncoding = undefined; lastKnownFileType = unknown; explicitFileType = undefined; includeInIndex = 0; };
		9A0D5C50B3A74387898EDE9B /* SF-Compact-Rounded-Bold.otf */ = {isa = PBXFileReference; name = "SF-Compact-Rounded-Bold.otf"; path = "../assets/fonts/SF-Compact-Rounded-Bold.otf"; sourceTree = "<group>"; fileEncoding = undefined; lastKnownFileType = unknown; explicitFileType = undefined; includeInIndex = 0; };
		AFA544EF002842849F6E9A11 /* SF-Compact-Rounded-Heavy.otf */ = {isa = PBXFileReference; name = "SF-Compact-Rounded-Heavy.otf"; path = "../assets/fonts/SF-Compact-Rounded-Heavy.otf"; sourceTree = "<group>"; fileEncoding = undefined; lastKnownFileType = unknown; explicitFileType = undefined; includeInIndex = 0; };
		A259FD5FCF94409B8ACE4AEA /* SF-Compact-Rounded-Light.otf */ = {isa = PBXFileReference; name = "SF-Compact-Rounded-Light.otf"; path = "../assets/fonts/SF-Compact-Rounded-Light.otf"; sourceTree = "<group>"; fileEncoding = undefined; lastKnownFileType = unknown; explicitFileType = undefined; includeInIndex = 0; };
		3E671648FBBB43619926E7DA /* SF-Compact-Rounded-Medium.otf */ = {isa = PBXFileReference; name = "SF-Compact-Rounded-Medium.otf"; path = "../assets/fonts/SF-Compact-Rounded-Medium.otf"; sourceTree = "<group>"; fileEncoding = undefined; lastKnownFileType = unknown; explicitFileType = undefined; includeInIndex = 0; };
		2C68E5844E324134B1DEFB64 /* SF-Compact-Rounded-Regular.otf */ = {isa = PBXFileReference; name = "SF-Compact-Rounded-Regular.otf"; path = "../assets/fonts/SF-Compact-Rounded-Regular.otf"; sourceTree = "<group>"; fileEncoding = undefined; lastKnownFileType = unknown; explicitFileType = undefined; includeInIndex = 0; };
		2CC2718FA9D04FFAB6D5451C /* SF-Compact-Rounded-Semibold.otf */ = {isa = PBXFileReference; name = "SF-Compact-Rounded-Semibold.otf"; path = "../assets/fonts/SF-Compact-Rounded-Semibold.otf"; sourceTree = "<group>"; fileEncoding = undefined; lastKnownFileType = unknown; explicitFileType = undefined; includeInIndex = 0; };
		F3DF4A48E5D549C2BB6FBB71 /* SF-Compact-Rounded-Thin.otf */ = {isa = PBXFileReference; name = "SF-Compact-Rounded-Thin.otf"; path = "../assets/fonts/SF-Compact-Rounded-Thin.otf"; sourceTree = "<group>"; fileEncoding = undefined; lastKnownFileType = unknown; explicitFileType = undefined; includeInIndex = 0; };
		7DD77B86E8874D09869B072C /* SF-Compact-Rounded-Ultralight.otf */ = {isa = PBXFileReference; name = "SF-Compact-Rounded-Ultralight.otf"; path = "../assets/fonts/SF-Compact-Rounded-Ultralight.otf"; sourceTree = "<group>"; fileEncoding = undefined; lastKnownFileType = unknown; explicitFileType = undefined; includeInIndex = 0; };
		29F0A64E0E444F12955BFF17 /* SF-Compact-Text-Black.otf */ = {isa = PBXFileReference; name = "SF-Compact-Text-Black.otf"; path = "../assets/fonts/SF-Compact-Text-Black.otf"; sourceTree = "<group>"; fileEncoding = undefined; lastKnownFileType = unknown; explicitFileType = undefined; includeInIndex = 0; };
		120DA7DB3E7043B68EBFE898 /* SF-Compact-Text-BlackItalic.otf */ = {isa = PBXFileReference; name = "SF-Compact-Text-BlackItalic.otf"; path = "../assets/fonts/SF-Compact-Text-BlackItalic.otf"; sourceTree = "<group>"; fileEncoding = undefined; lastKnownFileType = unknown; explicitFileType = undefined; includeInIndex = 0; };
		E9DB20EB91DE446F8756EB26 /* SF-Compact-Text-Bold.otf */ = {isa = PBXFileReference; name = "SF-Compact-Text-Bold.otf"; path = "../assets/fonts/SF-Compact-Text-Bold.otf"; sourceTree = "<group>"; fileEncoding = undefined; lastKnownFileType = unknown; explicitFileType = undefined; includeInIndex = 0; };
		F064403837C14B0989DFA9A2 /* SF-Compact-Text-BoldItalic.otf */ = {isa = PBXFileReference; name = "SF-Compact-Text-BoldItalic.otf"; path = "../assets/fonts/SF-Compact-Text-BoldItalic.otf"; sourceTree = "<group>"; fileEncoding = undefined; lastKnownFileType = unknown; explicitFileType = undefined; includeInIndex = 0; };
		E064DD1C217945CA993B9F02 /* SF-Compact-Text-Heavy.otf */ = {isa = PBXFileReference; name = "SF-Compact-Text-Heavy.otf"; path = "../assets/fonts/SF-Compact-Text-Heavy.otf"; sourceTree = "<group>"; fileEncoding = undefined; lastKnownFileType = unknown; explicitFileType = undefined; includeInIndex = 0; };
		7EB1C7FBFAE5447C94AC0991 /* SF-Compact-Text-HeavyItalic.otf */ = {isa = PBXFileReference; name = "SF-Compact-Text-HeavyItalic.otf"; path = "../assets/fonts/SF-Compact-Text-HeavyItalic.otf"; sourceTree = "<group>"; fileEncoding = undefined; lastKnownFileType = unknown; explicitFileType = undefined; includeInIndex = 0; };
		B9EE1232252944749F1EDFE6 /* SF-Compact-Text-Light.otf */ = {isa = PBXFileReference; name = "SF-Compact-Text-Light.otf"; path = "../assets/fonts/SF-Compact-Text-Light.otf"; sourceTree = "<group>"; fileEncoding = undefined; lastKnownFileType = unknown; explicitFileType = undefined; includeInIndex = 0; };
		D86BAF64621643358E0CCCF7 /* SF-Compact-Text-LightItalic.otf */ = {isa = PBXFileReference; name = "SF-Compact-Text-LightItalic.otf"; path = "../assets/fonts/SF-Compact-Text-LightItalic.otf"; sourceTree = "<group>"; fileEncoding = undefined; lastKnownFileType = unknown; explicitFileType = undefined; includeInIndex = 0; };
		E6964C464DB14F5C9F4250CE /* SF-Compact-Text-Medium.otf */ = {isa = PBXFileReference; name = "SF-Compact-Text-Medium.otf"; path = "../assets/fonts/SF-Compact-Text-Medium.otf"; sourceTree = "<group>"; fileEncoding = undefined; lastKnownFileType = unknown; explicitFileType = undefined; includeInIndex = 0; };
		2A3E26769EB54123BA43FA85 /* SF-Compact-Text-MediumItalic.otf */ = {isa = PBXFileReference; name = "SF-Compact-Text-MediumItalic.otf"; path = "../assets/fonts/SF-Compact-Text-MediumItalic.otf"; sourceTree = "<group>"; fileEncoding = undefined; lastKnownFileType = unknown; explicitFileType = undefined; includeInIndex = 0; };
		DE04481B3A7F4BD5A01714F4 /* SF-Compact-Text-Regular.otf */ = {isa = PBXFileReference; name = "SF-Compact-Text-Regular.otf"; path = "../assets/fonts/SF-Compact-Text-Regular.otf"; sourceTree = "<group>"; fileEncoding = undefined; lastKnownFileType = unknown; explicitFileType = undefined; includeInIndex = 0; };
		B2653CC4128B444CBFB08C25 /* SF-Compact-Text-RegularItalic.otf */ = {isa = PBXFileReference; name = "SF-Compact-Text-RegularItalic.otf"; path = "../assets/fonts/SF-Compact-Text-RegularItalic.otf"; sourceTree = "<group>"; fileEncoding = undefined; lastKnownFileType = unknown; explicitFileType = undefined; includeInIndex = 0; };
		2EE2FC1C7976405C8A7D3021 /* SF-Compact-Text-Semibold.otf */ = {isa = PBXFileReference; name = "SF-Compact-Text-Semibold.otf"; path = "../assets/fonts/SF-Compact-Text-Semibold.otf"; sourceTree = "<group>"; fileEncoding = undefined; lastKnownFileType = unknown; explicitFileType = undefined; includeInIndex = 0; };
		7FDB1D2CDC8C4DD4ACEEAD72 /* SF-Compact-Text-SemiboldItalic.otf */ = {isa = PBXFileReference; name = "SF-Compact-Text-SemiboldItalic.otf"; path = "../assets/fonts/SF-Compact-Text-SemiboldItalic.otf"; sourceTree = "<group>"; fileEncoding = undefined; lastKnownFileType = unknown; explicitFileType = undefined; includeInIndex = 0; };
		7EF49DD21C394D08B5765342 /* SF-Compact-Text-Thin.otf */ = {isa = PBXFileReference; name = "SF-Compact-Text-Thin.otf"; path = "../assets/fonts/SF-Compact-Text-Thin.otf"; sourceTree = "<group>"; fileEncoding = undefined; lastKnownFileType = unknown; explicitFileType = undefined; includeInIndex = 0; };
		87109AA263CC40469876EDEC /* SF-Compact-Text-ThinItalic.otf */ = {isa = PBXFileReference; name = "SF-Compact-Text-ThinItalic.otf"; path = "../assets/fonts/SF-Compact-Text-ThinItalic.otf"; sourceTree = "<group>"; fileEncoding = undefined; lastKnownFileType = unknown; explicitFileType = undefined; includeInIndex = 0; };
		AC6F51BDAF3F4F60939C4503 /* SF-Compact-Text-Ultralight.otf */ = {isa = PBXFileReference; name = "SF-Compact-Text-Ultralight.otf"; path = "../assets/fonts/SF-Compact-Text-Ultralight.otf"; sourceTree = "<group>"; fileEncoding = undefined; lastKnownFileType = unknown; explicitFileType = undefined; includeInIndex = 0; };
		FF1D46A9B59F4845BC793EE9 /* SF-Compact-Text-UltralightItalic.otf */ = {isa = PBXFileReference; name = "SF-Compact-Text-UltralightItalic.otf"; path = "../assets/fonts/SF-Compact-Text-UltralightItalic.otf"; sourceTree = "<group>"; fileEncoding = undefined; lastKnownFileType = unknown; explicitFileType = undefined; includeInIndex = 0; };
		175AE2653E304AC7A62FDA25 /* SF-Mono-Bold.otf */ = {isa = PBXFileReference; name = "SF-Mono-Bold.otf"; path = "../assets/fonts/SF-Mono-Bold.otf"; sourceTree = "<group>"; fileEncoding = undefined; lastKnownFileType = unknown; explicitFileType = undefined; includeInIndex = 0; };
		04B20A387FAB408EAABD8B6B /* SF-Mono-BoldItalic.otf */ = {isa = PBXFileReference; name = "SF-Mono-BoldItalic.otf"; path = "../assets/fonts/SF-Mono-BoldItalic.otf"; sourceTree = "<group>"; fileEncoding = undefined; lastKnownFileType = unknown; explicitFileType = undefined; includeInIndex = 0; };
		127CC7D413B84C2BBAD985A4 /* SF-Mono-Heavy.otf */ = {isa = PBXFileReference; name = "SF-Mono-Heavy.otf"; path = "../assets/fonts/SF-Mono-Heavy.otf"; sourceTree = "<group>"; fileEncoding = undefined; lastKnownFileType = unknown; explicitFileType = undefined; includeInIndex = 0; };
		06A210EDDC0B4DAA82D874D7 /* SF-Mono-HeavyItalic.otf */ = {isa = PBXFileReference; name = "SF-Mono-HeavyItalic.otf"; path = "../assets/fonts/SF-Mono-HeavyItalic.otf"; sourceTree = "<group>"; fileEncoding = undefined; lastKnownFileType = unknown; explicitFileType = undefined; includeInIndex = 0; };
		C26587867B644D71A9E40C4D /* SF-Mono-Light.otf */ = {isa = PBXFileReference; name = "SF-Mono-Light.otf"; path = "../assets/fonts/SF-Mono-Light.otf"; sourceTree = "<group>"; fileEncoding = undefined; lastKnownFileType = unknown; explicitFileType = undefined; includeInIndex = 0; };
		99ED76AC96C646C1BF352689 /* SF-Mono-LightItalic.otf */ = {isa = PBXFileReference; name = "SF-Mono-LightItalic.otf"; path = "../assets/fonts/SF-Mono-LightItalic.otf"; sourceTree = "<group>"; fileEncoding = undefined; lastKnownFileType = unknown; explicitFileType = undefined; includeInIndex = 0; };
		797F617F20C74609882B5475 /* SF-Mono-Medium.otf */ = {isa = PBXFileReference; name = "SF-Mono-Medium.otf"; path = "../assets/fonts/SF-Mono-Medium.otf"; sourceTree = "<group>"; fileEncoding = undefined; lastKnownFileType = unknown; explicitFileType = undefined; includeInIndex = 0; };
		A4E2F20F2EC34EDF9EB91586 /* SF-Mono-MediumItalic.otf */ = {isa = PBXFileReference; name = "SF-Mono-MediumItalic.otf"; path = "../assets/fonts/SF-Mono-MediumItalic.otf"; sourceTree = "<group>"; fileEncoding = undefined; lastKnownFileType = unknown; explicitFileType = undefined; includeInIndex = 0; };
		4750351E6973481DB48A0D69 /* SF-Mono-Regular.otf */ = {isa = PBXFileReference; name = "SF-Mono-Regular.otf"; path = "../assets/fonts/SF-Mono-Regular.otf"; sourceTree = "<group>"; fileEncoding = undefined; lastKnownFileType = unknown; explicitFileType = undefined; includeInIndex = 0; };
		C9E42504C5204300820EE586 /* SF-Mono-RegularItalic.otf */ = {isa = PBXFileReference; name = "SF-Mono-RegularItalic.otf"; path = "../assets/fonts/SF-Mono-RegularItalic.otf"; sourceTree = "<group>"; fileEncoding = undefined; lastKnownFileType = unknown; explicitFileType = undefined; includeInIndex = 0; };
		17A60F4CF423432A9BC15ED3 /* SF-Mono-Semibold.otf */ = {isa = PBXFileReference; name = "SF-Mono-Semibold.otf"; path = "../assets/fonts/SF-Mono-Semibold.otf"; sourceTree = "<group>"; fileEncoding = undefined; lastKnownFileType = unknown; explicitFileType = undefined; includeInIndex = 0; };
		6E8D8A9B15AA4A96A00B318D /* SF-Mono-SemiboldItalic.otf */ = {isa = PBXFileReference; name = "SF-Mono-SemiboldItalic.otf"; path = "../assets/fonts/SF-Mono-SemiboldItalic.otf"; sourceTree = "<group>"; fileEncoding = undefined; lastKnownFileType = unknown; explicitFileType = undefined; includeInIndex = 0; };
		957816C56671492984CFBAF3 /* SF-Pro-Display-Black.otf */ = {isa = PBXFileReference; name = "SF-Pro-Display-Black.otf"; path = "../assets/fonts/SF-Pro-Display-Black.otf"; sourceTree = "<group>"; fileEncoding = undefined; lastKnownFileType = unknown; explicitFileType = undefined; includeInIndex = 0; };
		9D0EDBF4AF6244218CD9EF01 /* SF-Pro-Display-BlackItalic.otf */ = {isa = PBXFileReference; name = "SF-Pro-Display-BlackItalic.otf"; path = "../assets/fonts/SF-Pro-Display-BlackItalic.otf"; sourceTree = "<group>"; fileEncoding = undefined; lastKnownFileType = unknown; explicitFileType = undefined; includeInIndex = 0; };
		AA39962834D74777A80F3881 /* SF-Pro-Display-Bold.otf */ = {isa = PBXFileReference; name = "SF-Pro-Display-Bold.otf"; path = "../assets/fonts/SF-Pro-Display-Bold.otf"; sourceTree = "<group>"; fileEncoding = undefined; lastKnownFileType = unknown; explicitFileType = undefined; includeInIndex = 0; };
		2DB10038853541828D535FAC /* SF-Pro-Display-BoldItalic.otf */ = {isa = PBXFileReference; name = "SF-Pro-Display-BoldItalic.otf"; path = "../assets/fonts/SF-Pro-Display-BoldItalic.otf"; sourceTree = "<group>"; fileEncoding = undefined; lastKnownFileType = unknown; explicitFileType = undefined; includeInIndex = 0; };
		05A83E128109453896AEBFA3 /* SF-Pro-Display-Heavy.otf */ = {isa = PBXFileReference; name = "SF-Pro-Display-Heavy.otf"; path = "../assets/fonts/SF-Pro-Display-Heavy.otf"; sourceTree = "<group>"; fileEncoding = undefined; lastKnownFileType = unknown; explicitFileType = undefined; includeInIndex = 0; };
		491EDEFF079D4C5E8A63DDDE /* SF-Pro-Display-HeavyItalic.otf */ = {isa = PBXFileReference; name = "SF-Pro-Display-HeavyItalic.otf"; path = "../assets/fonts/SF-Pro-Display-HeavyItalic.otf"; sourceTree = "<group>"; fileEncoding = undefined; lastKnownFileType = unknown; explicitFileType = undefined; includeInIndex = 0; };
		537775B8E964464AAFF6E444 /* SF-Pro-Display-Light.otf */ = {isa = PBXFileReference; name = "SF-Pro-Display-Light.otf"; path = "../assets/fonts/SF-Pro-Display-Light.otf"; sourceTree = "<group>"; fileEncoding = undefined; lastKnownFileType = unknown; explicitFileType = undefined; includeInIndex = 0; };
		F5F638FB3449402BB92FC768 /* SF-Pro-Display-LightItalic.otf */ = {isa = PBXFileReference; name = "SF-Pro-Display-LightItalic.otf"; path = "../assets/fonts/SF-Pro-Display-LightItalic.otf"; sourceTree = "<group>"; fileEncoding = undefined; lastKnownFileType = unknown; explicitFileType = undefined; includeInIndex = 0; };
		23A2452A2FF84F3682D4B83F /* SF-Pro-Display-Medium.otf */ = {isa = PBXFileReference; name = "SF-Pro-Display-Medium.otf"; path = "../assets/fonts/SF-Pro-Display-Medium.otf"; sourceTree = "<group>"; fileEncoding = undefined; lastKnownFileType = unknown; explicitFileType = undefined; includeInIndex = 0; };
		E6E778994FC1446DA50D579C /* SF-Pro-Display-MediumItalic.otf */ = {isa = PBXFileReference; name = "SF-Pro-Display-MediumItalic.otf"; path = "../assets/fonts/SF-Pro-Display-MediumItalic.otf"; sourceTree = "<group>"; fileEncoding = undefined; lastKnownFileType = unknown; explicitFileType = undefined; includeInIndex = 0; };
		4E9BAB19A4BE4609B6AC3B57 /* SF-Pro-Display-Regular.otf */ = {isa = PBXFileReference; name = "SF-Pro-Display-Regular.otf"; path = "../assets/fonts/SF-Pro-Display-Regular.otf"; sourceTree = "<group>"; fileEncoding = undefined; lastKnownFileType = unknown; explicitFileType = undefined; includeInIndex = 0; };
		97A3858D6C20438486A56DE9 /* SF-Pro-Display-RegularItalic.otf */ = {isa = PBXFileReference; name = "SF-Pro-Display-RegularItalic.otf"; path = "../assets/fonts/SF-Pro-Display-RegularItalic.otf"; sourceTree = "<group>"; fileEncoding = undefined; lastKnownFileType = unknown; explicitFileType = undefined; includeInIndex = 0; };
		E7560875684A49FD83F49184 /* SF-Pro-Display-Semibold.otf */ = {isa = PBXFileReference; name = "SF-Pro-Display-Semibold.otf"; path = "../assets/fonts/SF-Pro-Display-Semibold.otf"; sourceTree = "<group>"; fileEncoding = undefined; lastKnownFileType = unknown; explicitFileType = undefined; includeInIndex = 0; };
		BF8AF62C56A4451C84A02E75 /* SF-Pro-Display-SemiboldItalic.otf */ = {isa = PBXFileReference; name = "SF-Pro-Display-SemiboldItalic.otf"; path = "../assets/fonts/SF-Pro-Display-SemiboldItalic.otf"; sourceTree = "<group>"; fileEncoding = undefined; lastKnownFileType = unknown; explicitFileType = undefined; includeInIndex = 0; };
		C25CBA386A07421794157D93 /* SF-Pro-Display-Thin.otf */ = {isa = PBXFileReference; name = "SF-Pro-Display-Thin.otf"; path = "../assets/fonts/SF-Pro-Display-Thin.otf"; sourceTree = "<group>"; fileEncoding = undefined; lastKnownFileType = unknown; explicitFileType = undefined; includeInIndex = 0; };
		88066C561E764B66BE01C75B /* SF-Pro-Display-ThinItalic.otf */ = {isa = PBXFileReference; name = "SF-Pro-Display-ThinItalic.otf"; path = "../assets/fonts/SF-Pro-Display-ThinItalic.otf"; sourceTree = "<group>"; fileEncoding = undefined; lastKnownFileType = unknown; explicitFileType = undefined; includeInIndex = 0; };
		16B0F77C3AB44BC4A0029819 /* SF-Pro-Display-Ultralight.otf */ = {isa = PBXFileReference; name = "SF-Pro-Display-Ultralight.otf"; path = "../assets/fonts/SF-Pro-Display-Ultralight.otf"; sourceTree = "<group>"; fileEncoding = undefined; lastKnownFileType = unknown; explicitFileType = undefined; includeInIndex = 0; };
		15AA4B47318F47F79C088220 /* SF-Pro-Display-UltralightItalic.otf */ = {isa = PBXFileReference; name = "SF-Pro-Display-UltralightItalic.otf"; path = "../assets/fonts/SF-Pro-Display-UltralightItalic.otf"; sourceTree = "<group>"; fileEncoding = undefined; lastKnownFileType = unknown; explicitFileType = undefined; includeInIndex = 0; };
		4C0D0B407C404AB1A01DC296 /* SF-Pro-Rounded-Black.otf */ = {isa = PBXFileReference; name = "SF-Pro-Rounded-Black.otf"; path = "../assets/fonts/SF-Pro-Rounded-Black.otf"; sourceTree = "<group>"; fileEncoding = undefined; lastKnownFileType = unknown; explicitFileType = undefined; includeInIndex = 0; };
		7069EBDD3FE1495AAF24BA9D /* SF-Pro-Rounded-Bold.otf */ = {isa = PBXFileReference; name = "SF-Pro-Rounded-Bold.otf"; path = "../assets/fonts/SF-Pro-Rounded-Bold.otf"; sourceTree = "<group>"; fileEncoding = undefined; lastKnownFileType = unknown; explicitFileType = undefined; includeInIndex = 0; };
		30137268CF6644968B03C247 /* SF-Pro-Rounded-Heavy.otf */ = {isa = PBXFileReference; name = "SF-Pro-Rounded-Heavy.otf"; path = "../assets/fonts/SF-Pro-Rounded-Heavy.otf"; sourceTree = "<group>"; fileEncoding = undefined; lastKnownFileType = unknown; explicitFileType = undefined; includeInIndex = 0; };
		E8D5060F8795493BBDA10C60 /* SF-Pro-Rounded-Light.otf */ = {isa = PBXFileReference; name = "SF-Pro-Rounded-Light.otf"; path = "../assets/fonts/SF-Pro-Rounded-Light.otf"; sourceTree = "<group>"; fileEncoding = undefined; lastKnownFileType = unknown; explicitFileType = undefined; includeInIndex = 0; };
		A2EBC87C3A9843ED86217B62 /* SF-Pro-Rounded-Medium.otf */ = {isa = PBXFileReference; name = "SF-Pro-Rounded-Medium.otf"; path = "../assets/fonts/SF-Pro-Rounded-Medium.otf"; sourceTree = "<group>"; fileEncoding = undefined; lastKnownFileType = unknown; explicitFileType = undefined; includeInIndex = 0; };
		4B886C513EA1493A9473153A /* SF-Pro-Rounded-Regular.otf */ = {isa = PBXFileReference; name = "SF-Pro-Rounded-Regular.otf"; path = "../assets/fonts/SF-Pro-Rounded-Regular.otf"; sourceTree = "<group>"; fileEncoding = undefined; lastKnownFileType = unknown; explicitFileType = undefined; includeInIndex = 0; };
		DD4BCFC120AE4F04A011E9BA /* SF-Pro-Rounded-Semibold.otf */ = {isa = PBXFileReference; name = "SF-Pro-Rounded-Semibold.otf"; path = "../assets/fonts/SF-Pro-Rounded-Semibold.otf"; sourceTree = "<group>"; fileEncoding = undefined; lastKnownFileType = unknown; explicitFileType = undefined; includeInIndex = 0; };
		7921C1E9E21348B282524DE0 /* SF-Pro-Rounded-Thin.otf */ = {isa = PBXFileReference; name = "SF-Pro-Rounded-Thin.otf"; path = "../assets/fonts/SF-Pro-Rounded-Thin.otf"; sourceTree = "<group>"; fileEncoding = undefined; lastKnownFileType = unknown; explicitFileType = undefined; includeInIndex = 0; };
		AC6287F3232146D7A92A43CB /* SF-Pro-Rounded-Ultralight.otf */ = {isa = PBXFileReference; name = "SF-Pro-Rounded-Ultralight.otf"; path = "../assets/fonts/SF-Pro-Rounded-Ultralight.otf"; sourceTree = "<group>"; fileEncoding = undefined; lastKnownFileType = unknown; explicitFileType = undefined; includeInIndex = 0; };
		835D5737260C450BAE864495 /* SF-Pro-Text-Black.otf */ = {isa = PBXFileReference; name = "SF-Pro-Text-Black.otf"; path = "../assets/fonts/SF-Pro-Text-Black.otf"; sourceTree = "<group>"; fileEncoding = undefined; lastKnownFileType = unknown; explicitFileType = undefined; includeInIndex = 0; };
		6E3E635BB263456D8F548677 /* SF-Pro-Text-BlackItalic.otf */ = {isa = PBXFileReference; name = "SF-Pro-Text-BlackItalic.otf"; path = "../assets/fonts/SF-Pro-Text-BlackItalic.otf"; sourceTree = "<group>"; fileEncoding = undefined; lastKnownFileType = unknown; explicitFileType = undefined; includeInIndex = 0; };
		50C320EE8D2F4CB183810AAF /* SF-Pro-Text-Bold.otf */ = {isa = PBXFileReference; name = "SF-Pro-Text-Bold.otf"; path = "../assets/fonts/SF-Pro-Text-Bold.otf"; sourceTree = "<group>"; fileEncoding = undefined; lastKnownFileType = unknown; explicitFileType = undefined; includeInIndex = 0; };
		1588DEBDFCE749F5BC5D3951 /* SF-Pro-Text-BoldItalic.otf */ = {isa = PBXFileReference; name = "SF-Pro-Text-BoldItalic.otf"; path = "../assets/fonts/SF-Pro-Text-BoldItalic.otf"; sourceTree = "<group>"; fileEncoding = undefined; lastKnownFileType = unknown; explicitFileType = undefined; includeInIndex = 0; };
		0F85C16534BF4D8DAFE2E534 /* SF-Pro-Text-Heavy.otf */ = {isa = PBXFileReference; name = "SF-Pro-Text-Heavy.otf"; path = "../assets/fonts/SF-Pro-Text-Heavy.otf"; sourceTree = "<group>"; fileEncoding = undefined; lastKnownFileType = unknown; explicitFileType = undefined; includeInIndex = 0; };
		891E933749DB4E1DA6E8EA37 /* SF-Pro-Text-HeavyItalic.otf */ = {isa = PBXFileReference; name = "SF-Pro-Text-HeavyItalic.otf"; path = "../assets/fonts/SF-Pro-Text-HeavyItalic.otf"; sourceTree = "<group>"; fileEncoding = undefined; lastKnownFileType = unknown; explicitFileType = undefined; includeInIndex = 0; };
		03D57031504C48A2B67C6713 /* SF-Pro-Text-Light.otf */ = {isa = PBXFileReference; name = "SF-Pro-Text-Light.otf"; path = "../assets/fonts/SF-Pro-Text-Light.otf"; sourceTree = "<group>"; fileEncoding = undefined; lastKnownFileType = unknown; explicitFileType = undefined; includeInIndex = 0; };
		C8731FF841464695949C15EA /* SF-Pro-Text-LightItalic.otf */ = {isa = PBXFileReference; name = "SF-Pro-Text-LightItalic.otf"; path = "../assets/fonts/SF-Pro-Text-LightItalic.otf"; sourceTree = "<group>"; fileEncoding = undefined; lastKnownFileType = unknown; explicitFileType = undefined; includeInIndex = 0; };
		9BE5AF75B769462C86DD38E5 /* SF-Pro-Text-Medium.otf */ = {isa = PBXFileReference; name = "SF-Pro-Text-Medium.otf"; path = "../assets/fonts/SF-Pro-Text-Medium.otf"; sourceTree = "<group>"; fileEncoding = undefined; lastKnownFileType = unknown; explicitFileType = undefined; includeInIndex = 0; };
		2CBAE966ED794D36A6AABDC0 /* SF-Pro-Text-MediumItalic.otf */ = {isa = PBXFileReference; name = "SF-Pro-Text-MediumItalic.otf"; path = "../assets/fonts/SF-Pro-Text-MediumItalic.otf"; sourceTree = "<group>"; fileEncoding = undefined; lastKnownFileType = unknown; explicitFileType = undefined; includeInIndex = 0; };
		3DE26232C9D74F5F9E0EEA42 /* SF-Pro-Text-Regular.otf */ = {isa = PBXFileReference; name = "SF-Pro-Text-Regular.otf"; path = "../assets/fonts/SF-Pro-Text-Regular.otf"; sourceTree = "<group>"; fileEncoding = undefined; lastKnownFileType = unknown; explicitFileType = undefined; includeInIndex = 0; };
		498433204F4C4CF28BF99668 /* SF-Pro-Text-RegularItalic.otf */ = {isa = PBXFileReference; name = "SF-Pro-Text-RegularItalic.otf"; path = "../assets/fonts/SF-Pro-Text-RegularItalic.otf"; sourceTree = "<group>"; fileEncoding = undefined; lastKnownFileType = unknown; explicitFileType = undefined; includeInIndex = 0; };
		0DAB326E958F4BEE86CB5F46 /* SF-Pro-Text-Semibold.otf */ = {isa = PBXFileReference; name = "SF-Pro-Text-Semibold.otf"; path = "../assets/fonts/SF-Pro-Text-Semibold.otf"; sourceTree = "<group>"; fileEncoding = undefined; lastKnownFileType = unknown; explicitFileType = undefined; includeInIndex = 0; };
		528EA2AA28C749C59BC11D9A /* SF-Pro-Text-SemiboldItalic.otf */ = {isa = PBXFileReference; name = "SF-Pro-Text-SemiboldItalic.otf"; path = "../assets/fonts/SF-Pro-Text-SemiboldItalic.otf"; sourceTree = "<group>"; fileEncoding = undefined; lastKnownFileType = unknown; explicitFileType = undefined; includeInIndex = 0; };
		F81E8E6588CF4F5AADDB2FEC /* SF-Pro-Text-Thin.otf */ = {isa = PBXFileReference; name = "SF-Pro-Text-Thin.otf"; path = "../assets/fonts/SF-Pro-Text-Thin.otf"; sourceTree = "<group>"; fileEncoding = undefined; lastKnownFileType = unknown; explicitFileType = undefined; includeInIndex = 0; };
		A21EE276453848A38A0DD1D0 /* SF-Pro-Text-ThinItalic.otf */ = {isa = PBXFileReference; name = "SF-Pro-Text-ThinItalic.otf"; path = "../assets/fonts/SF-Pro-Text-ThinItalic.otf"; sourceTree = "<group>"; fileEncoding = undefined; lastKnownFileType = unknown; explicitFileType = undefined; includeInIndex = 0; };
		2222F9420468478088F889FF /* SF-Pro-Text-Ultralight.otf */ = {isa = PBXFileReference; name = "SF-Pro-Text-Ultralight.otf"; path = "../assets/fonts/SF-Pro-Text-Ultralight.otf"; sourceTree = "<group>"; fileEncoding = undefined; lastKnownFileType = unknown; explicitFileType = undefined; includeInIndex = 0; };
		A609AE535FF14962B87164D2 /* SF-Pro-Text-UltralightItalic.otf */ = {isa = PBXFileReference; name = "SF-Pro-Text-UltralightItalic.otf"; path = "../assets/fonts/SF-Pro-Text-UltralightItalic.otf"; sourceTree = "<group>"; fileEncoding = undefined; lastKnownFileType = unknown; explicitFileType = undefined; includeInIndex = 0; };
/* End PBXFileReference section */

/* Begin PBXFrameworksBuildPhase section */
		00E356EB1AD99517003FC87E /* Frameworks */ = {
			isa = PBXFrameworksBuildPhase;
			buildActionMask = 2147483647;
			files = (
				F031C5B325918DE18D5A9A8B /* libPods-JAYUTests.a in Frameworks */,
			);
			runOnlyForDeploymentPostprocessing = 0;
		};
		13B07F8C1A680F5B00A75B9A /* Frameworks */ = {
			isa = PBXFrameworksBuildPhase;
			buildActionMask = 2147483647;
			files = (
				0853FF64945330DFD24CBDFF /* libPods-JAYU.a in Frameworks */,
			);
			runOnlyForDeploymentPostprocessing = 0;
		};
		2D02E4781E0B4A5D006451C7 /* Frameworks */ = {
			isa = PBXFrameworksBuildPhase;
			buildActionMask = 2147483647;
			files = (
				36D81E0301B0F7CF662E25A5 /* libPods-JAYU-tvOS.a in Frameworks */,
			);
			runOnlyForDeploymentPostprocessing = 0;
		};
		2D02E48D1E0B4A5D006451C7 /* Frameworks */ = {
			isa = PBXFrameworksBuildPhase;
			buildActionMask = 2147483647;
			files = (
				B160D07DD9ABFDBAD211A540 /* libPods-JAYU-tvOSTests.a in Frameworks */,
			);
			runOnlyForDeploymentPostprocessing = 0;
		};
/* End PBXFrameworksBuildPhase section */

/* Begin PBXGroup section */
		00E356EF1AD99517003FC87E /* JAYUTests */ = {
			isa = PBXGroup;
			children = (
				00E356F21AD99517003FC87E /* JAYUTests.m */,
				00E356F01AD99517003FC87E /* Supporting Files */,
			);
			path = JAYUTests;
			sourceTree = "<group>";
		};
		00E356F01AD99517003FC87E /* Supporting Files */ = {
			isa = PBXGroup;
			children = (
				00E356F11AD99517003FC87E /* Info.plist */,
			);
			name = "Supporting Files";
			sourceTree = "<group>";
		};
		13B07FAE1A68108700A75B9A /* JAYU */ = {
			isa = PBXGroup;
			children = (
				008F07F21AC5B25A0029DE68 /* main.jsbundle */,
				13B07FAF1A68108700A75B9A /* AppDelegate.h */,
				13B07FB01A68108700A75B9A /* AppDelegate.m */,
				13B07FB51A68108700A75B9A /* Images.xcassets */,
				13B07FB61A68108700A75B9A /* Info.plist */,
				13B07FB11A68108700A75B9A /* LaunchScreen.xib */,
				13B07FB71A68108700A75B9A /* main.m */,
			);
			name = JAYU;
			sourceTree = "<group>";
		};
		2D16E6871FA4F8E400B85C8A /* Frameworks */ = {
			isa = PBXGroup;
			children = (
				ED297162215061F000B7C4FE /* JavaScriptCore.framework */,
				ED2971642150620600B7C4FE /* JavaScriptCore.framework */,
				893C89A3C3DC911BD0E2DADD /* libPods-JAYU.a */,
				E2ECA5F74FBF137F6476BCFE /* libPods-JAYU-tvOS.a */,
				2DE709DFEE24401A894888E5 /* libPods-JAYU-tvOSTests.a */,
				2600C2B015B1A3A34BEF496D /* libPods-JAYUTests.a */,
			);
			name = Frameworks;
			sourceTree = "<group>";
		};
		570F3580CDEBF818AC0EF073 /* Pods */ = {
			isa = PBXGroup;
			children = (
				37E62084B53BFBD279B09ED1 /* Pods-JAYU.debug.xcconfig */,
				5B21594C3150A3653B0D4EF6 /* Pods-JAYU.release.xcconfig */,
				06503A50F5630D0B180A3422 /* Pods-JAYU-tvOS.debug.xcconfig */,
				B8F9763232BAB183FB506E8B /* Pods-JAYU-tvOS.release.xcconfig */,
				34B88233AD3989579E36628C /* Pods-JAYU-tvOSTests.debug.xcconfig */,
				1FC93A7DA56EE76AC27A99F8 /* Pods-JAYU-tvOSTests.release.xcconfig */,
				05B855154DABDBE5DDA4296B /* Pods-JAYUTests.debug.xcconfig */,
				86B00C4D8612609770600B98 /* Pods-JAYUTests.release.xcconfig */,
			);
			name = Pods;
			path = Pods;
			sourceTree = "<group>";
		};
		832341AE1AAA6A7D00B99B32 /* Libraries */ = {
			isa = PBXGroup;
			children = (
			);
			name = Libraries;
			sourceTree = "<group>";
		};
		83CBB9F61A601CBA00E9B192 = {
			isa = PBXGroup;
			children = (
				13B07FAE1A68108700A75B9A /* JAYU */,
				832341AE1AAA6A7D00B99B32 /* Libraries */,
				00E356EF1AD99517003FC87E /* JAYUTests */,
				83CBBA001A601CBA00E9B192 /* Products */,
				2D16E6871FA4F8E400B85C8A /* Frameworks */,
				570F3580CDEBF818AC0EF073 /* Pods */,
				38488ADCF8DF40E1849B60E2 /* Resources */,
			);
			indentWidth = 2;
			sourceTree = "<group>";
			tabWidth = 2;
			usesTabs = 0;
		};
		83CBBA001A601CBA00E9B192 /* Products */ = {
			isa = PBXGroup;
			children = (
				13B07F961A680F5B00A75B9A /* JAYU.app */,
				00E356EE1AD99517003FC87E /* JAYUTests.xctest */,
				2D02E47B1E0B4A5D006451C7 /* JAYU-tvOS.app */,
				2D02E4901E0B4A5D006451C7 /* JAYU-tvOSTests.xctest */,
			);
			name = Products;
			sourceTree = "<group>";
		};
		38488ADCF8DF40E1849B60E2 /* Resources */ = {
			isa = "PBXGroup";
			children = (
				65C53A2974D34C0DB93985E3 /* SF-Compact-Display-Black.otf */,
				18652E4CC91D4CAA8EC768ED /* SF-Compact-Display-Bold.otf */,
				77E5FC36A9E4427B8A037005 /* SF-Compact-Display-Heavy.otf */,
				0A8AE30A650E4163B92FE6D9 /* SF-Compact-Display-Light.otf */,
				8FEC812E8E624793BDC2DBA7 /* SF-Compact-Display-Medium.otf */,
				F856576F9D4748478EBF41F9 /* SF-Compact-Display-Regular.otf */,
				74FF077E103C42BF8265719B /* SF-Compact-Display-Semibold.otf */,
				2E7366636C8D44DB95324ED3 /* SF-Compact-Display-Thin.otf */,
				7C66C949FD8F4E4182CC32FB /* SF-Compact-Display-Ultralight.otf */,
				D1C77F2B5BC4454A89FA556B /* SF-Compact-Rounded-Black.otf */,
				9A0D5C50B3A74387898EDE9B /* SF-Compact-Rounded-Bold.otf */,
				AFA544EF002842849F6E9A11 /* SF-Compact-Rounded-Heavy.otf */,
				A259FD5FCF94409B8ACE4AEA /* SF-Compact-Rounded-Light.otf */,
				3E671648FBBB43619926E7DA /* SF-Compact-Rounded-Medium.otf */,
				2C68E5844E324134B1DEFB64 /* SF-Compact-Rounded-Regular.otf */,
				2CC2718FA9D04FFAB6D5451C /* SF-Compact-Rounded-Semibold.otf */,
				F3DF4A48E5D549C2BB6FBB71 /* SF-Compact-Rounded-Thin.otf */,
				7DD77B86E8874D09869B072C /* SF-Compact-Rounded-Ultralight.otf */,
				29F0A64E0E444F12955BFF17 /* SF-Compact-Text-Black.otf */,
				120DA7DB3E7043B68EBFE898 /* SF-Compact-Text-BlackItalic.otf */,
				E9DB20EB91DE446F8756EB26 /* SF-Compact-Text-Bold.otf */,
				F064403837C14B0989DFA9A2 /* SF-Compact-Text-BoldItalic.otf */,
				E064DD1C217945CA993B9F02 /* SF-Compact-Text-Heavy.otf */,
				7EB1C7FBFAE5447C94AC0991 /* SF-Compact-Text-HeavyItalic.otf */,
				B9EE1232252944749F1EDFE6 /* SF-Compact-Text-Light.otf */,
				D86BAF64621643358E0CCCF7 /* SF-Compact-Text-LightItalic.otf */,
				E6964C464DB14F5C9F4250CE /* SF-Compact-Text-Medium.otf */,
				2A3E26769EB54123BA43FA85 /* SF-Compact-Text-MediumItalic.otf */,
				DE04481B3A7F4BD5A01714F4 /* SF-Compact-Text-Regular.otf */,
				B2653CC4128B444CBFB08C25 /* SF-Compact-Text-RegularItalic.otf */,
				2EE2FC1C7976405C8A7D3021 /* SF-Compact-Text-Semibold.otf */,
				7FDB1D2CDC8C4DD4ACEEAD72 /* SF-Compact-Text-SemiboldItalic.otf */,
				7EF49DD21C394D08B5765342 /* SF-Compact-Text-Thin.otf */,
				87109AA263CC40469876EDEC /* SF-Compact-Text-ThinItalic.otf */,
				AC6F51BDAF3F4F60939C4503 /* SF-Compact-Text-Ultralight.otf */,
				FF1D46A9B59F4845BC793EE9 /* SF-Compact-Text-UltralightItalic.otf */,
				175AE2653E304AC7A62FDA25 /* SF-Mono-Bold.otf */,
				04B20A387FAB408EAABD8B6B /* SF-Mono-BoldItalic.otf */,
				127CC7D413B84C2BBAD985A4 /* SF-Mono-Heavy.otf */,
				06A210EDDC0B4DAA82D874D7 /* SF-Mono-HeavyItalic.otf */,
				C26587867B644D71A9E40C4D /* SF-Mono-Light.otf */,
				99ED76AC96C646C1BF352689 /* SF-Mono-LightItalic.otf */,
				797F617F20C74609882B5475 /* SF-Mono-Medium.otf */,
				A4E2F20F2EC34EDF9EB91586 /* SF-Mono-MediumItalic.otf */,
				4750351E6973481DB48A0D69 /* SF-Mono-Regular.otf */,
				C9E42504C5204300820EE586 /* SF-Mono-RegularItalic.otf */,
				17A60F4CF423432A9BC15ED3 /* SF-Mono-Semibold.otf */,
				6E8D8A9B15AA4A96A00B318D /* SF-Mono-SemiboldItalic.otf */,
				957816C56671492984CFBAF3 /* SF-Pro-Display-Black.otf */,
				9D0EDBF4AF6244218CD9EF01 /* SF-Pro-Display-BlackItalic.otf */,
				AA39962834D74777A80F3881 /* SF-Pro-Display-Bold.otf */,
				2DB10038853541828D535FAC /* SF-Pro-Display-BoldItalic.otf */,
				05A83E128109453896AEBFA3 /* SF-Pro-Display-Heavy.otf */,
				491EDEFF079D4C5E8A63DDDE /* SF-Pro-Display-HeavyItalic.otf */,
				537775B8E964464AAFF6E444 /* SF-Pro-Display-Light.otf */,
				F5F638FB3449402BB92FC768 /* SF-Pro-Display-LightItalic.otf */,
				23A2452A2FF84F3682D4B83F /* SF-Pro-Display-Medium.otf */,
				E6E778994FC1446DA50D579C /* SF-Pro-Display-MediumItalic.otf */,
				4E9BAB19A4BE4609B6AC3B57 /* SF-Pro-Display-Regular.otf */,
				97A3858D6C20438486A56DE9 /* SF-Pro-Display-RegularItalic.otf */,
				E7560875684A49FD83F49184 /* SF-Pro-Display-Semibold.otf */,
				BF8AF62C56A4451C84A02E75 /* SF-Pro-Display-SemiboldItalic.otf */,
				C25CBA386A07421794157D93 /* SF-Pro-Display-Thin.otf */,
				88066C561E764B66BE01C75B /* SF-Pro-Display-ThinItalic.otf */,
				16B0F77C3AB44BC4A0029819 /* SF-Pro-Display-Ultralight.otf */,
				15AA4B47318F47F79C088220 /* SF-Pro-Display-UltralightItalic.otf */,
				4C0D0B407C404AB1A01DC296 /* SF-Pro-Rounded-Black.otf */,
				7069EBDD3FE1495AAF24BA9D /* SF-Pro-Rounded-Bold.otf */,
				30137268CF6644968B03C247 /* SF-Pro-Rounded-Heavy.otf */,
				E8D5060F8795493BBDA10C60 /* SF-Pro-Rounded-Light.otf */,
				A2EBC87C3A9843ED86217B62 /* SF-Pro-Rounded-Medium.otf */,
				4B886C513EA1493A9473153A /* SF-Pro-Rounded-Regular.otf */,
				DD4BCFC120AE4F04A011E9BA /* SF-Pro-Rounded-Semibold.otf */,
				7921C1E9E21348B282524DE0 /* SF-Pro-Rounded-Thin.otf */,
				AC6287F3232146D7A92A43CB /* SF-Pro-Rounded-Ultralight.otf */,
				835D5737260C450BAE864495 /* SF-Pro-Text-Black.otf */,
				6E3E635BB263456D8F548677 /* SF-Pro-Text-BlackItalic.otf */,
				50C320EE8D2F4CB183810AAF /* SF-Pro-Text-Bold.otf */,
				1588DEBDFCE749F5BC5D3951 /* SF-Pro-Text-BoldItalic.otf */,
				0F85C16534BF4D8DAFE2E534 /* SF-Pro-Text-Heavy.otf */,
				891E933749DB4E1DA6E8EA37 /* SF-Pro-Text-HeavyItalic.otf */,
				03D57031504C48A2B67C6713 /* SF-Pro-Text-Light.otf */,
				C8731FF841464695949C15EA /* SF-Pro-Text-LightItalic.otf */,
				9BE5AF75B769462C86DD38E5 /* SF-Pro-Text-Medium.otf */,
				2CBAE966ED794D36A6AABDC0 /* SF-Pro-Text-MediumItalic.otf */,
				3DE26232C9D74F5F9E0EEA42 /* SF-Pro-Text-Regular.otf */,
				498433204F4C4CF28BF99668 /* SF-Pro-Text-RegularItalic.otf */,
				0DAB326E958F4BEE86CB5F46 /* SF-Pro-Text-Semibold.otf */,
				528EA2AA28C749C59BC11D9A /* SF-Pro-Text-SemiboldItalic.otf */,
				F81E8E6588CF4F5AADDB2FEC /* SF-Pro-Text-Thin.otf */,
				A21EE276453848A38A0DD1D0 /* SF-Pro-Text-ThinItalic.otf */,
				2222F9420468478088F889FF /* SF-Pro-Text-Ultralight.otf */,
				A609AE535FF14962B87164D2 /* SF-Pro-Text-UltralightItalic.otf */,
			);
			name = Resources;
			sourceTree = "<group>";
			path = "";
		};
/* End PBXGroup section */

/* Begin PBXNativeTarget section */
		00E356ED1AD99517003FC87E /* JAYUTests */ = {
			isa = PBXNativeTarget;
			buildConfigurationList = 00E357021AD99517003FC87E /* Build configuration list for PBXNativeTarget "JAYUTests" */;
			buildPhases = (
				22C6E50C85A2328DA0EDA108 /* [CP] Check Pods Manifest.lock */,
				00E356EA1AD99517003FC87E /* Sources */,
				00E356EB1AD99517003FC87E /* Frameworks */,
				00E356EC1AD99517003FC87E /* Resources */,
			);
			buildRules = (
			);
			dependencies = (
				00E356F51AD99517003FC87E /* PBXTargetDependency */,
			);
			name = JAYUTests;
			productName = JAYUTests;
			productReference = 00E356EE1AD99517003FC87E /* JAYUTests.xctest */;
			productType = "com.apple.product-type.bundle.unit-test";
		};
		13B07F861A680F5B00A75B9A /* JAYU */ = {
			isa = PBXNativeTarget;
			buildConfigurationList = 13B07F931A680F5B00A75B9A /* Build configuration list for PBXNativeTarget "JAYU" */;
			buildPhases = (
				7D416AD7107C9CF53E927450 /* [CP] Check Pods Manifest.lock */,
				FD10A7F022414F080027D42C /* Start Packager */,
				13B07F871A680F5B00A75B9A /* Sources */,
				13B07F8C1A680F5B00A75B9A /* Frameworks */,
				13B07F8E1A680F5B00A75B9A /* Resources */,
				00DD1BFF1BD5951E006B06BC /* Bundle React Native code and images */,
			);
			buildRules = (
			);
			dependencies = (
			);
			name = JAYU;
			productName = JAYU;
			productReference = 13B07F961A680F5B00A75B9A /* JAYU.app */;
			productType = "com.apple.product-type.application";
		};
		2D02E47A1E0B4A5D006451C7 /* JAYU-tvOS */ = {
			isa = PBXNativeTarget;
			buildConfigurationList = 2D02E4BA1E0B4A5E006451C7 /* Build configuration list for PBXNativeTarget "JAYU-tvOS" */;
			buildPhases = (
				A774E83B1B9CB771FFB124B5 /* [CP] Check Pods Manifest.lock */,
				FD10A7F122414F3F0027D42C /* Start Packager */,
				2D02E4771E0B4A5D006451C7 /* Sources */,
				2D02E4781E0B4A5D006451C7 /* Frameworks */,
				2D02E4791E0B4A5D006451C7 /* Resources */,
				2D02E4CB1E0B4B27006451C7 /* Bundle React Native Code And Images */,
			);
			buildRules = (
			);
			dependencies = (
			);
			name = "JAYU-tvOS";
			productName = "JAYU-tvOS";
			productReference = 2D02E47B1E0B4A5D006451C7 /* JAYU-tvOS.app */;
			productType = "com.apple.product-type.application";
		};
		2D02E48F1E0B4A5D006451C7 /* JAYU-tvOSTests */ = {
			isa = PBXNativeTarget;
			buildConfigurationList = 2D02E4BB1E0B4A5E006451C7 /* Build configuration list for PBXNativeTarget "JAYU-tvOSTests" */;
			buildPhases = (
				D3499262954AFC1AEF065EA4 /* [CP] Check Pods Manifest.lock */,
				2D02E48C1E0B4A5D006451C7 /* Sources */,
				2D02E48D1E0B4A5D006451C7 /* Frameworks */,
				2D02E48E1E0B4A5D006451C7 /* Resources */,
			);
			buildRules = (
			);
			dependencies = (
				2D02E4921E0B4A5D006451C7 /* PBXTargetDependency */,
			);
			name = "JAYU-tvOSTests";
			productName = "JAYU-tvOSTests";
			productReference = 2D02E4901E0B4A5D006451C7 /* JAYU-tvOSTests.xctest */;
			productType = "com.apple.product-type.bundle.unit-test";
		};
/* End PBXNativeTarget section */

/* Begin PBXProject section */
		83CBB9F71A601CBA00E9B192 /* Project object */ = {
			isa = PBXProject;
			attributes = {
				LastUpgradeCheck = 940;
				ORGANIZATIONNAME = Facebook;
				TargetAttributes = {
					00E356ED1AD99517003FC87E = {
						CreatedOnToolsVersion = 6.2;
						TestTargetID = 13B07F861A680F5B00A75B9A;
					};
					2D02E47A1E0B4A5D006451C7 = {
						CreatedOnToolsVersion = 8.2.1;
						ProvisioningStyle = Automatic;
					};
					2D02E48F1E0B4A5D006451C7 = {
						CreatedOnToolsVersion = 8.2.1;
						ProvisioningStyle = Automatic;
						TestTargetID = 2D02E47A1E0B4A5D006451C7;
					};
				};
			};
			buildConfigurationList = 83CBB9FA1A601CBA00E9B192 /* Build configuration list for PBXProject "JAYU" */;
			compatibilityVersion = "Xcode 3.2";
			developmentRegion = English;
			hasScannedForEncodings = 0;
			knownRegions = (
				en,
				Base,
			);
			mainGroup = 83CBB9F61A601CBA00E9B192;
			productRefGroup = 83CBBA001A601CBA00E9B192 /* Products */;
			projectDirPath = "";
			projectRoot = "";
			targets = (
				13B07F861A680F5B00A75B9A /* JAYU */,
				00E356ED1AD99517003FC87E /* JAYUTests */,
				2D02E47A1E0B4A5D006451C7 /* JAYU-tvOS */,
				2D02E48F1E0B4A5D006451C7 /* JAYU-tvOSTests */,
			);
		};
/* End PBXProject section */

/* Begin PBXResourcesBuildPhase section */
		00E356EC1AD99517003FC87E /* Resources */ = {
			isa = PBXResourcesBuildPhase;
			buildActionMask = 2147483647;
			files = (
			);
			runOnlyForDeploymentPostprocessing = 0;
		};
		13B07F8E1A680F5B00A75B9A /* Resources */ = {
			isa = PBXResourcesBuildPhase;
			buildActionMask = 2147483647;
			files = (
				13B07FBF1A68108700A75B9A /* Images.xcassets in Resources */,
				13B07FBD1A68108700A75B9A /* LaunchScreen.xib in Resources */,
				65040C510E0046F78BAEE18A /* SF-Compact-Display-Black.otf in Resources */,
				7D0B712CB7A5457B98FA007C /* SF-Compact-Display-Bold.otf in Resources */,
				FB917487E7CD4B3B94C64CFE /* SF-Compact-Display-Heavy.otf in Resources */,
				5C7E2E9E19624434A065AFA1 /* SF-Compact-Display-Light.otf in Resources */,
				CEA6373D10034BE98EB4C777 /* SF-Compact-Display-Medium.otf in Resources */,
				0F009AEEC35A49558542076C /* SF-Compact-Display-Regular.otf in Resources */,
				A516FCB6E7914F89BF5F9BF8 /* SF-Compact-Display-Semibold.otf in Resources */,
				E4DC75681DCD4872BBDC6D6F /* SF-Compact-Display-Thin.otf in Resources */,
				C013E9658AEB4A349DC042FA /* SF-Compact-Display-Ultralight.otf in Resources */,
				3DBB2B54245449098AD49C24 /* SF-Compact-Rounded-Black.otf in Resources */,
				AF6F8C3573524C87981AB211 /* SF-Compact-Rounded-Bold.otf in Resources */,
				5F11333C0F0C4790A714CFD8 /* SF-Compact-Rounded-Heavy.otf in Resources */,
				BACC3FA7A0E34125A5400F72 /* SF-Compact-Rounded-Light.otf in Resources */,
				C50B8B47B18C4A52A602E2FD /* SF-Compact-Rounded-Medium.otf in Resources */,
				426B46B60AF845FAB62A299F /* SF-Compact-Rounded-Regular.otf in Resources */,
				A7664DCE06A142E3841F51C0 /* SF-Compact-Rounded-Semibold.otf in Resources */,
				B77C870AC949455BBF91AD0F /* SF-Compact-Rounded-Thin.otf in Resources */,
				8EE257ED5EEF4CD7A733C788 /* SF-Compact-Rounded-Ultralight.otf in Resources */,
				74B9CCDA07424107B662E5FE /* SF-Compact-Text-Black.otf in Resources */,
				7D616545F1AB48DC93B23794 /* SF-Compact-Text-BlackItalic.otf in Resources */,
				5F58004631204DAD9D91A324 /* SF-Compact-Text-Bold.otf in Resources */,
				821622392D814713AE99DAD2 /* SF-Compact-Text-BoldItalic.otf in Resources */,
				EF5DC5D3BB4B4E33B6FD3568 /* SF-Compact-Text-Heavy.otf in Resources */,
				0D10C94E3FB34AE9AA0B01E4 /* SF-Compact-Text-HeavyItalic.otf in Resources */,
				B39176DDB0874F44BB0343EE /* SF-Compact-Text-Light.otf in Resources */,
				3EAD129CF2434210877E20A5 /* SF-Compact-Text-LightItalic.otf in Resources */,
				E9DEE494F1564F8980926755 /* SF-Compact-Text-Medium.otf in Resources */,
				A3E4AC39D8D34EF4BD37A898 /* SF-Compact-Text-MediumItalic.otf in Resources */,
				0A4AC375461544CBB5D9250D /* SF-Compact-Text-Regular.otf in Resources */,
				107BC0E198E444A99112117D /* SF-Compact-Text-RegularItalic.otf in Resources */,
				2CDD404720B546C1AF41DFC2 /* SF-Compact-Text-Semibold.otf in Resources */,
				B80C6A21EF0E4651A91DDC9A /* SF-Compact-Text-SemiboldItalic.otf in Resources */,
				D88DBB4149B442BAABC22BF4 /* SF-Compact-Text-Thin.otf in Resources */,
				467DCD61A54A4E7590DA8289 /* SF-Compact-Text-ThinItalic.otf in Resources */,
				845D6D1A6CD6490C8949BF1E /* SF-Compact-Text-Ultralight.otf in Resources */,
				231A7A0CE863491FBD43FEF5 /* SF-Compact-Text-UltralightItalic.otf in Resources */,
				0550C75CBABF4B38B1534103 /* SF-Mono-Bold.otf in Resources */,
				B7FDC80F62C04E429B2F0AAF /* SF-Mono-BoldItalic.otf in Resources */,
				4CEF32816B96484E82A78C61 /* SF-Mono-Heavy.otf in Resources */,
				DC8BFB4CDC784F4AA37365C7 /* SF-Mono-HeavyItalic.otf in Resources */,
				80F3116B073A435DAFD5BACA /* SF-Mono-Light.otf in Resources */,
				506A28FDD0174DD687A8D86F /* SF-Mono-LightItalic.otf in Resources */,
				4A1B502FF6CB421AA8FC2EF0 /* SF-Mono-Medium.otf in Resources */,
				297770C5072347DFBD9322BE /* SF-Mono-MediumItalic.otf in Resources */,
				102FC933D08C406B938BEB8E /* SF-Mono-Regular.otf in Resources */,
				90B66ACC78A34C26B6E81BE9 /* SF-Mono-RegularItalic.otf in Resources */,
				05686819CA1E4221B4E2F404 /* SF-Mono-Semibold.otf in Resources */,
				E45BB3BDFF97443D8F967A8F /* SF-Mono-SemiboldItalic.otf in Resources */,
				5A372AFC3B724C6688E2983D /* SF-Pro-Display-Black.otf in Resources */,
				049A71FC86CA4377BE5DBFAB /* SF-Pro-Display-BlackItalic.otf in Resources */,
				C032AE51EEA54203A965EC8B /* SF-Pro-Display-Bold.otf in Resources */,
				358846D18591485A979A3F95 /* SF-Pro-Display-BoldItalic.otf in Resources */,
				E15234F4531B4190A918C546 /* SF-Pro-Display-Heavy.otf in Resources */,
				42EEEFB41A794E4595A3335A /* SF-Pro-Display-HeavyItalic.otf in Resources */,
				83C06BDD872346E8B2C33F20 /* SF-Pro-Display-Light.otf in Resources */,
				4EE0F5EF4DD04010A2698A7F /* SF-Pro-Display-LightItalic.otf in Resources */,
				1CB50E2099CC46E08A50FE6C /* SF-Pro-Display-Medium.otf in Resources */,
				80C759707FC349E5A1ED90F9 /* SF-Pro-Display-MediumItalic.otf in Resources */,
				77E1B81896A44718A1DFE8F8 /* SF-Pro-Display-Regular.otf in Resources */,
				8EF98177173748A496194EC5 /* SF-Pro-Display-RegularItalic.otf in Resources */,
				022024ABB1C64E569D35DA9B /* SF-Pro-Display-Semibold.otf in Resources */,
				65F7FA10ACA24BA7A19E1F39 /* SF-Pro-Display-SemiboldItalic.otf in Resources */,
				5829F49099AF4F88900A16FB /* SF-Pro-Display-Thin.otf in Resources */,
				600021AC81404861A17FC969 /* SF-Pro-Display-ThinItalic.otf in Resources */,
				832B47E149D74666A1BAC507 /* SF-Pro-Display-Ultralight.otf in Resources */,
				28B0C20FCDED44C5805CE0CA /* SF-Pro-Display-UltralightItalic.otf in Resources */,
				F252E35941274CEDBCA50908 /* SF-Pro-Rounded-Black.otf in Resources */,
				E4E6CC96714F4D808F830CD7 /* SF-Pro-Rounded-Bold.otf in Resources */,
				41198046B14C419D914DC074 /* SF-Pro-Rounded-Heavy.otf in Resources */,
				2FFA3890CA734D4DA602875B /* SF-Pro-Rounded-Light.otf in Resources */,
				67F696429B4A44C7A247371A /* SF-Pro-Rounded-Medium.otf in Resources */,
				97F32A2511E742B98C56054A /* SF-Pro-Rounded-Regular.otf in Resources */,
				06718D52A4C3426289CBE8A4 /* SF-Pro-Rounded-Semibold.otf in Resources */,
				F4322EBCD1E94BCCBA62A90E /* SF-Pro-Rounded-Thin.otf in Resources */,
				425DAE7E890749CCA6C9BBA7 /* SF-Pro-Rounded-Ultralight.otf in Resources */,
				E4AAF6EA42CB4223AA4521D5 /* SF-Pro-Text-Black.otf in Resources */,
				E565765C199D464582F8BCA3 /* SF-Pro-Text-BlackItalic.otf in Resources */,
				460FA1BF582E4DCA84C22182 /* SF-Pro-Text-Bold.otf in Resources */,
				1930E37930474AC297909D86 /* SF-Pro-Text-BoldItalic.otf in Resources */,
				8E7C49DBBB2E470E99C8F425 /* SF-Pro-Text-Heavy.otf in Resources */,
				0FB22113ABB144F3B8EFD7C6 /* SF-Pro-Text-HeavyItalic.otf in Resources */,
				4143EF7C71F64746A9C3DCD3 /* SF-Pro-Text-Light.otf in Resources */,
				7CB9C79CF0BE44EDAA3D530B /* SF-Pro-Text-LightItalic.otf in Resources */,
				87D1856B60034611AAE09B83 /* SF-Pro-Text-Medium.otf in Resources */,
				66AAB6A6F7324D738DB88800 /* SF-Pro-Text-MediumItalic.otf in Resources */,
				38B1C35BFC3B433CB9BA1664 /* SF-Pro-Text-Regular.otf in Resources */,
				320CFD86C163476585B6C053 /* SF-Pro-Text-RegularItalic.otf in Resources */,
				4CA4CA7936E1404BBB632F48 /* SF-Pro-Text-Semibold.otf in Resources */,
				8312918686C04800BA2D035D /* SF-Pro-Text-SemiboldItalic.otf in Resources */,
				AF0D237CFD7241BA920F9BD3 /* SF-Pro-Text-Thin.otf in Resources */,
				2B18DC11826D4583ADD9A333 /* SF-Pro-Text-ThinItalic.otf in Resources */,
				3092C303BFA448FD941022D3 /* SF-Pro-Text-Ultralight.otf in Resources */,
				65D9970E8CBA45FFA2C65149 /* SF-Pro-Text-UltralightItalic.otf in Resources */,
			);
			runOnlyForDeploymentPostprocessing = 0;
		};
		2D02E4791E0B4A5D006451C7 /* Resources */ = {
			isa = PBXResourcesBuildPhase;
			buildActionMask = 2147483647;
			files = (
				2D02E4BD1E0B4A84006451C7 /* Images.xcassets in Resources */,
			);
			runOnlyForDeploymentPostprocessing = 0;
		};
		2D02E48E1E0B4A5D006451C7 /* Resources */ = {
			isa = PBXResourcesBuildPhase;
			buildActionMask = 2147483647;
			files = (
			);
			runOnlyForDeploymentPostprocessing = 0;
		};
/* End PBXResourcesBuildPhase section */

/* Begin PBXShellScriptBuildPhase section */
		00DD1BFF1BD5951E006B06BC /* Bundle React Native code and images */ = {
			isa = PBXShellScriptBuildPhase;
			buildActionMask = 2147483647;
			files = (
			);
			inputPaths = (
			);
			name = "Bundle React Native code and images";
			outputPaths = (
			);
			runOnlyForDeploymentPostprocessing = 0;
			shellPath = /bin/sh;
			shellScript = "export NODE_BINARY=node\n../node_modules/react-native/scripts/react-native-xcode.sh";
		};
		22C6E50C85A2328DA0EDA108 /* [CP] Check Pods Manifest.lock */ = {
			isa = PBXShellScriptBuildPhase;
			buildActionMask = 2147483647;
			files = (
			);
			inputFileListPaths = (
			);
			inputPaths = (
				"${PODS_PODFILE_DIR_PATH}/Podfile.lock",
				"${PODS_ROOT}/Manifest.lock",
			);
			name = "[CP] Check Pods Manifest.lock";
			outputFileListPaths = (
			);
			outputPaths = (
				"$(DERIVED_FILE_DIR)/Pods-JAYUTests-checkManifestLockResult.txt",
			);
			runOnlyForDeploymentPostprocessing = 0;
			shellPath = /bin/sh;
			shellScript = "diff \"${PODS_PODFILE_DIR_PATH}/Podfile.lock\" \"${PODS_ROOT}/Manifest.lock\" > /dev/null\nif [ $? != 0 ] ; then\n    # print error to STDERR\n    echo \"error: The sandbox is not in sync with the Podfile.lock. Run 'pod install' or update your CocoaPods installation.\" >&2\n    exit 1\nfi\n# This output is used by Xcode 'outputs' to avoid re-running this script phase.\necho \"SUCCESS\" > \"${SCRIPT_OUTPUT_FILE_0}\"\n";
			showEnvVarsInLog = 0;
		};
		2D02E4CB1E0B4B27006451C7 /* Bundle React Native Code And Images */ = {
			isa = PBXShellScriptBuildPhase;
			buildActionMask = 2147483647;
			files = (
			);
			inputPaths = (
			);
			name = "Bundle React Native Code And Images";
			outputPaths = (
			);
			runOnlyForDeploymentPostprocessing = 0;
			shellPath = /bin/sh;
			shellScript = "export NODE_BINARY=node\n../node_modules/react-native/scripts/react-native-xcode.sh";
		};
		7D416AD7107C9CF53E927450 /* [CP] Check Pods Manifest.lock */ = {
			isa = PBXShellScriptBuildPhase;
			buildActionMask = 2147483647;
			files = (
			);
			inputFileListPaths = (
			);
			inputPaths = (
				"${PODS_PODFILE_DIR_PATH}/Podfile.lock",
				"${PODS_ROOT}/Manifest.lock",
			);
			name = "[CP] Check Pods Manifest.lock";
			outputFileListPaths = (
			);
			outputPaths = (
				"$(DERIVED_FILE_DIR)/Pods-JAYU-checkManifestLockResult.txt",
			);
			runOnlyForDeploymentPostprocessing = 0;
			shellPath = /bin/sh;
			shellScript = "diff \"${PODS_PODFILE_DIR_PATH}/Podfile.lock\" \"${PODS_ROOT}/Manifest.lock\" > /dev/null\nif [ $? != 0 ] ; then\n    # print error to STDERR\n    echo \"error: The sandbox is not in sync with the Podfile.lock. Run 'pod install' or update your CocoaPods installation.\" >&2\n    exit 1\nfi\n# This output is used by Xcode 'outputs' to avoid re-running this script phase.\necho \"SUCCESS\" > \"${SCRIPT_OUTPUT_FILE_0}\"\n";
			showEnvVarsInLog = 0;
		};
		A774E83B1B9CB771FFB124B5 /* [CP] Check Pods Manifest.lock */ = {
			isa = PBXShellScriptBuildPhase;
			buildActionMask = 2147483647;
			files = (
			);
			inputFileListPaths = (
			);
			inputPaths = (
				"${PODS_PODFILE_DIR_PATH}/Podfile.lock",
				"${PODS_ROOT}/Manifest.lock",
			);
			name = "[CP] Check Pods Manifest.lock";
			outputFileListPaths = (
			);
			outputPaths = (
				"$(DERIVED_FILE_DIR)/Pods-JAYU-tvOS-checkManifestLockResult.txt",
			);
			runOnlyForDeploymentPostprocessing = 0;
			shellPath = /bin/sh;
			shellScript = "diff \"${PODS_PODFILE_DIR_PATH}/Podfile.lock\" \"${PODS_ROOT}/Manifest.lock\" > /dev/null\nif [ $? != 0 ] ; then\n    # print error to STDERR\n    echo \"error: The sandbox is not in sync with the Podfile.lock. Run 'pod install' or update your CocoaPods installation.\" >&2\n    exit 1\nfi\n# This output is used by Xcode 'outputs' to avoid re-running this script phase.\necho \"SUCCESS\" > \"${SCRIPT_OUTPUT_FILE_0}\"\n";
			showEnvVarsInLog = 0;
		};
		D3499262954AFC1AEF065EA4 /* [CP] Check Pods Manifest.lock */ = {
			isa = PBXShellScriptBuildPhase;
			buildActionMask = 2147483647;
			files = (
			);
			inputFileListPaths = (
			);
			inputPaths = (
				"${PODS_PODFILE_DIR_PATH}/Podfile.lock",
				"${PODS_ROOT}/Manifest.lock",
			);
			name = "[CP] Check Pods Manifest.lock";
			outputFileListPaths = (
			);
			outputPaths = (
				"$(DERIVED_FILE_DIR)/Pods-JAYU-tvOSTests-checkManifestLockResult.txt",
			);
			runOnlyForDeploymentPostprocessing = 0;
			shellPath = /bin/sh;
			shellScript = "diff \"${PODS_PODFILE_DIR_PATH}/Podfile.lock\" \"${PODS_ROOT}/Manifest.lock\" > /dev/null\nif [ $? != 0 ] ; then\n    # print error to STDERR\n    echo \"error: The sandbox is not in sync with the Podfile.lock. Run 'pod install' or update your CocoaPods installation.\" >&2\n    exit 1\nfi\n# This output is used by Xcode 'outputs' to avoid re-running this script phase.\necho \"SUCCESS\" > \"${SCRIPT_OUTPUT_FILE_0}\"\n";
			showEnvVarsInLog = 0;
		};
		FD10A7F022414F080027D42C /* Start Packager */ = {
			isa = PBXShellScriptBuildPhase;
			buildActionMask = 2147483647;
			files = (
			);
			inputFileListPaths = (
			);
			inputPaths = (
			);
			name = "Start Packager";
			outputFileListPaths = (
			);
			outputPaths = (
			);
			runOnlyForDeploymentPostprocessing = 0;
			shellPath = /bin/sh;
			shellScript = "export RCT_METRO_PORT=\"${RCT_METRO_PORT:=8081}\"\necho \"export RCT_METRO_PORT=${RCT_METRO_PORT}\" > \"${SRCROOT}/../node_modules/react-native/scripts/.packager.env\"\nif [ -z \"${RCT_NO_LAUNCH_PACKAGER+xxx}\" ] ; then\n  if nc -w 5 -z localhost ${RCT_METRO_PORT} ; then\n    if ! curl -s \"http://localhost:${RCT_METRO_PORT}/status\" | grep -q \"packager-status:running\" ; then\n      echo \"Port ${RCT_METRO_PORT} already in use, packager is either not running or not running correctly\"\n      exit 2\n    fi\n  else\n    open \"$SRCROOT/../node_modules/react-native/scripts/launchPackager.command\" || echo \"Can't start packager automatically\"\n  fi\nfi\n";
			showEnvVarsInLog = 0;
		};
		FD10A7F122414F3F0027D42C /* Start Packager */ = {
			isa = PBXShellScriptBuildPhase;
			buildActionMask = 2147483647;
			files = (
			);
			inputFileListPaths = (
			);
			inputPaths = (
			);
			name = "Start Packager";
			outputFileListPaths = (
			);
			outputPaths = (
			);
			runOnlyForDeploymentPostprocessing = 0;
			shellPath = /bin/sh;
			shellScript = "export RCT_METRO_PORT=\"${RCT_METRO_PORT:=8081}\"\necho \"export RCT_METRO_PORT=${RCT_METRO_PORT}\" > \"${SRCROOT}/../node_modules/react-native/scripts/.packager.env\"\nif [ -z \"${RCT_NO_LAUNCH_PACKAGER+xxx}\" ] ; then\n  if nc -w 5 -z localhost ${RCT_METRO_PORT} ; then\n    if ! curl -s \"http://localhost:${RCT_METRO_PORT}/status\" | grep -q \"packager-status:running\" ; then\n      echo \"Port ${RCT_METRO_PORT} already in use, packager is either not running or not running correctly\"\n      exit 2\n    fi\n  else\n    open \"$SRCROOT/../node_modules/react-native/scripts/launchPackager.command\" || echo \"Can't start packager automatically\"\n  fi\nfi\n";
			showEnvVarsInLog = 0;
		};
/* End PBXShellScriptBuildPhase section */

/* Begin PBXSourcesBuildPhase section */
		00E356EA1AD99517003FC87E /* Sources */ = {
			isa = PBXSourcesBuildPhase;
			buildActionMask = 2147483647;
			files = (
				00E356F31AD99517003FC87E /* JAYUTests.m in Sources */,
			);
			runOnlyForDeploymentPostprocessing = 0;
		};
		13B07F871A680F5B00A75B9A /* Sources */ = {
			isa = PBXSourcesBuildPhase;
			buildActionMask = 2147483647;
			files = (
				13B07FBC1A68108700A75B9A /* AppDelegate.m in Sources */,
				13B07FC11A68108700A75B9A /* main.m in Sources */,
			);
			runOnlyForDeploymentPostprocessing = 0;
		};
		2D02E4771E0B4A5D006451C7 /* Sources */ = {
			isa = PBXSourcesBuildPhase;
			buildActionMask = 2147483647;
			files = (
				2D02E4BF1E0B4AB3006451C7 /* main.m in Sources */,
				2D02E4BC1E0B4A80006451C7 /* AppDelegate.m in Sources */,
			);
			runOnlyForDeploymentPostprocessing = 0;
		};
		2D02E48C1E0B4A5D006451C7 /* Sources */ = {
			isa = PBXSourcesBuildPhase;
			buildActionMask = 2147483647;
			files = (
				2DCD954D1E0B4F2C00145EB5 /* JAYUTests.m in Sources */,
			);
			runOnlyForDeploymentPostprocessing = 0;
		};
/* End PBXSourcesBuildPhase section */

/* Begin PBXTargetDependency section */
		00E356F51AD99517003FC87E /* PBXTargetDependency */ = {
			isa = PBXTargetDependency;
			target = 13B07F861A680F5B00A75B9A /* JAYU */;
			targetProxy = 00E356F41AD99517003FC87E /* PBXContainerItemProxy */;
		};
		2D02E4921E0B4A5D006451C7 /* PBXTargetDependency */ = {
			isa = PBXTargetDependency;
			target = 2D02E47A1E0B4A5D006451C7 /* JAYU-tvOS */;
			targetProxy = 2D02E4911E0B4A5D006451C7 /* PBXContainerItemProxy */;
		};
/* End PBXTargetDependency section */

/* Begin PBXVariantGroup section */
		13B07FB11A68108700A75B9A /* LaunchScreen.xib */ = {
			isa = PBXVariantGroup;
			children = (
				13B07FB21A68108700A75B9A /* Base */,
			);
			name = LaunchScreen.xib;
			path = JAYU;
			sourceTree = "<group>";
		};
/* End PBXVariantGroup section */

/* Begin XCBuildConfiguration section */
		00E356F61AD99517003FC87E /* Debug */ = {
			isa = XCBuildConfiguration;
			baseConfigurationReference = 05B855154DABDBE5DDA4296B /* Pods-JAYUTests.debug.xcconfig */;
			buildSettings = {
				BUNDLE_LOADER = "$(TEST_HOST)";
				GCC_PREPROCESSOR_DEFINITIONS = (
					"DEBUG=1",
					"$(inherited)",
				);
				INFOPLIST_FILE = JAYUTests/Info.plist;
				IPHONEOS_DEPLOYMENT_TARGET = 9.0;
				LD_RUNPATH_SEARCH_PATHS = "$(inherited) @executable_path/Frameworks @loader_path/Frameworks";
				OTHER_LDFLAGS = (
					"-ObjC",
					"-lc++",
					"$(inherited)",
				);
				PRODUCT_BUNDLE_IDENTIFIER = "org.reactjs.native.example.$(PRODUCT_NAME:rfc1034identifier)";
				PRODUCT_NAME = "$(TARGET_NAME)";
				TEST_HOST = "$(BUILT_PRODUCTS_DIR)/JAYU.app/JAYU";
			};
			name = Debug;
		};
		00E356F71AD99517003FC87E /* Release */ = {
			isa = XCBuildConfiguration;
			baseConfigurationReference = 86B00C4D8612609770600B98 /* Pods-JAYUTests.release.xcconfig */;
			buildSettings = {
				BUNDLE_LOADER = "$(TEST_HOST)";
				COPY_PHASE_STRIP = NO;
				INFOPLIST_FILE = JAYUTests/Info.plist;
				IPHONEOS_DEPLOYMENT_TARGET = 9.0;
				LD_RUNPATH_SEARCH_PATHS = "$(inherited) @executable_path/Frameworks @loader_path/Frameworks";
				OTHER_LDFLAGS = (
					"-ObjC",
					"-lc++",
					"$(inherited)",
				);
				PRODUCT_BUNDLE_IDENTIFIER = "org.reactjs.native.example.$(PRODUCT_NAME:rfc1034identifier)";
				PRODUCT_NAME = "$(TARGET_NAME)";
				TEST_HOST = "$(BUILT_PRODUCTS_DIR)/JAYU.app/JAYU";
			};
			name = Release;
		};
		13B07F941A680F5B00A75B9A /* Debug */ = {
			isa = XCBuildConfiguration;
			baseConfigurationReference = 37E62084B53BFBD279B09ED1 /* Pods-JAYU.debug.xcconfig */;
			buildSettings = {
				ASSETCATALOG_COMPILER_APPICON_NAME = AppIcon;
				CURRENT_PROJECT_VERSION = 1;
				DEAD_CODE_STRIPPING = NO;
				INFOPLIST_FILE = JAYU/Info.plist;
				LD_RUNPATH_SEARCH_PATHS = "$(inherited) @executable_path/Frameworks";
				OTHER_LDFLAGS = (
					"$(inherited)",
					"-ObjC",
					"-lc++",
				);
				PRODUCT_BUNDLE_IDENTIFIER = "org.reactjs.native.example.$(PRODUCT_NAME:rfc1034identifier)";
				PRODUCT_NAME = JAYU;
				VERSIONING_SYSTEM = "apple-generic";
			};
			name = Debug;
		};
		13B07F951A680F5B00A75B9A /* Release */ = {
			isa = XCBuildConfiguration;
			baseConfigurationReference = 5B21594C3150A3653B0D4EF6 /* Pods-JAYU.release.xcconfig */;
			buildSettings = {
				ASSETCATALOG_COMPILER_APPICON_NAME = AppIcon;
				CURRENT_PROJECT_VERSION = 1;
				INFOPLIST_FILE = JAYU/Info.plist;
				LD_RUNPATH_SEARCH_PATHS = "$(inherited) @executable_path/Frameworks";
				OTHER_LDFLAGS = (
					"$(inherited)",
					"-ObjC",
					"-lc++",
				);
				PRODUCT_BUNDLE_IDENTIFIER = "org.reactjs.native.example.$(PRODUCT_NAME:rfc1034identifier)";
				PRODUCT_NAME = JAYU;
				VERSIONING_SYSTEM = "apple-generic";
			};
			name = Release;
		};
		2D02E4971E0B4A5E006451C7 /* Debug */ = {
			isa = XCBuildConfiguration;
			baseConfigurationReference = 06503A50F5630D0B180A3422 /* Pods-JAYU-tvOS.debug.xcconfig */;
			buildSettings = {
				ASSETCATALOG_COMPILER_APPICON_NAME = "App Icon & Top Shelf Image";
				ASSETCATALOG_COMPILER_LAUNCHIMAGE_NAME = LaunchImage;
				CLANG_ANALYZER_NONNULL = YES;
				CLANG_WARN_DOCUMENTATION_COMMENTS = YES;
				CLANG_WARN_INFINITE_RECURSION = YES;
				CLANG_WARN_SUSPICIOUS_MOVE = YES;
				DEBUG_INFORMATION_FORMAT = dwarf;
				ENABLE_TESTABILITY = YES;
				GCC_NO_COMMON_BLOCKS = YES;
				INFOPLIST_FILE = "JAYU-tvOS/Info.plist";
				LD_RUNPATH_SEARCH_PATHS = "$(inherited) @executable_path/Frameworks";
				OTHER_LDFLAGS = (
					"$(inherited)",
					"-ObjC",
					"-lc++",
				);
				PRODUCT_BUNDLE_IDENTIFIER = "com.facebook.REACT.JAYU-tvOS";
				PRODUCT_NAME = "$(TARGET_NAME)";
				SDKROOT = appletvos;
				TARGETED_DEVICE_FAMILY = 3;
				TVOS_DEPLOYMENT_TARGET = 9.2;
			};
			name = Debug;
		};
		2D02E4981E0B4A5E006451C7 /* Release */ = {
			isa = XCBuildConfiguration;
			baseConfigurationReference = B8F9763232BAB183FB506E8B /* Pods-JAYU-tvOS.release.xcconfig */;
			buildSettings = {
				ASSETCATALOG_COMPILER_APPICON_NAME = "App Icon & Top Shelf Image";
				ASSETCATALOG_COMPILER_LAUNCHIMAGE_NAME = LaunchImage;
				CLANG_ANALYZER_NONNULL = YES;
				CLANG_WARN_DOCUMENTATION_COMMENTS = YES;
				CLANG_WARN_INFINITE_RECURSION = YES;
				CLANG_WARN_SUSPICIOUS_MOVE = YES;
				COPY_PHASE_STRIP = NO;
				DEBUG_INFORMATION_FORMAT = "dwarf-with-dsym";
				GCC_NO_COMMON_BLOCKS = YES;
				INFOPLIST_FILE = "JAYU-tvOS/Info.plist";
				LD_RUNPATH_SEARCH_PATHS = "$(inherited) @executable_path/Frameworks";
				OTHER_LDFLAGS = (
					"$(inherited)",
					"-ObjC",
					"-lc++",
				);
				PRODUCT_BUNDLE_IDENTIFIER = "com.facebook.REACT.JAYU-tvOS";
				PRODUCT_NAME = "$(TARGET_NAME)";
				SDKROOT = appletvos;
				TARGETED_DEVICE_FAMILY = 3;
				TVOS_DEPLOYMENT_TARGET = 9.2;
			};
			name = Release;
		};
		2D02E4991E0B4A5E006451C7 /* Debug */ = {
			isa = XCBuildConfiguration;
			baseConfigurationReference = 34B88233AD3989579E36628C /* Pods-JAYU-tvOSTests.debug.xcconfig */;
			buildSettings = {
				BUNDLE_LOADER = "$(TEST_HOST)";
				CLANG_ANALYZER_NONNULL = YES;
				CLANG_WARN_DOCUMENTATION_COMMENTS = YES;
				CLANG_WARN_INFINITE_RECURSION = YES;
				CLANG_WARN_SUSPICIOUS_MOVE = YES;
				DEBUG_INFORMATION_FORMAT = dwarf;
				ENABLE_TESTABILITY = YES;
				GCC_NO_COMMON_BLOCKS = YES;
				INFOPLIST_FILE = "JAYU-tvOSTests/Info.plist";
				LD_RUNPATH_SEARCH_PATHS = "$(inherited) @executable_path/Frameworks @loader_path/Frameworks";
				OTHER_LDFLAGS = (
					"$(inherited)",
					"-ObjC",
					"-lc++",
				);
				PRODUCT_BUNDLE_IDENTIFIER = "com.facebook.REACT.JAYU-tvOSTests";
				PRODUCT_NAME = "$(TARGET_NAME)";
				SDKROOT = appletvos;
				TEST_HOST = "$(BUILT_PRODUCTS_DIR)/JAYU-tvOS.app/JAYU-tvOS";
				TVOS_DEPLOYMENT_TARGET = 10.1;
			};
			name = Debug;
		};
		2D02E49A1E0B4A5E006451C7 /* Release */ = {
			isa = XCBuildConfiguration;
			baseConfigurationReference = 1FC93A7DA56EE76AC27A99F8 /* Pods-JAYU-tvOSTests.release.xcconfig */;
			buildSettings = {
				BUNDLE_LOADER = "$(TEST_HOST)";
				CLANG_ANALYZER_NONNULL = YES;
				CLANG_WARN_DOCUMENTATION_COMMENTS = YES;
				CLANG_WARN_INFINITE_RECURSION = YES;
				CLANG_WARN_SUSPICIOUS_MOVE = YES;
				COPY_PHASE_STRIP = NO;
				DEBUG_INFORMATION_FORMAT = "dwarf-with-dsym";
				GCC_NO_COMMON_BLOCKS = YES;
				INFOPLIST_FILE = "JAYU-tvOSTests/Info.plist";
				LD_RUNPATH_SEARCH_PATHS = "$(inherited) @executable_path/Frameworks @loader_path/Frameworks";
				OTHER_LDFLAGS = (
					"$(inherited)",
					"-ObjC",
					"-lc++",
				);
				PRODUCT_BUNDLE_IDENTIFIER = "com.facebook.REACT.JAYU-tvOSTests";
				PRODUCT_NAME = "$(TARGET_NAME)";
				SDKROOT = appletvos;
				TEST_HOST = "$(BUILT_PRODUCTS_DIR)/JAYU-tvOS.app/JAYU-tvOS";
				TVOS_DEPLOYMENT_TARGET = 10.1;
			};
			name = Release;
		};
		83CBBA201A601CBA00E9B192 /* Debug */ = {
			isa = XCBuildConfiguration;
			buildSettings = {
				ALWAYS_SEARCH_USER_PATHS = NO;
				CLANG_CXX_LANGUAGE_STANDARD = "gnu++0x";
				CLANG_CXX_LIBRARY = "libc++";
				CLANG_ENABLE_MODULES = YES;
				CLANG_ENABLE_OBJC_ARC = YES;
				CLANG_WARN_BLOCK_CAPTURE_AUTORELEASING = YES;
				CLANG_WARN_BOOL_CONVERSION = YES;
				CLANG_WARN_COMMA = YES;
				CLANG_WARN_CONSTANT_CONVERSION = YES;
				CLANG_WARN_DEPRECATED_OBJC_IMPLEMENTATIONS = YES;
				CLANG_WARN_DIRECT_OBJC_ISA_USAGE = YES_ERROR;
				CLANG_WARN_EMPTY_BODY = YES;
				CLANG_WARN_ENUM_CONVERSION = YES;
				CLANG_WARN_INFINITE_RECURSION = YES;
				CLANG_WARN_INT_CONVERSION = YES;
				CLANG_WARN_NON_LITERAL_NULL_CONVERSION = YES;
				CLANG_WARN_OBJC_IMPLICIT_RETAIN_SELF = YES;
				CLANG_WARN_OBJC_LITERAL_CONVERSION = YES;
				CLANG_WARN_OBJC_ROOT_CLASS = YES_ERROR;
				CLANG_WARN_RANGE_LOOP_ANALYSIS = YES;
				CLANG_WARN_STRICT_PROTOTYPES = YES;
				CLANG_WARN_SUSPICIOUS_MOVE = YES;
				CLANG_WARN_UNREACHABLE_CODE = YES;
				CLANG_WARN__DUPLICATE_METHOD_MATCH = YES;
				"CODE_SIGN_IDENTITY[sdk=iphoneos*]" = "iPhone Developer";
				COPY_PHASE_STRIP = NO;
				ENABLE_STRICT_OBJC_MSGSEND = YES;
				ENABLE_TESTABILITY = YES;
				GCC_C_LANGUAGE_STANDARD = gnu99;
				GCC_DYNAMIC_NO_PIC = NO;
				GCC_NO_COMMON_BLOCKS = YES;
				GCC_OPTIMIZATION_LEVEL = 0;
				GCC_PREPROCESSOR_DEFINITIONS = (
					"DEBUG=1",
					"$(inherited)",
				);
				GCC_SYMBOLS_PRIVATE_EXTERN = NO;
				GCC_WARN_64_TO_32_BIT_CONVERSION = YES;
				GCC_WARN_ABOUT_RETURN_TYPE = YES_ERROR;
				GCC_WARN_UNDECLARED_SELECTOR = YES;
				GCC_WARN_UNINITIALIZED_AUTOS = YES_AGGRESSIVE;
				GCC_WARN_UNUSED_FUNCTION = YES;
				GCC_WARN_UNUSED_VARIABLE = YES;
				IPHONEOS_DEPLOYMENT_TARGET = 9.0;
				MTL_ENABLE_DEBUG_INFO = YES;
				ONLY_ACTIVE_ARCH = YES;
				SDKROOT = iphoneos;
			};
			name = Debug;
		};
		83CBBA211A601CBA00E9B192 /* Release */ = {
			isa = XCBuildConfiguration;
			buildSettings = {
				ALWAYS_SEARCH_USER_PATHS = NO;
				CLANG_CXX_LANGUAGE_STANDARD = "gnu++0x";
				CLANG_CXX_LIBRARY = "libc++";
				CLANG_ENABLE_MODULES = YES;
				CLANG_ENABLE_OBJC_ARC = YES;
				CLANG_WARN_BLOCK_CAPTURE_AUTORELEASING = YES;
				CLANG_WARN_BOOL_CONVERSION = YES;
				CLANG_WARN_COMMA = YES;
				CLANG_WARN_CONSTANT_CONVERSION = YES;
				CLANG_WARN_DEPRECATED_OBJC_IMPLEMENTATIONS = YES;
				CLANG_WARN_DIRECT_OBJC_ISA_USAGE = YES_ERROR;
				CLANG_WARN_EMPTY_BODY = YES;
				CLANG_WARN_ENUM_CONVERSION = YES;
				CLANG_WARN_INFINITE_RECURSION = YES;
				CLANG_WARN_INT_CONVERSION = YES;
				CLANG_WARN_NON_LITERAL_NULL_CONVERSION = YES;
				CLANG_WARN_OBJC_IMPLICIT_RETAIN_SELF = YES;
				CLANG_WARN_OBJC_LITERAL_CONVERSION = YES;
				CLANG_WARN_OBJC_ROOT_CLASS = YES_ERROR;
				CLANG_WARN_RANGE_LOOP_ANALYSIS = YES;
				CLANG_WARN_STRICT_PROTOTYPES = YES;
				CLANG_WARN_SUSPICIOUS_MOVE = YES;
				CLANG_WARN_UNREACHABLE_CODE = YES;
				CLANG_WARN__DUPLICATE_METHOD_MATCH = YES;
				"CODE_SIGN_IDENTITY[sdk=iphoneos*]" = "iPhone Developer";
				COPY_PHASE_STRIP = YES;
				ENABLE_NS_ASSERTIONS = NO;
				ENABLE_STRICT_OBJC_MSGSEND = YES;
				GCC_C_LANGUAGE_STANDARD = gnu99;
				GCC_NO_COMMON_BLOCKS = YES;
				GCC_WARN_64_TO_32_BIT_CONVERSION = YES;
				GCC_WARN_ABOUT_RETURN_TYPE = YES_ERROR;
				GCC_WARN_UNDECLARED_SELECTOR = YES;
				GCC_WARN_UNINITIALIZED_AUTOS = YES_AGGRESSIVE;
				GCC_WARN_UNUSED_FUNCTION = YES;
				GCC_WARN_UNUSED_VARIABLE = YES;
				IPHONEOS_DEPLOYMENT_TARGET = 9.0;
				MTL_ENABLE_DEBUG_INFO = NO;
				SDKROOT = iphoneos;
				VALIDATE_PRODUCT = YES;
			};
			name = Release;
		};
/* End XCBuildConfiguration section */

/* Begin XCConfigurationList section */
		00E357021AD99517003FC87E /* Build configuration list for PBXNativeTarget "JAYUTests" */ = {
			isa = XCConfigurationList;
			buildConfigurations = (
				00E356F61AD99517003FC87E /* Debug */,
				00E356F71AD99517003FC87E /* Release */,
			);
			defaultConfigurationIsVisible = 0;
			defaultConfigurationName = Release;
		};
		13B07F931A680F5B00A75B9A /* Build configuration list for PBXNativeTarget "JAYU" */ = {
			isa = XCConfigurationList;
			buildConfigurations = (
				13B07F941A680F5B00A75B9A /* Debug */,
				13B07F951A680F5B00A75B9A /* Release */,
			);
			defaultConfigurationIsVisible = 0;
			defaultConfigurationName = Release;
		};
		2D02E4BA1E0B4A5E006451C7 /* Build configuration list for PBXNativeTarget "JAYU-tvOS" */ = {
			isa = XCConfigurationList;
			buildConfigurations = (
				2D02E4971E0B4A5E006451C7 /* Debug */,
				2D02E4981E0B4A5E006451C7 /* Release */,
			);
			defaultConfigurationIsVisible = 0;
			defaultConfigurationName = Release;
		};
		2D02E4BB1E0B4A5E006451C7 /* Build configuration list for PBXNativeTarget "JAYU-tvOSTests" */ = {
			isa = XCConfigurationList;
			buildConfigurations = (
				2D02E4991E0B4A5E006451C7 /* Debug */,
				2D02E49A1E0B4A5E006451C7 /* Release */,
			);
			defaultConfigurationIsVisible = 0;
			defaultConfigurationName = Release;
		};
		83CBB9FA1A601CBA00E9B192 /* Build configuration list for PBXProject "JAYU" */ = {
			isa = XCConfigurationList;
			buildConfigurations = (
				83CBBA201A601CBA00E9B192 /* Debug */,
				83CBBA211A601CBA00E9B192 /* Release */,
			);
			defaultConfigurationIsVisible = 0;
			defaultConfigurationName = Release;
		};
/* End XCConfigurationList section */
	};
	rootObject = 83CBB9F71A601CBA00E9B192 /* Project object */;
}
